// !$*UTF8*$!
{
	archiveVersion = 1;
	classes = {
	};
	objectVersion = 47;
	objects = {

/* Begin PBXBuildFile section */
		1606F1BB1A4703E60088368E /* iOS_AppDelegate.swift in Sources */ = {isa = PBXBuildFile; fileRef = 1606F1BA1A4703E60088368E /* iOS_AppDelegate.swift */; };
		1606F1BD1A471CDC0088368E /* RespositoriesViewController.swift in Sources */ = {isa = PBXBuildFile; fileRef = 1606F1BC1A471CDC0088368E /* RespositoriesViewController.swift */; };
		160823F51A44997F006F91AD /* UINavigationControllerExtensions.swift in Sources */ = {isa = PBXBuildFile; fileRef = 160823F31A44982F006F91AD /* UINavigationControllerExtensions.swift */; };
		160D312C1A9619CE006B74BC /* FilledView.swift in Sources */ = {isa = PBXBuildFile; fileRef = 160D312B1A9619CE006B74BC /* FilledView.swift */; };
		160FB1401AE3F78E00EB5C8E /* PreferencesWindow.swift in Sources */ = {isa = PBXBuildFile; fileRef = 160FB13F1AE3F78E00EB5C8E /* PreferencesWindow.swift */; };
		160FB1421AE3F7C700EB5C8E /* PreferencesWindow.xib in Resources */ = {isa = PBXBuildFile; fileRef = 160FB1411AE3F7C700EB5C8E /* PreferencesWindow.xib */; };
		16143E7B1AB435EC00BAC070 /* SectionController.swift in Sources */ = {isa = PBXBuildFile; fileRef = 16143E7A1AB435EC00BAC070 /* SectionController.swift */; };
		16143E831AB44E9F00BAC070 /* SectionRow.swift in Sources */ = {isa = PBXBuildFile; fileRef = 16143E821AB44E9F00BAC070 /* SectionRow.swift */; };
		1615045E1A464656001CF50C /* PRCell.swift in Sources */ = {isa = PBXBuildFile; fileRef = 1615045D1A464656001CF50C /* PRCell.swift */; };
		161504601A4651CB001CF50C /* MasterViewController.swift in Sources */ = {isa = PBXBuildFile; fileRef = 1615045F1A4651CB001CF50C /* MasterViewController.swift */; };
		16154E2F19C43E8E00E49139 /* Launch.storyboard in Resources */ = {isa = PBXBuildFile; fileRef = 16154E2E19C43E8E00E49139 /* Launch.storyboard */; };
		1618527D1AB2CB9000526D81 /* NotificationCenter.framework in Frameworks */ = {isa = PBXBuildFile; fileRef = 1618527C1AB2CB9000526D81 /* NotificationCenter.framework */; };
		161852821AB2CB9000526D81 /* TodayViewController.swift in Sources */ = {isa = PBXBuildFile; fileRef = 161852811AB2CB9000526D81 /* TodayViewController.swift */; };
		161852841AB2CB9000526D81 /* MainInterface.storyboard in Resources */ = {isa = PBXBuildFile; fileRef = 161852831AB2CB9000526D81 /* MainInterface.storyboard */; };
		161852871AB2CB9000526D81 /* PocketTrailer Today Extension.appex in Embed App Extensions */ = {isa = PBXBuildFile; fileRef = 1618527B1AB2CB9000526D81 /* PocketTrailer Today Extension.appex */; settings = {ATTRIBUTES = (RemoveHeadersOnCopy, ); }; };
		1618528C1AB2CC8200526D81 /* Media.xcassets in Resources */ = {isa = PBXBuildFile; fileRef = 1618528B1AB2CC8200526D81 /* Media.xcassets */; };
		1618528E1AB2CE3200526D81 /* Globals.swift in Sources */ = {isa = PBXBuildFile; fileRef = 164785A91A2CE7BD00297764 /* Globals.swift */; };
		161852911AB2CE3200526D81 /* Settings.swift in Sources */ = {isa = PBXBuildFile; fileRef = 16CBE1C41A2DFBA500485053 /* Settings.swift */; };
		161852921AB2CE3200526D81 /* DataManager.swift in Sources */ = {isa = PBXBuildFile; fileRef = 16CBE1C01A2DBB2700485053 /* DataManager.swift */; };
		161852931AB2CE3200526D81 /* ApiServer.swift in Sources */ = {isa = PBXBuildFile; fileRef = 16B3B3101A34E8E2000BE6CC /* ApiServer.swift */; };
		161852941AB2CE3200526D81 /* DataItem.swift in Sources */ = {isa = PBXBuildFile; fileRef = 16B3B3111A34E8E2000BE6CC /* DataItem.swift */; };
		161852951AB2CE3200526D81 /* PRComment.swift in Sources */ = {isa = PBXBuildFile; fileRef = 16B3B3121A34E8E2000BE6CC /* PRComment.swift */; };
		161852961AB2CE3200526D81 /* PRLabel.swift in Sources */ = {isa = PBXBuildFile; fileRef = 16B3B3131A34E8E2000BE6CC /* PRLabel.swift */; };
		161852971AB2CE3200526D81 /* PRStatus.swift in Sources */ = {isa = PBXBuildFile; fileRef = 16B3B3141A34E8E2000BE6CC /* PRStatus.swift */; };
		161852981AB2CE3200526D81 /* PullRequest.swift in Sources */ = {isa = PBXBuildFile; fileRef = 16B3B3151A34E8E2000BE6CC /* PullRequest.swift */; };
		161852991AB2CE3200526D81 /* Repo.swift in Sources */ = {isa = PBXBuildFile; fileRef = 16B3B3161A34E8E2000BE6CC /* Repo.swift */; };
		1618529A1AB2D36D00526D81 /* Trailer.xcdatamodeld in Sources */ = {isa = PBXBuildFile; fileRef = 16B3B33B1A34E990000BE6CC /* Trailer.xcdatamodeld */; };
		161B851C1AB8E12C00AD4C5D /* Team.swift in Sources */ = {isa = PBXBuildFile; fileRef = 161B851B1AB8E12C00AD4C5D /* Team.swift */; };
		161B851D1AB8E12C00AD4C5D /* Team.swift in Sources */ = {isa = PBXBuildFile; fileRef = 161B851B1AB8E12C00AD4C5D /* Team.swift */; };
		161B851F1AB8E12C00AD4C5D /* Team.swift in Sources */ = {isa = PBXBuildFile; fileRef = 161B851B1AB8E12C00AD4C5D /* Team.swift */; };
		161C959E1A3A36020019A577 /* MenuWindow.swift in Sources */ = {isa = PBXBuildFile; fileRef = 161C959D1A3A36020019A577 /* MenuWindow.swift */; };
		162002D01A2A3E2100FF95F3 /* Application.swift in Sources */ = {isa = PBXBuildFile; fileRef = 162002CF1A2A3E2100FF95F3 /* Application.swift */; };
		162002D61A2A49A300FF95F3 /* ViewAllowsVibrancy.swift in Sources */ = {isa = PBXBuildFile; fileRef = 162002D51A2A49A300FF95F3 /* ViewAllowsVibrancy.swift */; };
		162002DB1A2A545C00FF95F3 /* CenterTextFieldCell.swift in Sources */ = {isa = PBXBuildFile; fileRef = 162002DA1A2A545C00FF95F3 /* CenterTextFieldCell.swift */; };
		162002DD1A2A58B900FF95F3 /* CenterTextField.swift in Sources */ = {isa = PBXBuildFile; fileRef = 162002DC1A2A58B900FF95F3 /* CenterTextField.swift */; };
		162002DF1A2A5C9200FF95F3 /* LinkField.swift in Sources */ = {isa = PBXBuildFile; fileRef = 162002DE1A2A5C9200FF95F3 /* LinkField.swift */; };
		162002E71A2A75BD00FF95F3 /* AvatarView.swift in Sources */ = {isa = PBXBuildFile; fileRef = 162002E61A2A75BD00FF95F3 /* AvatarView.swift */; };
		162530511B7AAE49000E3F3B /* ExtensionDelegate.swift in Sources */ = {isa = PBXBuildFile; fileRef = 162530501B7AAE49000E3F3B /* ExtensionDelegate.swift */; };
		16259BCE1A449400009C5745 /* OpenInSafariActivity.swift in Sources */ = {isa = PBXBuildFile; fileRef = 16259BCD1A449400009C5745 /* OpenInSafariActivity.swift */; };
		1628A6CB18789E73005EDA69 /* Main.storyboard in Resources */ = {isa = PBXBuildFile; fileRef = 1628A6C918789E73005EDA69 /* Main.storyboard */; };
		1628A6D618789E73005EDA69 /* Images.xcassets in Resources */ = {isa = PBXBuildFile; fileRef = 1628A6D518789E73005EDA69 /* Images.xcassets */; };
		162A29D91A4085FD008F41A9 /* API.swift in Sources */ = {isa = PBXBuildFile; fileRef = 162A29D81A4085FD008F41A9 /* API.swift */; };
		162A29DA1A4085FD008F41A9 /* API.swift in Sources */ = {isa = PBXBuildFile; fileRef = 162A29D81A4085FD008F41A9 /* API.swift */; };
		1633C1901ABCEAA00086C692 /* IssuesDelegate.swift in Sources */ = {isa = PBXBuildFile; fileRef = 1633C18F1ABCEAA00086C692 /* IssuesDelegate.swift */; };
		1633C1921ABCEC4A0086C692 /* Issue.swift in Sources */ = {isa = PBXBuildFile; fileRef = 1633C1911ABCEC4A0086C692 /* Issue.swift */; };
		1633C1931ABCEC4A0086C692 /* Issue.swift in Sources */ = {isa = PBXBuildFile; fileRef = 1633C1911ABCEC4A0086C692 /* Issue.swift */; };
		1633C1951ABCEC4A0086C692 /* Issue.swift in Sources */ = {isa = PBXBuildFile; fileRef = 1633C1911ABCEC4A0086C692 /* Issue.swift */; };
		1633C19D1ABD84180086C692 /* IssueCell.swift in Sources */ = {isa = PBXBuildFile; fileRef = 1633C19C1ABD84180086C692 /* IssueCell.swift */; };
		1633C1A21ABD84370086C692 /* PullRequestCell.swift in Sources */ = {isa = PBXBuildFile; fileRef = 1633C1A11ABD84370086C692 /* PullRequestCell.swift */; };
		164785AA1A2CE7BD00297764 /* Globals.swift in Sources */ = {isa = PBXBuildFile; fileRef = 164785A91A2CE7BD00297764 /* Globals.swift */; };
		164785AB1A2CE7BD00297764 /* Globals.swift in Sources */ = {isa = PBXBuildFile; fileRef = 164785A91A2CE7BD00297764 /* Globals.swift */; };
		164840BF1ACFEA45009E6383 /* AboutWindow.xib in Resources */ = {isa = PBXBuildFile; fileRef = 164840BE1ACFEA45009E6383 /* AboutWindow.xib */; };
		164840C11ACFEA5A009E6383 /* AboutWindow.swift in Sources */ = {isa = PBXBuildFile; fileRef = 164840C01ACFEA5A009E6383 /* AboutWindow.swift */; };
		164840C31ACFEFA9009E6383 /* MenuWindow.xib in Resources */ = {isa = PBXBuildFile; fileRef = 164840C21ACFEFA9009E6383 /* MenuWindow.xib */; };
		164840C51AD04C3C009E6383 /* QuickStartViewController.swift in Sources */ = {isa = PBXBuildFile; fileRef = 164840C41AD04C3C009E6383 /* QuickStartViewController.swift */; };
		164840FC1AD196D6009E6383 /* SettingsManager.swift in Sources */ = {isa = PBXBuildFile; fileRef = 164840FB1AD196D6009E6383 /* SettingsManager.swift */; };
		164840FE1AD19837009E6383 /* PopupManager.swift in Sources */ = {isa = PBXBuildFile; fileRef = 164840FD1AD19837009E6383 /* PopupManager.swift */; };
		164841001AD198A6009E6383 /* WatchManager.swift in Sources */ = {isa = PBXBuildFile; fileRef = 164840FF1AD198A6009E6383 /* WatchManager.swift */; };
		164841021AD19933009E6383 /* NotificationManager.swift in Sources */ = {isa = PBXBuildFile; fileRef = 164841011AD19933009E6383 /* NotificationManager.swift */; };
		16519EB41ACF0E91002171D0 /* Trailer.icns in Resources */ = {isa = PBXBuildFile; fileRef = 16519EB31ACF0E91002171D0 /* Trailer.icns */; };
		16522D771AB03AE500B1C3FB /* GlanceController.swift in Sources */ = {isa = PBXBuildFile; fileRef = 16522D761AB03AE500B1C3FB /* GlanceController.swift */; };
		16522D791AB03AE500B1C3FB /* Images.xcassets in Resources */ = {isa = PBXBuildFile; fileRef = 16522D781AB03AE500B1C3FB /* Images.xcassets */; };
		16522D851AB03AE500B1C3FB /* Interface.storyboard in Resources */ = {isa = PBXBuildFile; fileRef = 16522D831AB03AE500B1C3FB /* Interface.storyboard */; };
		16522D871AB03AE500B1C3FB /* Images.xcassets in Resources */ = {isa = PBXBuildFile; fileRef = 16522D861AB03AE500B1C3FB /* Images.xcassets */; };
		165C49101BA63B45006BBCF5 /* AdvancedSettingsCell.swift in Sources */ = {isa = PBXBuildFile; fileRef = 165C490F1BA63B45006BBCF5 /* AdvancedSettingsCell.swift */; settings = {ASSET_TAGS = (); }; };
		1664CBCA1B7796840006BDE7 /* Enums.swift in Sources */ = {isa = PBXBuildFile; fileRef = 1664CBC91B7796840006BDE7 /* Enums.swift */; };
		1664CBCB1B7796840006BDE7 /* Enums.swift in Sources */ = {isa = PBXBuildFile; fileRef = 1664CBC91B7796840006BDE7 /* Enums.swift */; };
		1664CBCC1B7796840006BDE7 /* Enums.swift in Sources */ = {isa = PBXBuildFile; fileRef = 1664CBC91B7796840006BDE7 /* Enums.swift */; };
		1664CBCD1B7796840006BDE7 /* Enums.swift in Sources */ = {isa = PBXBuildFile; fileRef = 1664CBC91B7796840006BDE7 /* Enums.swift */; };
		166A84BE1A457CA700A3B292 /* ServersViewController.swift in Sources */ = {isa = PBXBuildFile; fileRef = 166A84BD1A457CA700A3B292 /* ServersViewController.swift */; };
		166A84C01A4582C100A3B292 /* ServerDetailViewController.swift in Sources */ = {isa = PBXBuildFile; fileRef = 166A84BF1A4582C100A3B292 /* ServerDetailViewController.swift */; };
		166A84C21A45A37700A3B292 /* AdvancedSettingsViewController.swift in Sources */ = {isa = PBXBuildFile; fileRef = 166A84C11A45A37700A3B292 /* AdvancedSettingsViewController.swift */; };
		166A84C41A45CEE000A3B292 /* PickerViewController.swift in Sources */ = {isa = PBXBuildFile; fileRef = 166A84C31A45CEE000A3B292 /* PickerViewController.swift */; };
		1671A11F1AC73CCB0047440A /* SetupAssistant.swift in Sources */ = {isa = PBXBuildFile; fileRef = 1671A11E1AC73CCB0047440A /* SetupAssistant.swift */; };
		1671A1231AC74BC30047440A /* SetupAssistant.xib in Resources */ = {isa = PBXBuildFile; fileRef = 1671A1221AC74BC30047440A /* SetupAssistant.xib */; };
		16813CBF1BA16D660020F8EB /* CommonController.swift in Sources */ = {isa = PBXBuildFile; fileRef = 16813CBE1BA16D660020F8EB /* CommonController.swift */; settings = {ASSET_TAGS = (); }; };
		168BC6C417EC2DF000BC4584 /* MainMenu.xib in Resources */ = {isa = PBXBuildFile; fileRef = 168BC6C217EC2DF000BC4584 /* MainMenu.xib */; };
		168BC6C917EC2DF000BC4584 /* Images.xcassets in Resources */ = {isa = PBXBuildFile; fileRef = 168BC6C817EC2DF000BC4584 /* Images.xcassets */; };
		168FD00E1A2A7AD1005929CB /* MessageView.swift in Sources */ = {isa = PBXBuildFile; fileRef = 168FD00D1A2A7AD1005929CB /* MessageView.swift */; };
		169FB2361A3DBD7D00E00771 /* SectionHeader.swift in Sources */ = {isa = PBXBuildFile; fileRef = 169FB2351A3DBD7D00E00771 /* SectionHeader.swift */; };
		16A0B0371A48AC7900B3452D /* OSX_AppDelegate.swift in Sources */ = {isa = PBXBuildFile; fileRef = 16A0B0361A48AC7900B3452D /* OSX_AppDelegate.swift */; };
		16A0B03C1A49AEC200B3452D /* StartupLaunch.swift in Sources */ = {isa = PBXBuildFile; fileRef = 16A0B03B1A49AEC200B3452D /* StartupLaunch.swift */; };
		16A505E01A3888D6005DD3B7 /* Sparkle.framework in Frameworks */ = {isa = PBXBuildFile; fileRef = 16A505DF1A3888D6005DD3B7 /* Sparkle.framework */; };
		16A505E21A3889B9005DD3B7 /* Sparkle.framework in Embed Frameworks */ = {isa = PBXBuildFile; fileRef = 16A505DF1A3888D6005DD3B7 /* Sparkle.framework */; settings = {ATTRIBUTES = (CodeSignOnCopy, RemoveHeadersOnCopy, ); }; };
		16A505E41A39B2DD005DD3B7 /* PullRequestDelegate.swift in Sources */ = {isa = PBXBuildFile; fileRef = 16A505E31A39B2DD005DD3B7 /* PullRequestDelegate.swift */; };
		16A69EDA1AC83020008231F9 /* ListableItem.swift in Sources */ = {isa = PBXBuildFile; fileRef = 16A69ED91AC83020008231F9 /* ListableItem.swift */; };
		16A69EDB1AC83020008231F9 /* ListableItem.swift in Sources */ = {isa = PBXBuildFile; fileRef = 16A69ED91AC83020008231F9 /* ListableItem.swift */; };
		16A69EDD1AC83020008231F9 /* ListableItem.swift in Sources */ = {isa = PBXBuildFile; fileRef = 16A69ED91AC83020008231F9 /* ListableItem.swift */; };
		16B3B3171A34E8E2000BE6CC /* ApiServer.swift in Sources */ = {isa = PBXBuildFile; fileRef = 16B3B3101A34E8E2000BE6CC /* ApiServer.swift */; };
		16B3B3181A34E8E2000BE6CC /* ApiServer.swift in Sources */ = {isa = PBXBuildFile; fileRef = 16B3B3101A34E8E2000BE6CC /* ApiServer.swift */; };
		16B3B3191A34E8E2000BE6CC /* DataItem.swift in Sources */ = {isa = PBXBuildFile; fileRef = 16B3B3111A34E8E2000BE6CC /* DataItem.swift */; };
		16B3B31A1A34E8E2000BE6CC /* DataItem.swift in Sources */ = {isa = PBXBuildFile; fileRef = 16B3B3111A34E8E2000BE6CC /* DataItem.swift */; };
		16B3B31B1A34E8E2000BE6CC /* PRComment.swift in Sources */ = {isa = PBXBuildFile; fileRef = 16B3B3121A34E8E2000BE6CC /* PRComment.swift */; };
		16B3B31C1A34E8E2000BE6CC /* PRComment.swift in Sources */ = {isa = PBXBuildFile; fileRef = 16B3B3121A34E8E2000BE6CC /* PRComment.swift */; };
		16B3B31D1A34E8E2000BE6CC /* PRLabel.swift in Sources */ = {isa = PBXBuildFile; fileRef = 16B3B3131A34E8E2000BE6CC /* PRLabel.swift */; };
		16B3B31E1A34E8E2000BE6CC /* PRLabel.swift in Sources */ = {isa = PBXBuildFile; fileRef = 16B3B3131A34E8E2000BE6CC /* PRLabel.swift */; };
		16B3B31F1A34E8E2000BE6CC /* PRStatus.swift in Sources */ = {isa = PBXBuildFile; fileRef = 16B3B3141A34E8E2000BE6CC /* PRStatus.swift */; };
		16B3B3201A34E8E2000BE6CC /* PRStatus.swift in Sources */ = {isa = PBXBuildFile; fileRef = 16B3B3141A34E8E2000BE6CC /* PRStatus.swift */; };
		16B3B3211A34E8E2000BE6CC /* PullRequest.swift in Sources */ = {isa = PBXBuildFile; fileRef = 16B3B3151A34E8E2000BE6CC /* PullRequest.swift */; };
		16B3B3221A34E8E2000BE6CC /* PullRequest.swift in Sources */ = {isa = PBXBuildFile; fileRef = 16B3B3151A34E8E2000BE6CC /* PullRequest.swift */; };
		16B3B3231A34E8E2000BE6CC /* Repo.swift in Sources */ = {isa = PBXBuildFile; fileRef = 16B3B3161A34E8E2000BE6CC /* Repo.swift */; };
		16B3B3241A34E8E2000BE6CC /* Repo.swift in Sources */ = {isa = PBXBuildFile; fileRef = 16B3B3161A34E8E2000BE6CC /* Repo.swift */; };
		16B3B34F1A34E990000BE6CC /* Trailer.xcdatamodeld in Sources */ = {isa = PBXBuildFile; fileRef = 16B3B33B1A34E990000BE6CC /* Trailer.xcdatamodeld */; };
		16B3B3501A34E990000BE6CC /* Trailer.xcdatamodeld in Sources */ = {isa = PBXBuildFile; fileRef = 16B3B33B1A34E990000BE6CC /* Trailer.xcdatamodeld */; };
		16B3B3571A34E9F7000BE6CC /* Reachability.m in Sources */ = {isa = PBXBuildFile; fileRef = 16B3B3541A34E9F7000BE6CC /* Reachability.m */; };
		16B3B3581A34E9F7000BE6CC /* Reachability.m in Sources */ = {isa = PBXBuildFile; fileRef = 16B3B3541A34E9F7000BE6CC /* Reachability.m */; };
		16B3B35A1A34EAEE000BE6CC /* main.swift in Sources */ = {isa = PBXBuildFile; fileRef = 16B3B3591A34EAEE000BE6CC /* main.swift */; };
		16B3B35B1A34EAEE000BE6CC /* main.swift in Sources */ = {isa = PBXBuildFile; fileRef = 16B3B3591A34EAEE000BE6CC /* main.swift */; };
		16B6B7C11BA3B94C006A509F /* ComplicationDataSource.swift in Sources */ = {isa = PBXBuildFile; fileRef = 16B6B7C01BA3B94C006A509F /* ComplicationDataSource.swift */; settings = {ASSET_TAGS = (); }; };
		16B74E481A3B4AC800410EF6 /* PrTable.swift in Sources */ = {isa = PBXBuildFile; fileRef = 16B74E471A3B4AC800410EF6 /* PrTable.swift */; };
		16B94072182D136700F32061 /* dsa_pub.pem in Resources */ = {isa = PBXBuildFile; fileRef = 16B94070182D136700F32061 /* dsa_pub.pem */; };
		16C90F021B13BC180095E8D5 /* RepoSettingsViewController.swift in Sources */ = {isa = PBXBuildFile; fileRef = 16C90F011B13BC180095E8D5 /* RepoSettingsViewController.swift */; };
		16C9A2761A44D12600EE54EC /* AboutTrailerViewController.swift in Sources */ = {isa = PBXBuildFile; fileRef = 16C9A2751A44D12600EE54EC /* AboutTrailerViewController.swift */; };
		16C9A27A1A44DD0200EE54EC /* CommentBlacklistViewController.swift in Sources */ = {isa = PBXBuildFile; fileRef = 16C9A2791A44DD0200EE54EC /* CommentBlacklistViewController.swift */; };
		16C9A27C1A44EBCF00EE54EC /* DetailViewController.swift in Sources */ = {isa = PBXBuildFile; fileRef = 16C9A27B1A44EBCF00EE54EC /* DetailViewController.swift */; };
		16CBE1C11A2DBB2700485053 /* DataManager.swift in Sources */ = {isa = PBXBuildFile; fileRef = 16CBE1C01A2DBB2700485053 /* DataManager.swift */; };
		16CBE1C21A2DBB2700485053 /* DataManager.swift in Sources */ = {isa = PBXBuildFile; fileRef = 16CBE1C01A2DBB2700485053 /* DataManager.swift */; };
		16CBE1C51A2DFBA500485053 /* Settings.swift in Sources */ = {isa = PBXBuildFile; fileRef = 16CBE1C41A2DFBA500485053 /* Settings.swift */; };
		16CBE1C61A2DFBA500485053 /* Settings.swift in Sources */ = {isa = PBXBuildFile; fileRef = 16CBE1C41A2DFBA500485053 /* Settings.swift */; };
		16CBE1CA1A2E13A400485053 /* StatusItemView.swift in Sources */ = {isa = PBXBuildFile; fileRef = 16CBE1C91A2E13A400485053 /* StatusItemView.swift */; };
		16CE47851B7755E00086F4DC /* PocketTrailer WatchKit Extension.appex in Embed App Extensions */ = {isa = PBXBuildFile; fileRef = 16522D701AB03AE500B1C3FB /* PocketTrailer WatchKit Extension.appex */; settings = {ATTRIBUTES = (RemoveHeadersOnCopy, ); }; };
		16CE47881B7755E00086F4DC /* PocketTrailer WatchKit App.app in Embed Watch Content */ = {isa = PBXBuildFile; fileRef = 16522D7C1AB03AE500B1C3FB /* PocketTrailer WatchKit App.app */; };
		16DC40FC1A3F591200BB361A /* TrailerCell.swift in Sources */ = {isa = PBXBuildFile; fileRef = 16DC40FB1A3F591200BB361A /* TrailerCell.swift */; };
		16DD6AAF1AE457C300145425 /* trailerDoc22.png in Resources */ = {isa = PBXBuildFile; fileRef = 16DD6AAB1AE457C300145425 /* trailerDoc22.png */; };
		16DD6AB01AE457C300145425 /* trailerDoc44.png in Resources */ = {isa = PBXBuildFile; fileRef = 16DD6AAC1AE457C300145425 /* trailerDoc44.png */; };
		16DD6AB11AE457C300145425 /* trailerDoc64.png in Resources */ = {isa = PBXBuildFile; fileRef = 16DD6AAD1AE457C300145425 /* trailerDoc64.png */; };
		16DD6AB21AE457C300145425 /* trailerDoc320.png in Resources */ = {isa = PBXBuildFile; fileRef = 16DD6AAE1AE457C300145425 /* trailerDoc320.png */; };
		16E93D121AB467DA00CA967E /* PRListController.swift in Sources */ = {isa = PBXBuildFile; fileRef = 16E93D111AB467DA00CA967E /* PRListController.swift */; };
		16E93D141AB4680F00CA967E /* PRDetailController.swift in Sources */ = {isa = PBXBuildFile; fileRef = 16E93D131AB4680F00CA967E /* PRDetailController.swift */; };
		16E93D171AB46CE600CA967E /* LabelRow.swift in Sources */ = {isa = PBXBuildFile; fileRef = 16E93D161AB46CE600CA967E /* LabelRow.swift */; };
		16E93D191AB46CEE00CA967E /* PRRow.swift in Sources */ = {isa = PBXBuildFile; fileRef = 16E93D181AB46CEE00CA967E /* PRRow.swift */; };
		16EA4A351AC0CAA3001AC9D0 /* TitleRow.swift in Sources */ = {isa = PBXBuildFile; fileRef = 16EA4A341AC0CAA3001AC9D0 /* TitleRow.swift */; };
		16EDAB1A1AB4C2D4009B38DD /* CommentRow.swift in Sources */ = {isa = PBXBuildFile; fileRef = 16EDAB191AB4C2D4009B38DD /* CommentRow.swift */; };
		16EDAB1C1AB4CB6F009B38DD /* StatusRow.swift in Sources */ = {isa = PBXBuildFile; fileRef = 16EDAB1B1AB4CB6F009B38DD /* StatusRow.swift */; };
		16EE6AD01A9A711C000A8483 /* CountLabel.swift in Sources */ = {isa = PBXBuildFile; fileRef = 16EE6ACF1A9A711C000A8483 /* CountLabel.swift */; };
		16EE871B1A446BFE00A1D16F /* EmptyView.swift in Sources */ = {isa = PBXBuildFile; fileRef = 16EE871A1A446BFE00A1D16F /* EmptyView.swift */; };
		16F413701BA5850A006B0195 /* RepoCell.swift in Sources */ = {isa = PBXBuildFile; fileRef = 16F4136F1BA5850A006B0195 /* RepoCell.swift */; settings = {ASSET_TAGS = (); }; };
/* End PBXBuildFile section */

/* Begin PBXContainerItemProxy section */
		16CE47831B7755E00086F4DC /* PBXContainerItemProxy */ = {
			isa = PBXContainerItemProxy;
			containerPortal = 168BC6A217EC2DF000BC4584 /* Project object */;
			proxyType = 1;
			remoteGlobalIDString = 16522D6F1AB03AE500B1C3FB;
			remoteInfo = "PocketTrailer WatchKit Extension";
		};
		16D780441B77E00500A4D0BE /* PBXContainerItemProxy */ = {
			isa = PBXContainerItemProxy;
			containerPortal = 168BC6A217EC2DF000BC4584 /* Project object */;
			proxyType = 1;
			remoteGlobalIDString = 1618527A1AB2CB9000526D81;
			remoteInfo = "PocketTrailer Today Extension";
		};
		16D780461B77E00D00A4D0BE /* PBXContainerItemProxy */ = {
			isa = PBXContainerItemProxy;
			containerPortal = 168BC6A217EC2DF000BC4584 /* Project object */;
			proxyType = 1;
			remoteGlobalIDString = 16522D7B1AB03AE500B1C3FB;
			remoteInfo = "PocketTrailer WatchKit App";
		};
/* End PBXContainerItemProxy section */

/* Begin PBXCopyFilesBuildPhase section */
		16522D911AB03AE500B1C3FB /* Embed App Extensions */ = {
			isa = PBXCopyFilesBuildPhase;
			buildActionMask = 2147483647;
			dstPath = "";
			dstSubfolderSpec = 13;
			files = (
				161852871AB2CB9000526D81 /* PocketTrailer Today Extension.appex in Embed App Extensions */,
			);
			name = "Embed App Extensions";
			runOnlyForDeploymentPostprocessing = 0;
		};
		16A505D71A387C99005DD3B7 /* Embed Frameworks */ = {
			isa = PBXCopyFilesBuildPhase;
			buildActionMask = 2147483647;
			dstPath = "";
			dstSubfolderSpec = 10;
			files = (
				16A505E21A3889B9005DD3B7 /* Sparkle.framework in Embed Frameworks */,
			);
			name = "Embed Frameworks";
			runOnlyForDeploymentPostprocessing = 0;
		};
		16CE47891B7755E00086F4DC /* Embed App Extensions */ = {
			isa = PBXCopyFilesBuildPhase;
			buildActionMask = 2147483647;
			dstPath = "";
			dstSubfolderSpec = 13;
			files = (
				16CE47851B7755E00086F4DC /* PocketTrailer WatchKit Extension.appex in Embed App Extensions */,
			);
			name = "Embed App Extensions";
			runOnlyForDeploymentPostprocessing = 0;
		};
		16CE478A1B7755E00086F4DC /* Embed Watch Content */ = {
			isa = PBXCopyFilesBuildPhase;
			buildActionMask = 2147483647;
			dstPath = "$(CONTENTS_FOLDER_PATH)/Watch";
			dstSubfolderSpec = 16;
			files = (
				16CE47881B7755E00086F4DC /* PocketTrailer WatchKit App.app in Embed Watch Content */,
			);
			name = "Embed Watch Content";
			runOnlyForDeploymentPostprocessing = 0;
		};
/* End PBXCopyFilesBuildPhase section */

/* Begin PBXFileReference section */
		1606F1BA1A4703E60088368E /* iOS_AppDelegate.swift */ = {isa = PBXFileReference; fileEncoding = 4; lastKnownFileType = sourcecode.swift; path = iOS_AppDelegate.swift; sourceTree = "<group>"; };
		1606F1BC1A471CDC0088368E /* RespositoriesViewController.swift */ = {isa = PBXFileReference; fileEncoding = 4; lastKnownFileType = sourcecode.swift; lineEnding = 0; path = RespositoriesViewController.swift; sourceTree = "<group>"; xcLanguageSpecificationIdentifier = xcode.lang.swift; };
		160823F31A44982F006F91AD /* UINavigationControllerExtensions.swift */ = {isa = PBXFileReference; fileEncoding = 4; lastKnownFileType = sourcecode.swift; path = UINavigationControllerExtensions.swift; sourceTree = "<group>"; };
		160D312B1A9619CE006B74BC /* FilledView.swift */ = {isa = PBXFileReference; fileEncoding = 4; lastKnownFileType = sourcecode.swift; path = FilledView.swift; sourceTree = "<group>"; };
		160FB13F1AE3F78E00EB5C8E /* PreferencesWindow.swift */ = {isa = PBXFileReference; fileEncoding = 4; lastKnownFileType = sourcecode.swift; path = PreferencesWindow.swift; sourceTree = "<group>"; };
		160FB1411AE3F7C700EB5C8E /* PreferencesWindow.xib */ = {isa = PBXFileReference; fileEncoding = 4; lastKnownFileType = file.xib; path = PreferencesWindow.xib; sourceTree = "<group>"; };
		16143E7A1AB435EC00BAC070 /* SectionController.swift */ = {isa = PBXFileReference; fileEncoding = 4; lastKnownFileType = sourcecode.swift; path = SectionController.swift; sourceTree = "<group>"; };
		16143E821AB44E9F00BAC070 /* SectionRow.swift */ = {isa = PBXFileReference; fileEncoding = 4; lastKnownFileType = sourcecode.swift; path = SectionRow.swift; sourceTree = "<group>"; };
		1615045D1A464656001CF50C /* PRCell.swift */ = {isa = PBXFileReference; fileEncoding = 4; lastKnownFileType = sourcecode.swift; path = PRCell.swift; sourceTree = "<group>"; };
		1615045F1A4651CB001CF50C /* MasterViewController.swift */ = {isa = PBXFileReference; fileEncoding = 4; lastKnownFileType = sourcecode.swift; path = MasterViewController.swift; sourceTree = "<group>"; };
		16154E2E19C43E8E00E49139 /* Launch.storyboard */ = {isa = PBXFileReference; fileEncoding = 4; lastKnownFileType = file.storyboard; path = Launch.storyboard; sourceTree = "<group>"; };
		161852761AB25DFB00526D81 /* Trailer.entitlements */ = {isa = PBXFileReference; lastKnownFileType = text.xml; path = Trailer.entitlements; sourceTree = "<group>"; };
		1618527B1AB2CB9000526D81 /* PocketTrailer Today Extension.appex */ = {isa = PBXFileReference; explicitFileType = "wrapper.app-extension"; includeInIndex = 0; path = "PocketTrailer Today Extension.appex"; sourceTree = BUILT_PRODUCTS_DIR; };
		1618527C1AB2CB9000526D81 /* NotificationCenter.framework */ = {isa = PBXFileReference; lastKnownFileType = wrapper.framework; name = NotificationCenter.framework; path = System/Library/Frameworks/NotificationCenter.framework; sourceTree = SDKROOT; };
		161852801AB2CB9000526D81 /* Info.plist */ = {isa = PBXFileReference; lastKnownFileType = text.plist.xml; path = Info.plist; sourceTree = "<group>"; };
		161852811AB2CB9000526D81 /* TodayViewController.swift */ = {isa = PBXFileReference; lastKnownFileType = sourcecode.swift; path = TodayViewController.swift; sourceTree = "<group>"; };
		161852831AB2CB9000526D81 /* MainInterface.storyboard */ = {isa = PBXFileReference; lastKnownFileType = file.storyboard; path = MainInterface.storyboard; sourceTree = "<group>"; };
		1618528B1AB2CC8200526D81 /* Media.xcassets */ = {isa = PBXFileReference; lastKnownFileType = folder.assetcatalog; path = Media.xcassets; sourceTree = "<group>"; };
		1618529B1AB2D43C00526D81 /* PocketTrailer Today Extension.entitlements */ = {isa = PBXFileReference; lastKnownFileType = text.xml; path = "PocketTrailer Today Extension.entitlements"; sourceTree = "<group>"; };
		161B851B1AB8E12C00AD4C5D /* Team.swift */ = {isa = PBXFileReference; fileEncoding = 4; lastKnownFileType = sourcecode.swift; name = Team.swift; path = ../Shared/Team.swift; sourceTree = "<group>"; };
		161C959D1A3A36020019A577 /* MenuWindow.swift */ = {isa = PBXFileReference; fileEncoding = 4; lastKnownFileType = sourcecode.swift; path = MenuWindow.swift; sourceTree = "<group>"; };
		162002CF1A2A3E2100FF95F3 /* Application.swift */ = {isa = PBXFileReference; fileEncoding = 4; lastKnownFileType = sourcecode.swift; path = Application.swift; sourceTree = "<group>"; };
		162002D51A2A49A300FF95F3 /* ViewAllowsVibrancy.swift */ = {isa = PBXFileReference; fileEncoding = 4; lastKnownFileType = sourcecode.swift; path = ViewAllowsVibrancy.swift; sourceTree = "<group>"; };
		162002DA1A2A545C00FF95F3 /* CenterTextFieldCell.swift */ = {isa = PBXFileReference; fileEncoding = 4; lastKnownFileType = sourcecode.swift; path = CenterTextFieldCell.swift; sourceTree = "<group>"; };
		162002DC1A2A58B900FF95F3 /* CenterTextField.swift */ = {isa = PBXFileReference; fileEncoding = 4; lastKnownFileType = sourcecode.swift; path = CenterTextField.swift; sourceTree = "<group>"; };
		162002DE1A2A5C9200FF95F3 /* LinkField.swift */ = {isa = PBXFileReference; fileEncoding = 4; lastKnownFileType = sourcecode.swift; path = LinkField.swift; sourceTree = "<group>"; };
		162002E61A2A75BD00FF95F3 /* AvatarView.swift */ = {isa = PBXFileReference; fileEncoding = 4; lastKnownFileType = sourcecode.swift; path = AvatarView.swift; sourceTree = "<group>"; };
		162530501B7AAE49000E3F3B /* ExtensionDelegate.swift */ = {isa = PBXFileReference; fileEncoding = 4; lastKnownFileType = sourcecode.swift; path = ExtensionDelegate.swift; sourceTree = "<group>"; };
		16259BCD1A449400009C5745 /* OpenInSafariActivity.swift */ = {isa = PBXFileReference; fileEncoding = 4; lastKnownFileType = sourcecode.swift; path = OpenInSafariActivity.swift; sourceTree = "<group>"; };
		1628A6B118789E73005EDA69 /* PocketTrailer.app */ = {isa = PBXFileReference; explicitFileType = wrapper.application; includeInIndex = 0; path = PocketTrailer.app; sourceTree = BUILT_PRODUCTS_DIR; };
		1628A6BC18789E73005EDA69 /* Info.plist */ = {isa = PBXFileReference; lastKnownFileType = text.plist.xml; path = Info.plist; sourceTree = "<group>"; };
		1628A6CA18789E73005EDA69 /* Base */ = {isa = PBXFileReference; lastKnownFileType = file.storyboard; name = Base; path = Base.lproj/Main.storyboard; sourceTree = "<group>"; };
		1628A6D518789E73005EDA69 /* Images.xcassets */ = {isa = PBXFileReference; lastKnownFileType = folder.assetcatalog; path = Images.xcassets; sourceTree = "<group>"; };
		162A29D81A4085FD008F41A9 /* API.swift */ = {isa = PBXFileReference; fileEncoding = 4; lastKnownFileType = sourcecode.swift; lineEnding = 0; name = API.swift; path = Shared/API.swift; sourceTree = "<group>"; xcLanguageSpecificationIdentifier = xcode.lang.swift; };
		1633C18F1ABCEAA00086C692 /* IssuesDelegate.swift */ = {isa = PBXFileReference; fileEncoding = 4; lastKnownFileType = sourcecode.swift; path = IssuesDelegate.swift; sourceTree = "<group>"; };
		1633C1911ABCEC4A0086C692 /* Issue.swift */ = {isa = PBXFileReference; fileEncoding = 4; lastKnownFileType = sourcecode.swift; name = Issue.swift; path = Shared/Issue.swift; sourceTree = SOURCE_ROOT; };
		1633C19C1ABD84180086C692 /* IssueCell.swift */ = {isa = PBXFileReference; fileEncoding = 4; lastKnownFileType = sourcecode.swift; path = IssueCell.swift; sourceTree = "<group>"; };
		1633C1A11ABD84370086C692 /* PullRequestCell.swift */ = {isa = PBXFileReference; fileEncoding = 4; lastKnownFileType = sourcecode.swift; path = PullRequestCell.swift; sourceTree = "<group>"; };
		163D1F7F1AAFA54800E080D7 /* Trailer 20.xcdatamodel */ = {isa = PBXFileReference; lastKnownFileType = wrapper.xcdatamodel; path = "Trailer 20.xcdatamodel"; sourceTree = "<group>"; };
		164785A91A2CE7BD00297764 /* Globals.swift */ = {isa = PBXFileReference; fileEncoding = 4; lastKnownFileType = sourcecode.swift; lineEnding = 0; name = Globals.swift; path = Shared/Globals.swift; sourceTree = "<group>"; xcLanguageSpecificationIdentifier = xcode.lang.swift; };
		164785B21A2CE7FB00297764 /* PocketTrailer-Bridging-Header.h */ = {isa = PBXFileReference; lastKnownFileType = sourcecode.c.h; path = "PocketTrailer-Bridging-Header.h"; sourceTree = "<group>"; };
		164785B31A2CE80800297764 /* Trailer-Bridging-Header.h */ = {isa = PBXFileReference; lastKnownFileType = sourcecode.c.h; path = "Trailer-Bridging-Header.h"; sourceTree = "<group>"; };
		164840BE1ACFEA45009E6383 /* AboutWindow.xib */ = {isa = PBXFileReference; fileEncoding = 4; lastKnownFileType = file.xib; path = AboutWindow.xib; sourceTree = "<group>"; };
		164840C01ACFEA5A009E6383 /* AboutWindow.swift */ = {isa = PBXFileReference; fileEncoding = 4; lastKnownFileType = sourcecode.swift; path = AboutWindow.swift; sourceTree = "<group>"; };
		164840C21ACFEFA9009E6383 /* MenuWindow.xib */ = {isa = PBXFileReference; fileEncoding = 4; lastKnownFileType = file.xib; path = MenuWindow.xib; sourceTree = "<group>"; };
		164840C41AD04C3C009E6383 /* QuickStartViewController.swift */ = {isa = PBXFileReference; fileEncoding = 4; lastKnownFileType = sourcecode.swift; path = QuickStartViewController.swift; sourceTree = "<group>"; };
		164840FB1AD196D6009E6383 /* SettingsManager.swift */ = {isa = PBXFileReference; fileEncoding = 4; lastKnownFileType = sourcecode.swift; path = SettingsManager.swift; sourceTree = "<group>"; };
		164840FD1AD19837009E6383 /* PopupManager.swift */ = {isa = PBXFileReference; fileEncoding = 4; lastKnownFileType = sourcecode.swift; path = PopupManager.swift; sourceTree = "<group>"; };
		164840FF1AD198A6009E6383 /* WatchManager.swift */ = {isa = PBXFileReference; fileEncoding = 4; lastKnownFileType = sourcecode.swift; path = WatchManager.swift; sourceTree = "<group>"; };
		164841011AD19933009E6383 /* NotificationManager.swift */ = {isa = PBXFileReference; fileEncoding = 4; lastKnownFileType = sourcecode.swift; path = NotificationManager.swift; sourceTree = "<group>"; };
		164997471B127ED500D135A2 /* Trailer 21.xcdatamodel */ = {isa = PBXFileReference; lastKnownFileType = wrapper.xcdatamodel; path = "Trailer 21.xcdatamodel"; sourceTree = "<group>"; };
		16519EB31ACF0E91002171D0 /* Trailer.icns */ = {isa = PBXFileReference; lastKnownFileType = image.icns; path = Trailer.icns; sourceTree = "<group>"; };
		16522D701AB03AE500B1C3FB /* PocketTrailer WatchKit Extension.appex */ = {isa = PBXFileReference; explicitFileType = "wrapper.app-extension"; includeInIndex = 0; path = "PocketTrailer WatchKit Extension.appex"; sourceTree = BUILT_PRODUCTS_DIR; };
		16522D731AB03AE500B1C3FB /* Info.plist */ = {isa = PBXFileReference; lastKnownFileType = text.plist.xml; path = Info.plist; sourceTree = "<group>"; };
		16522D761AB03AE500B1C3FB /* GlanceController.swift */ = {isa = PBXFileReference; lastKnownFileType = sourcecode.swift; path = GlanceController.swift; sourceTree = "<group>"; };
		16522D781AB03AE500B1C3FB /* Images.xcassets */ = {isa = PBXFileReference; lastKnownFileType = folder.assetcatalog; path = Images.xcassets; sourceTree = "<group>"; };
		16522D7C1AB03AE500B1C3FB /* PocketTrailer WatchKit App.app */ = {isa = PBXFileReference; explicitFileType = wrapper.application; includeInIndex = 0; path = "PocketTrailer WatchKit App.app"; sourceTree = BUILT_PRODUCTS_DIR; };
		16522D821AB03AE500B1C3FB /* Info.plist */ = {isa = PBXFileReference; lastKnownFileType = text.plist.xml; path = Info.plist; sourceTree = "<group>"; };
		16522D841AB03AE500B1C3FB /* Base */ = {isa = PBXFileReference; lastKnownFileType = file.storyboard; name = Base; path = Base.lproj/Interface.storyboard; sourceTree = "<group>"; };
		16522D861AB03AE500B1C3FB /* Images.xcassets */ = {isa = PBXFileReference; lastKnownFileType = folder.assetcatalog; path = Images.xcassets; sourceTree = "<group>"; };
		165C490F1BA63B45006BBCF5 /* AdvancedSettingsCell.swift */ = {isa = PBXFileReference; fileEncoding = 4; lastKnownFileType = sourcecode.swift; path = AdvancedSettingsCell.swift; sourceTree = "<group>"; };
		1664CBC91B7796840006BDE7 /* Enums.swift */ = {isa = PBXFileReference; fileEncoding = 4; lastKnownFileType = sourcecode.swift; name = Enums.swift; path = Shared/Enums.swift; sourceTree = "<group>"; };
		166A84BD1A457CA700A3B292 /* ServersViewController.swift */ = {isa = PBXFileReference; fileEncoding = 4; lastKnownFileType = sourcecode.swift; path = ServersViewController.swift; sourceTree = "<group>"; };
		166A84BF1A4582C100A3B292 /* ServerDetailViewController.swift */ = {isa = PBXFileReference; fileEncoding = 4; lastKnownFileType = sourcecode.swift; lineEnding = 0; path = ServerDetailViewController.swift; sourceTree = "<group>"; xcLanguageSpecificationIdentifier = xcode.lang.swift; };
		166A84C11A45A37700A3B292 /* AdvancedSettingsViewController.swift */ = {isa = PBXFileReference; fileEncoding = 4; lastKnownFileType = sourcecode.swift; path = AdvancedSettingsViewController.swift; sourceTree = "<group>"; };
		166A84C31A45CEE000A3B292 /* PickerViewController.swift */ = {isa = PBXFileReference; fileEncoding = 4; lastKnownFileType = sourcecode.swift; path = PickerViewController.swift; sourceTree = "<group>"; };
		1671A11E1AC73CCB0047440A /* SetupAssistant.swift */ = {isa = PBXFileReference; fileEncoding = 4; lastKnownFileType = sourcecode.swift; path = SetupAssistant.swift; sourceTree = "<group>"; };
		1671A1221AC74BC30047440A /* SetupAssistant.xib */ = {isa = PBXFileReference; fileEncoding = 4; lastKnownFileType = file.xib; path = SetupAssistant.xib; sourceTree = "<group>"; };
		1672DF2D1AB0D7CC00381AEB /* PocketTrailer WatchKit Extension.entitlements */ = {isa = PBXFileReference; lastKnownFileType = text.xml; path = "PocketTrailer WatchKit Extension.entitlements"; sourceTree = "<group>"; };
		16813CBE1BA16D660020F8EB /* CommonController.swift */ = {isa = PBXFileReference; fileEncoding = 4; lastKnownFileType = sourcecode.swift; path = CommonController.swift; sourceTree = "<group>"; };
		1686B1D41AE59AED009118C5 /* PocketTrailer.entitlements */ = {isa = PBXFileReference; fileEncoding = 4; lastKnownFileType = text.xml; path = PocketTrailer.entitlements; sourceTree = "<group>"; };
		168BC6AA17EC2DF000BC4584 /* Trailer.app */ = {isa = PBXFileReference; explicitFileType = wrapper.application; includeInIndex = 0; path = Trailer.app; sourceTree = BUILT_PRODUCTS_DIR; };
		168BC6B517EC2DF000BC4584 /* Info.plist */ = {isa = PBXFileReference; lastKnownFileType = text.plist.xml; path = Info.plist; sourceTree = "<group>"; };
		168BC6C317EC2DF000BC4584 /* Base */ = {isa = PBXFileReference; lastKnownFileType = file.xib; name = Base; path = Base.lproj/MainMenu.xib; sourceTree = "<group>"; };
		168BC6C817EC2DF000BC4584 /* Images.xcassets */ = {isa = PBXFileReference; lastKnownFileType = folder.assetcatalog; path = Images.xcassets; sourceTree = "<group>"; };
		168C6ECC18B2104100E41D85 /* LICENSE */ = {isa = PBXFileReference; fileEncoding = 4; lastKnownFileType = text; path = LICENSE; sourceTree = "<group>"; };
		168C6ECD18B2104100E41D85 /* README.md */ = {isa = PBXFileReference; fileEncoding = 4; lastKnownFileType = text; path = README.md; sourceTree = "<group>"; };
		168FD00D1A2A7AD1005929CB /* MessageView.swift */ = {isa = PBXFileReference; fileEncoding = 4; lastKnownFileType = sourcecode.swift; path = MessageView.swift; sourceTree = "<group>"; };
		169FB2351A3DBD7D00E00771 /* SectionHeader.swift */ = {isa = PBXFileReference; fileEncoding = 4; lastKnownFileType = sourcecode.swift; path = SectionHeader.swift; sourceTree = "<group>"; };
		16A0B0361A48AC7900B3452D /* OSX_AppDelegate.swift */ = {isa = PBXFileReference; fileEncoding = 4; lastKnownFileType = sourcecode.swift; lineEnding = 0; path = OSX_AppDelegate.swift; sourceTree = "<group>"; xcLanguageSpecificationIdentifier = xcode.lang.swift; };
		16A0B03B1A49AEC200B3452D /* StartupLaunch.swift */ = {isa = PBXFileReference; fileEncoding = 4; lastKnownFileType = sourcecode.swift; path = StartupLaunch.swift; sourceTree = "<group>"; };
		16A505DF1A3888D6005DD3B7 /* Sparkle.framework */ = {isa = PBXFileReference; lastKnownFileType = wrapper.framework; name = Sparkle.framework; path = Trailer/Sparkle.framework; sourceTree = "<group>"; };
		16A505E31A39B2DD005DD3B7 /* PullRequestDelegate.swift */ = {isa = PBXFileReference; fileEncoding = 4; lastKnownFileType = sourcecode.swift; path = PullRequestDelegate.swift; sourceTree = "<group>"; };
		16A69ED91AC83020008231F9 /* ListableItem.swift */ = {isa = PBXFileReference; fileEncoding = 4; lastKnownFileType = sourcecode.swift; path = ListableItem.swift; sourceTree = "<group>"; };
		16B3B3101A34E8E2000BE6CC /* ApiServer.swift */ = {isa = PBXFileReference; fileEncoding = 4; lastKnownFileType = sourcecode.swift; name = ApiServer.swift; path = Shared/ApiServer.swift; sourceTree = SOURCE_ROOT; };
		16B3B3111A34E8E2000BE6CC /* DataItem.swift */ = {isa = PBXFileReference; fileEncoding = 4; lastKnownFileType = sourcecode.swift; name = DataItem.swift; path = Shared/DataItem.swift; sourceTree = SOURCE_ROOT; };
		16B3B3121A34E8E2000BE6CC /* PRComment.swift */ = {isa = PBXFileReference; fileEncoding = 4; lastKnownFileType = sourcecode.swift; name = PRComment.swift; path = Shared/PRComment.swift; sourceTree = SOURCE_ROOT; };
		16B3B3131A34E8E2000BE6CC /* PRLabel.swift */ = {isa = PBXFileReference; fileEncoding = 4; lastKnownFileType = sourcecode.swift; lineEnding = 0; name = PRLabel.swift; path = Shared/PRLabel.swift; sourceTree = SOURCE_ROOT; xcLanguageSpecificationIdentifier = xcode.lang.swift; };
		16B3B3141A34E8E2000BE6CC /* PRStatus.swift */ = {isa = PBXFileReference; fileEncoding = 4; lastKnownFileType = sourcecode.swift; lineEnding = 0; name = PRStatus.swift; path = Shared/PRStatus.swift; sourceTree = SOURCE_ROOT; xcLanguageSpecificationIdentifier = xcode.lang.swift; };
		16B3B3151A34E8E2000BE6CC /* PullRequest.swift */ = {isa = PBXFileReference; fileEncoding = 4; lastKnownFileType = sourcecode.swift; lineEnding = 0; name = PullRequest.swift; path = Shared/PullRequest.swift; sourceTree = SOURCE_ROOT; xcLanguageSpecificationIdentifier = xcode.lang.swift; };
		16B3B3161A34E8E2000BE6CC /* Repo.swift */ = {isa = PBXFileReference; fileEncoding = 4; lastKnownFileType = sourcecode.swift; lineEnding = 0; name = Repo.swift; path = Shared/Repo.swift; sourceTree = SOURCE_ROOT; xcLanguageSpecificationIdentifier = xcode.lang.swift; };
		16B3B33C1A34E990000BE6CC /* Trailer 10.xcdatamodel */ = {isa = PBXFileReference; lastKnownFileType = wrapper.xcdatamodel; path = "Trailer 10.xcdatamodel"; sourceTree = "<group>"; };
		16B3B33D1A34E990000BE6CC /* Trailer 11.xcdatamodel */ = {isa = PBXFileReference; lastKnownFileType = wrapper.xcdatamodel; path = "Trailer 11.xcdatamodel"; sourceTree = "<group>"; };
		16B3B33E1A34E990000BE6CC /* Trailer 12.xcdatamodel */ = {isa = PBXFileReference; lastKnownFileType = wrapper.xcdatamodel; path = "Trailer 12.xcdatamodel"; sourceTree = "<group>"; };
		16B3B33F1A34E990000BE6CC /* Trailer 13.xcdatamodel */ = {isa = PBXFileReference; lastKnownFileType = wrapper.xcdatamodel; path = "Trailer 13.xcdatamodel"; sourceTree = "<group>"; };
		16B3B3401A34E990000BE6CC /* Trailer 14.xcdatamodel */ = {isa = PBXFileReference; lastKnownFileType = wrapper.xcdatamodel; path = "Trailer 14.xcdatamodel"; sourceTree = "<group>"; };
		16B3B3411A34E990000BE6CC /* Trailer 15.xcdatamodel */ = {isa = PBXFileReference; lastKnownFileType = wrapper.xcdatamodel; path = "Trailer 15.xcdatamodel"; sourceTree = "<group>"; };
		16B3B3421A34E990000BE6CC /* Trailer 16.xcdatamodel */ = {isa = PBXFileReference; lastKnownFileType = wrapper.xcdatamodel; path = "Trailer 16.xcdatamodel"; sourceTree = "<group>"; };
		16B3B3431A34E990000BE6CC /* Trailer 17.xcdatamodel */ = {isa = PBXFileReference; lastKnownFileType = wrapper.xcdatamodel; path = "Trailer 17.xcdatamodel"; sourceTree = "<group>"; };
		16B3B3441A34E990000BE6CC /* Trailer 18.xcdatamodel */ = {isa = PBXFileReference; lastKnownFileType = wrapper.xcdatamodel; path = "Trailer 18.xcdatamodel"; sourceTree = "<group>"; };
		16B3B3451A34E990000BE6CC /* Trailer 19.xcdatamodel */ = {isa = PBXFileReference; lastKnownFileType = wrapper.xcdatamodel; path = "Trailer 19.xcdatamodel"; sourceTree = "<group>"; };
		16B3B3461A34E990000BE6CC /* Trailer 2.xcdatamodel */ = {isa = PBXFileReference; lastKnownFileType = wrapper.xcdatamodel; path = "Trailer 2.xcdatamodel"; sourceTree = "<group>"; };
		16B3B3471A34E990000BE6CC /* Trailer 3.xcdatamodel */ = {isa = PBXFileReference; lastKnownFileType = wrapper.xcdatamodel; path = "Trailer 3.xcdatamodel"; sourceTree = "<group>"; };
		16B3B3481A34E990000BE6CC /* Trailer 4.xcdatamodel */ = {isa = PBXFileReference; lastKnownFileType = wrapper.xcdatamodel; path = "Trailer 4.xcdatamodel"; sourceTree = "<group>"; };
		16B3B3491A34E990000BE6CC /* Trailer 5.xcdatamodel */ = {isa = PBXFileReference; lastKnownFileType = wrapper.xcdatamodel; path = "Trailer 5.xcdatamodel"; sourceTree = "<group>"; };
		16B3B34A1A34E990000BE6CC /* Trailer 6.xcdatamodel */ = {isa = PBXFileReference; lastKnownFileType = wrapper.xcdatamodel; path = "Trailer 6.xcdatamodel"; sourceTree = "<group>"; };
		16B3B34B1A34E990000BE6CC /* Trailer 7.xcdatamodel */ = {isa = PBXFileReference; lastKnownFileType = wrapper.xcdatamodel; path = "Trailer 7.xcdatamodel"; sourceTree = "<group>"; };
		16B3B34C1A34E990000BE6CC /* Trailer 8.xcdatamodel */ = {isa = PBXFileReference; lastKnownFileType = wrapper.xcdatamodel; path = "Trailer 8.xcdatamodel"; sourceTree = "<group>"; };
		16B3B34D1A34E990000BE6CC /* Trailer 9.xcdatamodel */ = {isa = PBXFileReference; lastKnownFileType = wrapper.xcdatamodel; path = "Trailer 9.xcdatamodel"; sourceTree = "<group>"; };
		16B3B34E1A34E990000BE6CC /* Trailer.xcdatamodel */ = {isa = PBXFileReference; lastKnownFileType = wrapper.xcdatamodel; path = Trailer.xcdatamodel; sourceTree = "<group>"; };
		16B3B3531A34E9F7000BE6CC /* Reachability.h */ = {isa = PBXFileReference; fileEncoding = 4; lastKnownFileType = sourcecode.c.h; name = Reachability.h; path = Shared/Reachability.h; sourceTree = "<group>"; };
		16B3B3541A34E9F7000BE6CC /* Reachability.m */ = {isa = PBXFileReference; fileEncoding = 4; lastKnownFileType = sourcecode.c.objc; name = Reachability.m; path = Shared/Reachability.m; sourceTree = "<group>"; };
		16B3B3591A34EAEE000BE6CC /* main.swift */ = {isa = PBXFileReference; fileEncoding = 4; lastKnownFileType = sourcecode.swift; name = main.swift; path = Shared/main.swift; sourceTree = "<group>"; };
		16B6B7C01BA3B94C006A509F /* ComplicationDataSource.swift */ = {isa = PBXFileReference; fileEncoding = 4; lastKnownFileType = sourcecode.swift; path = ComplicationDataSource.swift; sourceTree = "<group>"; };
		16B74E471A3B4AC800410EF6 /* PrTable.swift */ = {isa = PBXFileReference; fileEncoding = 4; lastKnownFileType = sourcecode.swift; path = PrTable.swift; sourceTree = "<group>"; };
		16B94070182D136700F32061 /* dsa_pub.pem */ = {isa = PBXFileReference; fileEncoding = 4; lastKnownFileType = text; path = dsa_pub.pem; sourceTree = "<group>"; };
		16C90F011B13BC180095E8D5 /* RepoSettingsViewController.swift */ = {isa = PBXFileReference; fileEncoding = 4; lastKnownFileType = sourcecode.swift; path = RepoSettingsViewController.swift; sourceTree = "<group>"; };
		16C9A2751A44D12600EE54EC /* AboutTrailerViewController.swift */ = {isa = PBXFileReference; fileEncoding = 4; lastKnownFileType = sourcecode.swift; path = AboutTrailerViewController.swift; sourceTree = "<group>"; };
		16C9A2791A44DD0200EE54EC /* CommentBlacklistViewController.swift */ = {isa = PBXFileReference; fileEncoding = 4; lastKnownFileType = sourcecode.swift; path = CommentBlacklistViewController.swift; sourceTree = "<group>"; };
		16C9A27B1A44EBCF00EE54EC /* DetailViewController.swift */ = {isa = PBXFileReference; fileEncoding = 4; lastKnownFileType = sourcecode.swift; path = DetailViewController.swift; sourceTree = "<group>"; };
		16CBE1C01A2DBB2700485053 /* DataManager.swift */ = {isa = PBXFileReference; fileEncoding = 4; lastKnownFileType = sourcecode.swift; lineEnding = 0; name = DataManager.swift; path = Shared/DataManager.swift; sourceTree = SOURCE_ROOT; xcLanguageSpecificationIdentifier = xcode.lang.swift; };
		16CBE1C41A2DFBA500485053 /* Settings.swift */ = {isa = PBXFileReference; fileEncoding = 4; lastKnownFileType = sourcecode.swift; name = Settings.swift; path = Shared/Settings.swift; sourceTree = "<group>"; };
		16CBE1C91A2E13A400485053 /* StatusItemView.swift */ = {isa = PBXFileReference; fileEncoding = 4; lastKnownFileType = sourcecode.swift; path = StatusItemView.swift; sourceTree = "<group>"; };
		16DC40FB1A3F591200BB361A /* TrailerCell.swift */ = {isa = PBXFileReference; fileEncoding = 4; lastKnownFileType = sourcecode.swift; path = TrailerCell.swift; sourceTree = "<group>"; };
		16DD6AAB1AE457C300145425 /* trailerDoc22.png */ = {isa = PBXFileReference; lastKnownFileType = image.png; path = trailerDoc22.png; sourceTree = "<group>"; };
		16DD6AAC1AE457C300145425 /* trailerDoc44.png */ = {isa = PBXFileReference; lastKnownFileType = image.png; path = trailerDoc44.png; sourceTree = "<group>"; };
		16DD6AAD1AE457C300145425 /* trailerDoc64.png */ = {isa = PBXFileReference; lastKnownFileType = image.png; path = trailerDoc64.png; sourceTree = "<group>"; };
		16DD6AAE1AE457C300145425 /* trailerDoc320.png */ = {isa = PBXFileReference; lastKnownFileType = image.png; path = trailerDoc320.png; sourceTree = "<group>"; };
		16E93D111AB467DA00CA967E /* PRListController.swift */ = {isa = PBXFileReference; fileEncoding = 4; lastKnownFileType = sourcecode.swift; path = PRListController.swift; sourceTree = "<group>"; };
		16E93D131AB4680F00CA967E /* PRDetailController.swift */ = {isa = PBXFileReference; fileEncoding = 4; lastKnownFileType = sourcecode.swift; path = PRDetailController.swift; sourceTree = "<group>"; };
		16E93D161AB46CE600CA967E /* LabelRow.swift */ = {isa = PBXFileReference; fileEncoding = 4; lastKnownFileType = sourcecode.swift; path = LabelRow.swift; sourceTree = "<group>"; };
		16E93D181AB46CEE00CA967E /* PRRow.swift */ = {isa = PBXFileReference; fileEncoding = 4; lastKnownFileType = sourcecode.swift; path = PRRow.swift; sourceTree = "<group>"; };
		16EA4A341AC0CAA3001AC9D0 /* TitleRow.swift */ = {isa = PBXFileReference; fileEncoding = 4; lastKnownFileType = sourcecode.swift; path = TitleRow.swift; sourceTree = "<group>"; };
		16EDAB191AB4C2D4009B38DD /* CommentRow.swift */ = {isa = PBXFileReference; fileEncoding = 4; lastKnownFileType = sourcecode.swift; path = CommentRow.swift; sourceTree = "<group>"; };
		16EDAB1B1AB4CB6F009B38DD /* StatusRow.swift */ = {isa = PBXFileReference; fileEncoding = 4; lastKnownFileType = sourcecode.swift; path = StatusRow.swift; sourceTree = "<group>"; };
		16EE6ACF1A9A711C000A8483 /* CountLabel.swift */ = {isa = PBXFileReference; fileEncoding = 4; lastKnownFileType = sourcecode.swift; path = CountLabel.swift; sourceTree = "<group>"; };
		16EE871A1A446BFE00A1D16F /* EmptyView.swift */ = {isa = PBXFileReference; fileEncoding = 4; lastKnownFileType = sourcecode.swift; path = EmptyView.swift; sourceTree = "<group>"; };
		16F4136F1BA5850A006B0195 /* RepoCell.swift */ = {isa = PBXFileReference; fileEncoding = 4; lastKnownFileType = sourcecode.swift; path = RepoCell.swift; sourceTree = "<group>"; };
		16F51FA019DE8C78007B0BB1 /* PRIVACY */ = {isa = PBXFileReference; lastKnownFileType = text; path = PRIVACY; sourceTree = "<group>"; };
/* End PBXFileReference section */

/* Begin PBXFrameworksBuildPhase section */
		161852781AB2CB9000526D81 /* Frameworks */ = {
			isa = PBXFrameworksBuildPhase;
			buildActionMask = 2147483647;
			files = (
				1618527D1AB2CB9000526D81 /* NotificationCenter.framework in Frameworks */,
			);
			runOnlyForDeploymentPostprocessing = 0;
		};
		1628A6AE18789E73005EDA69 /* Frameworks */ = {
			isa = PBXFrameworksBuildPhase;
			buildActionMask = 2147483647;
			files = (
			);
			runOnlyForDeploymentPostprocessing = 0;
		};
		16522D6D1AB03AE500B1C3FB /* Frameworks */ = {
			isa = PBXFrameworksBuildPhase;
			buildActionMask = 2147483647;
			files = (
			);
			runOnlyForDeploymentPostprocessing = 0;
		};
		168BC6A717EC2DF000BC4584 /* Frameworks */ = {
			isa = PBXFrameworksBuildPhase;
			buildActionMask = 2147483647;
			files = (
				16A505E01A3888D6005DD3B7 /* Sparkle.framework in Frameworks */,
			);
			runOnlyForDeploymentPostprocessing = 0;
		};
/* End PBXFrameworksBuildPhase section */

/* Begin PBXGroup section */
		1618527E1AB2CB9000526D81 /* Today Extension */ = {
			isa = PBXGroup;
			children = (
				161852811AB2CB9000526D81 /* TodayViewController.swift */,
				161852831AB2CB9000526D81 /* MainInterface.storyboard */,
				1618528B1AB2CC8200526D81 /* Media.xcassets */,
				1618527F1AB2CB9000526D81 /* Supporting Files */,
			);
			name = "Today Extension";
			path = "PocketTrailer Today Extension";
			sourceTree = "<group>";
		};
		1618527F1AB2CB9000526D81 /* Supporting Files */ = {
			isa = PBXGroup;
			children = (
				1618529B1AB2D43C00526D81 /* PocketTrailer Today Extension.entitlements */,
				161852801AB2CB9000526D81 /* Info.plist */,
			);
			name = "Supporting Files";
			sourceTree = "<group>";
		};
		162002CE1A2A3E0100FF95F3 /* Core */ = {
			isa = PBXGroup;
			children = (
				164785B31A2CE80800297764 /* Trailer-Bridging-Header.h */,
				162002CF1A2A3E2100FF95F3 /* Application.swift */,
				16A505E31A39B2DD005DD3B7 /* PullRequestDelegate.swift */,
				1633C18F1ABCEAA00086C692 /* IssuesDelegate.swift */,
				16A0B0361A48AC7900B3452D /* OSX_AppDelegate.swift */,
				16A0B03B1A49AEC200B3452D /* StartupLaunch.swift */,
			);
			name = Core;
			sourceTree = "<group>";
		};
		162002D11A2A409900FF95F3 /* Core */ = {
			isa = PBXGroup;
			children = (
				164785B21A2CE7FB00297764 /* PocketTrailer-Bridging-Header.h */,
				1606F1BA1A4703E60088368E /* iOS_AppDelegate.swift */,
				164840FF1AD198A6009E6383 /* WatchManager.swift */,
			);
			name = Core;
			sourceTree = "<group>";
		};
		1628A6BA18789E73005EDA69 /* App */ = {
			isa = PBXGroup;
			children = (
				162002D11A2A409900FF95F3 /* Core */,
				16B069721882EA530053620E /* Extensions */,
				16B069711882EA1D0053620E /* UI */,
				16FD14D11881C82400FDC960 /* Settings */,
				164840C61AD15452009E6383 /* Resources */,
				1628A6BB18789E73005EDA69 /* Supporting Files */,
			);
			name = App;
			path = PocketTrailer;
			sourceTree = "<group>";
		};
		1628A6BB18789E73005EDA69 /* Supporting Files */ = {
			isa = PBXGroup;
			children = (
				1628A6BC18789E73005EDA69 /* Info.plist */,
				1686B1D41AE59AED009118C5 /* PocketTrailer.entitlements */,
			);
			name = "Supporting Files";
			sourceTree = "<group>";
		};
		1628A6F218789EA3005EDA69 /* Shared */ = {
			isa = PBXGroup;
			children = (
				168C6ECC18B2104100E41D85 /* LICENSE */,
				16F51FA019DE8C78007B0BB1 /* PRIVACY */,
				168C6ECD18B2104100E41D85 /* README.md */,
				16B3B35C1A34F859000BE6CC /* Globals */,
				1628A6F518789F85005EDA69 /* Logic */,
				16B9552E17EC86D10005118F /* Data */,
			);
			name = Shared;
			sourceTree = "<group>";
		};
		1628A6F518789F85005EDA69 /* Logic */ = {
			isa = PBXGroup;
			children = (
				16CBE1C41A2DFBA500485053 /* Settings.swift */,
				16B3B3531A34E9F7000BE6CC /* Reachability.h */,
				16B3B3541A34E9F7000BE6CC /* Reachability.m */,
				162A29D81A4085FD008F41A9 /* API.swift */,
			);
			name = Logic;
			sourceTree = "<group>";
		};
		1633C19B1ABD83F10086C692 /* Cells */ = {
			isa = PBXGroup;
			children = (
				16DC40FB1A3F591200BB361A /* TrailerCell.swift */,
				1633C19C1ABD84180086C692 /* IssueCell.swift */,
				1633C1A11ABD84370086C692 /* PullRequestCell.swift */,
			);
			name = Cells;
			sourceTree = "<group>";
		};
		164840B91ACFE3CB009E6383 /* Windows */ = {
			isa = PBXGroup;
			children = (
				1671A1221AC74BC30047440A /* SetupAssistant.xib */,
				1671A11E1AC73CCB0047440A /* SetupAssistant.swift */,
				164840BE1ACFEA45009E6383 /* AboutWindow.xib */,
				164840C01ACFEA5A009E6383 /* AboutWindow.swift */,
				164840C21ACFEFA9009E6383 /* MenuWindow.xib */,
				161C959D1A3A36020019A577 /* MenuWindow.swift */,
				168BC6C217EC2DF000BC4584 /* MainMenu.xib */,
				160FB13F1AE3F78E00EB5C8E /* PreferencesWindow.swift */,
				160FB1411AE3F7C700EB5C8E /* PreferencesWindow.xib */,
			);
			name = Windows;
			sourceTree = "<group>";
		};
		164840C61AD15452009E6383 /* Resources */ = {
			isa = PBXGroup;
			children = (
				1628A6C918789E73005EDA69 /* Main.storyboard */,
				16154E2E19C43E8E00E49139 /* Launch.storyboard */,
				16DD6AAB1AE457C300145425 /* trailerDoc22.png */,
				16DD6AAC1AE457C300145425 /* trailerDoc44.png */,
				16DD6AAD1AE457C300145425 /* trailerDoc64.png */,
				16DD6AAE1AE457C300145425 /* trailerDoc320.png */,
				1628A6D518789E73005EDA69 /* Images.xcassets */,
			);
			name = Resources;
			sourceTree = "<group>";
		};
		164DEAFA1AC0C8BB00AA6F73 /* PocketTrailer */ = {
			isa = PBXGroup;
			children = (
				1628A6BA18789E73005EDA69 /* App */,
				16522D711AB03AE500B1C3FB /* WatchKit Extension */,
				16522D801AB03AE500B1C3FB /* WatchKit App */,
				1618527E1AB2CB9000526D81 /* Today Extension */,
			);
			name = PocketTrailer;
			sourceTree = "<group>";
		};
		16522D711AB03AE500B1C3FB /* WatchKit Extension */ = {
			isa = PBXGroup;
			children = (
				16B6B7BE1BA3B903006A509F /* Core */,
				16E93D151AB4681800CA967E /* Detail */,
				16E93D101AB467BF00CA967E /* List */,
				16D845381AB4513F0098FB65 /* Sections */,
				16522D781AB03AE500B1C3FB /* Images.xcassets */,
				16522D721AB03AE500B1C3FB /* Supporting Files */,
			);
			name = "WatchKit Extension";
			path = "PocketTrailer WatchKit Extension";
			sourceTree = "<group>";
		};
		16522D721AB03AE500B1C3FB /* Supporting Files */ = {
			isa = PBXGroup;
			children = (
				1672DF2D1AB0D7CC00381AEB /* PocketTrailer WatchKit Extension.entitlements */,
				16522D731AB03AE500B1C3FB /* Info.plist */,
			);
			name = "Supporting Files";
			sourceTree = "<group>";
		};
		16522D801AB03AE500B1C3FB /* WatchKit App */ = {
			isa = PBXGroup;
			children = (
				16522D861AB03AE500B1C3FB /* Images.xcassets */,
				16522D831AB03AE500B1C3FB /* Interface.storyboard */,
				16522D821AB03AE500B1C3FB /* Info.plist */,
			);
			name = "WatchKit App";
			path = "PocketTrailer WatchKit App";
			sourceTree = "<group>";
		};
		168A5C74185BB9D900CB6B02 /* UI Components */ = {
			isa = PBXGroup;
			children = (
				1633C19B1ABD83F10086C692 /* Cells */,
				162002D51A2A49A300FF95F3 /* ViewAllowsVibrancy.swift */,
				162002DA1A2A545C00FF95F3 /* CenterTextFieldCell.swift */,
				162002DC1A2A58B900FF95F3 /* CenterTextField.swift */,
				162002DE1A2A5C9200FF95F3 /* LinkField.swift */,
				162002E61A2A75BD00FF95F3 /* AvatarView.swift */,
				16CBE1C91A2E13A400485053 /* StatusItemView.swift */,
				16B74E471A3B4AC800410EF6 /* PrTable.swift */,
				168FD00D1A2A7AD1005929CB /* MessageView.swift */,
				169FB2351A3DBD7D00E00771 /* SectionHeader.swift */,
				160D312B1A9619CE006B74BC /* FilledView.swift */,
			);
			name = "UI Components";
			sourceTree = "<group>";
		};
		168BC6A117EC2DF000BC4584 = {
			isa = PBXGroup;
			children = (
				1628A6F218789EA3005EDA69 /* Shared */,
				168BC6B317EC2DF000BC4584 /* Trailer */,
				164DEAFA1AC0C8BB00AA6F73 /* PocketTrailer */,
				168BC6AC17EC2DF000BC4584 /* Frameworks */,
				168BC6AB17EC2DF000BC4584 /* Products */,
			);
			sourceTree = "<group>";
		};
		168BC6AB17EC2DF000BC4584 /* Products */ = {
			isa = PBXGroup;
			children = (
				168BC6AA17EC2DF000BC4584 /* Trailer.app */,
				1628A6B118789E73005EDA69 /* PocketTrailer.app */,
				16522D701AB03AE500B1C3FB /* PocketTrailer WatchKit Extension.appex */,
				16522D7C1AB03AE500B1C3FB /* PocketTrailer WatchKit App.app */,
				1618527B1AB2CB9000526D81 /* PocketTrailer Today Extension.appex */,
			);
			name = Products;
			sourceTree = "<group>";
		};
		168BC6AC17EC2DF000BC4584 /* Frameworks */ = {
			isa = PBXGroup;
			children = (
				16A505DF1A3888D6005DD3B7 /* Sparkle.framework */,
				1618527C1AB2CB9000526D81 /* NotificationCenter.framework */,
			);
			name = Frameworks;
			sourceTree = "<group>";
		};
		168BC6B317EC2DF000BC4584 /* Trailer */ = {
			isa = PBXGroup;
			children = (
				164840B91ACFE3CB009E6383 /* Windows */,
				162002CE1A2A3E0100FF95F3 /* Core */,
				168A5C74185BB9D900CB6B02 /* UI Components */,
				168BC6C817EC2DF000BC4584 /* Images.xcassets */,
				16519EB31ACF0E91002171D0 /* Trailer.icns */,
				168BC6B417EC2DF000BC4584 /* Supporting Files */,
			);
			path = Trailer;
			sourceTree = "<group>";
		};
		168BC6B417EC2DF000BC4584 /* Supporting Files */ = {
			isa = PBXGroup;
			children = (
				161852761AB25DFB00526D81 /* Trailer.entitlements */,
				16B94070182D136700F32061 /* dsa_pub.pem */,
				168BC6B517EC2DF000BC4584 /* Info.plist */,
			);
			name = "Supporting Files";
			sourceTree = "<group>";
		};
		16B069711882EA1D0053620E /* UI */ = {
			isa = PBXGroup;
			children = (
				16EE871A1A446BFE00A1D16F /* EmptyView.swift */,
				16C9A27B1A44EBCF00EE54EC /* DetailViewController.swift */,
				1615045D1A464656001CF50C /* PRCell.swift */,
				1615045F1A4651CB001CF50C /* MasterViewController.swift */,
				16EE6ACF1A9A711C000A8483 /* CountLabel.swift */,
				164840C41AD04C3C009E6383 /* QuickStartViewController.swift */,
			);
			name = UI;
			sourceTree = "<group>";
		};
		16B069721882EA530053620E /* Extensions */ = {
			isa = PBXGroup;
			children = (
				16259BCD1A449400009C5745 /* OpenInSafariActivity.swift */,
				160823F31A44982F006F91AD /* UINavigationControllerExtensions.swift */,
			);
			name = Extensions;
			sourceTree = "<group>";
		};
		16B3B35C1A34F859000BE6CC /* Globals */ = {
			isa = PBXGroup;
			children = (
				16B3B3591A34EAEE000BE6CC /* main.swift */,
				164785A91A2CE7BD00297764 /* Globals.swift */,
				1664CBC91B7796840006BDE7 /* Enums.swift */,
			);
			name = Globals;
			sourceTree = "<group>";
		};
		16B6B7BE1BA3B903006A509F /* Core */ = {
			isa = PBXGroup;
			children = (
				162530501B7AAE49000E3F3B /* ExtensionDelegate.swift */,
				16813CBE1BA16D660020F8EB /* CommonController.swift */,
				16B6B7C01BA3B94C006A509F /* ComplicationDataSource.swift */,
				16522D761AB03AE500B1C3FB /* GlanceController.swift */,
			);
			name = Core;
			sourceTree = "<group>";
		};
		16B9552E17EC86D10005118F /* Data */ = {
			isa = PBXGroup;
			children = (
				16B3B33B1A34E990000BE6CC /* Trailer.xcdatamodeld */,
				16CBE1C01A2DBB2700485053 /* DataManager.swift */,
				16EE562219B857C90031DF6D /* Models */,
			);
			name = Data;
			path = Trailer;
			sourceTree = "<group>";
		};
		16D845381AB4513F0098FB65 /* Sections */ = {
			isa = PBXGroup;
			children = (
				16143E7A1AB435EC00BAC070 /* SectionController.swift */,
				16143E821AB44E9F00BAC070 /* SectionRow.swift */,
				16EA4A341AC0CAA3001AC9D0 /* TitleRow.swift */,
			);
			name = Sections;
			sourceTree = "<group>";
		};
		16E93D101AB467BF00CA967E /* List */ = {
			isa = PBXGroup;
			children = (
				16E93D111AB467DA00CA967E /* PRListController.swift */,
				16E93D181AB46CEE00CA967E /* PRRow.swift */,
			);
			name = List;
			sourceTree = "<group>";
		};
		16E93D151AB4681800CA967E /* Detail */ = {
			isa = PBXGroup;
			children = (
				16E93D131AB4680F00CA967E /* PRDetailController.swift */,
				16E93D161AB46CE600CA967E /* LabelRow.swift */,
				16EDAB191AB4C2D4009B38DD /* CommentRow.swift */,
				16EDAB1B1AB4CB6F009B38DD /* StatusRow.swift */,
			);
			name = Detail;
			sourceTree = "<group>";
		};
		16EE562219B857C90031DF6D /* Models */ = {
			isa = PBXGroup;
			children = (
				16B3B3101A34E8E2000BE6CC /* ApiServer.swift */,
				16B3B3111A34E8E2000BE6CC /* DataItem.swift */,
				1633C1911ABCEC4A0086C692 /* Issue.swift */,
				16A69ED91AC83020008231F9 /* ListableItem.swift */,
				16B3B3121A34E8E2000BE6CC /* PRComment.swift */,
				16B3B3131A34E8E2000BE6CC /* PRLabel.swift */,
				16B3B3141A34E8E2000BE6CC /* PRStatus.swift */,
				16B3B3151A34E8E2000BE6CC /* PullRequest.swift */,
				16B3B3161A34E8E2000BE6CC /* Repo.swift */,
				161B851B1AB8E12C00AD4C5D /* Team.swift */,
			);
			name = Models;
			sourceTree = "<group>";
		};
		16FD14D11881C82400FDC960 /* Settings */ = {
			isa = PBXGroup;
			children = (
				16C9A2751A44D12600EE54EC /* AboutTrailerViewController.swift */,
				166A84C11A45A37700A3B292 /* AdvancedSettingsViewController.swift */,
				16C9A2791A44DD0200EE54EC /* CommentBlacklistViewController.swift */,
				166A84C31A45CEE000A3B292 /* PickerViewController.swift */,
				1606F1BC1A471CDC0088368E /* RespositoriesViewController.swift */,
				166A84BF1A4582C100A3B292 /* ServerDetailViewController.swift */,
				166A84BD1A457CA700A3B292 /* ServersViewController.swift */,
				164840FB1AD196D6009E6383 /* SettingsManager.swift */,
				164840FD1AD19837009E6383 /* PopupManager.swift */,
				164841011AD19933009E6383 /* NotificationManager.swift */,
				16C90F011B13BC180095E8D5 /* RepoSettingsViewController.swift */,
				16F4136F1BA5850A006B0195 /* RepoCell.swift */,
				165C490F1BA63B45006BBCF5 /* AdvancedSettingsCell.swift */,
			);
			name = Settings;
			sourceTree = "<group>";
		};
/* End PBXGroup section */

/* Begin PBXNativeTarget section */
		1618527A1AB2CB9000526D81 /* PocketTrailer Today Extension */ = {
			isa = PBXNativeTarget;
			buildConfigurationList = 161852881AB2CB9000526D81 /* Build configuration list for PBXNativeTarget "PocketTrailer Today Extension" */;
			buildPhases = (
				161852771AB2CB9000526D81 /* Sources */,
				161852781AB2CB9000526D81 /* Frameworks */,
				161852791AB2CB9000526D81 /* Resources */,
			);
			buildRules = (
			);
			dependencies = (
			);
			name = "PocketTrailer Today Extension";
			productName = "PocketTrailer Today Extension";
			productReference = 1618527B1AB2CB9000526D81 /* PocketTrailer Today Extension.appex */;
			productType = "com.apple.product-type.app-extension";
		};
		1628A6B018789E73005EDA69 /* PocketTrailer */ = {
			isa = PBXNativeTarget;
			buildConfigurationList = 1628A6EE18789E74005EDA69 /* Build configuration list for PBXNativeTarget "PocketTrailer" */;
			buildPhases = (
				1628A6AD18789E73005EDA69 /* Sources */,
				1628A6AE18789E73005EDA69 /* Frameworks */,
				1628A6AF18789E73005EDA69 /* Resources */,
				16522D911AB03AE500B1C3FB /* Embed App Extensions */,
				16CE478A1B7755E00086F4DC /* Embed Watch Content */,
			);
			buildRules = (
			);
			dependencies = (
				16D780471B77E00D00A4D0BE /* PBXTargetDependency */,
				16D780451B77E00500A4D0BE /* PBXTargetDependency */,
			);
			name = PocketTrailer;
			productName = PocketTrailer;
			productReference = 1628A6B118789E73005EDA69 /* PocketTrailer.app */;
			productType = "com.apple.product-type.application";
		};
		16522D6F1AB03AE500B1C3FB /* PocketTrailer WatchKit Extension */ = {
			isa = PBXNativeTarget;
			buildConfigurationList = 16522D901AB03AE500B1C3FB /* Build configuration list for PBXNativeTarget "PocketTrailer WatchKit Extension" */;
			buildPhases = (
				16522D6C1AB03AE500B1C3FB /* Sources */,
				16522D6D1AB03AE500B1C3FB /* Frameworks */,
				16522D6E1AB03AE500B1C3FB /* Resources */,
			);
			buildRules = (
			);
			dependencies = (
			);
			name = "PocketTrailer WatchKit Extension";
			productName = "PocketTrailer WatchKit Extension";
			productReference = 16522D701AB03AE500B1C3FB /* PocketTrailer WatchKit Extension.appex */;
			productType = "com.apple.product-type.watchkit2-extension";
		};
		16522D7B1AB03AE500B1C3FB /* PocketTrailer WatchKit App */ = {
			isa = PBXNativeTarget;
			buildConfigurationList = 16522D8F1AB03AE500B1C3FB /* Build configuration list for PBXNativeTarget "PocketTrailer WatchKit App" */;
			buildPhases = (
				16522D7A1AB03AE500B1C3FB /* Resources */,
				16CE47891B7755E00086F4DC /* Embed App Extensions */,
			);
			buildRules = (
			);
			dependencies = (
				16CE47841B7755E00086F4DC /* PBXTargetDependency */,
			);
			name = "PocketTrailer WatchKit App";
			productName = "PocketTrailer WatchKit App";
			productReference = 16522D7C1AB03AE500B1C3FB /* PocketTrailer WatchKit App.app */;
			productType = "com.apple.product-type.application.watchapp2";
		};
		168BC6A917EC2DF000BC4584 /* Trailer */ = {
			isa = PBXNativeTarget;
			buildConfigurationList = 168BC6DE17EC2DF000BC4584 /* Build configuration list for PBXNativeTarget "Trailer" */;
			buildPhases = (
				168BC6A617EC2DF000BC4584 /* Sources */,
				168BC6A717EC2DF000BC4584 /* Frameworks */,
				168BC6A817EC2DF000BC4584 /* Resources */,
				16A505D71A387C99005DD3B7 /* Embed Frameworks */,
			);
			buildRules = (
			);
			dependencies = (
			);
			name = Trailer;
			productName = Trailer;
			productReference = 168BC6AA17EC2DF000BC4584 /* Trailer.app */;
			productType = "com.apple.product-type.application";
		};
/* End PBXNativeTarget section */

/* Begin PBXProject section */
		168BC6A217EC2DF000BC4584 /* Project object */ = {
			isa = PBXProject;
			attributes = {
				LastSwiftMigration = 0700;
				LastSwiftUpdateCheck = 0700;
				LastUpgradeCheck = 0700;
				ORGANIZATIONNAME = "";
				TargetAttributes = {
					1618527A1AB2CB9000526D81 = {
						CreatedOnToolsVersion = 6.2;
						DevelopmentTeam = X727JSJUGJ;
						SystemCapabilities = {
							com.apple.ApplicationGroups.iOS = {
								enabled = 1;
							};
						};
					};
					1628A6B018789E73005EDA69 = {
						DevelopmentTeam = X727JSJUGJ;
						SystemCapabilities = {
							com.apple.ApplicationGroups.iOS = {
								enabled = 1;
							};
							com.apple.BackgroundModes = {
								enabled = 1;
							};
							com.apple.iCloud = {
								enabled = 1;
							};
						};
					};
					16522D6F1AB03AE500B1C3FB = {
						CreatedOnToolsVersion = 6.2;
						DevelopmentTeam = X727JSJUGJ;
						SystemCapabilities = {
							com.apple.ApplicationGroups.iOS = {
								enabled = 0;
							};
						};
					};
					16522D7B1AB03AE500B1C3FB = {
						CreatedOnToolsVersion = 6.2;
						DevelopmentTeam = X727JSJUGJ;
					};
					168BC6A917EC2DF000BC4584 = {
						DevelopmentTeam = X727JSJUGJ;
						SystemCapabilities = {
							com.apple.ApplicationGroups.Mac = {
								enabled = 1;
							};
						};
					};
				};
			};
			buildConfigurationList = 168BC6A517EC2DF000BC4584 /* Build configuration list for PBXProject "Trailer" */;
			compatibilityVersion = "Xcode 6.3";
			developmentRegion = English;
			hasScannedForEncodings = 0;
			knownRegions = (
				en,
				Base,
			);
			mainGroup = 168BC6A117EC2DF000BC4584;
			productRefGroup = 168BC6AB17EC2DF000BC4584 /* Products */;
			projectDirPath = "";
			projectRoot = "";
			targets = (
				168BC6A917EC2DF000BC4584 /* Trailer */,
				1628A6B018789E73005EDA69 /* PocketTrailer */,
				1618527A1AB2CB9000526D81 /* PocketTrailer Today Extension */,
				16522D7B1AB03AE500B1C3FB /* PocketTrailer WatchKit App */,
				16522D6F1AB03AE500B1C3FB /* PocketTrailer WatchKit Extension */,
			);
		};
/* End PBXProject section */

/* Begin PBXResourcesBuildPhase section */
		161852791AB2CB9000526D81 /* Resources */ = {
			isa = PBXResourcesBuildPhase;
			buildActionMask = 2147483647;
			files = (
				1618528C1AB2CC8200526D81 /* Media.xcassets in Resources */,
				161852841AB2CB9000526D81 /* MainInterface.storyboard in Resources */,
			);
			runOnlyForDeploymentPostprocessing = 0;
		};
		1628A6AF18789E73005EDA69 /* Resources */ = {
			isa = PBXResourcesBuildPhase;
			buildActionMask = 2147483647;
			files = (
				1628A6CB18789E73005EDA69 /* Main.storyboard in Resources */,
				1628A6D618789E73005EDA69 /* Images.xcassets in Resources */,
				16DD6AB21AE457C300145425 /* trailerDoc320.png in Resources */,
				16DD6AAF1AE457C300145425 /* trailerDoc22.png in Resources */,
				16DD6AB01AE457C300145425 /* trailerDoc44.png in Resources */,
				16154E2F19C43E8E00E49139 /* Launch.storyboard in Resources */,
				16DD6AB11AE457C300145425 /* trailerDoc64.png in Resources */,
			);
			runOnlyForDeploymentPostprocessing = 0;
		};
		16522D6E1AB03AE500B1C3FB /* Resources */ = {
			isa = PBXResourcesBuildPhase;
			buildActionMask = 2147483647;
			files = (
				16522D791AB03AE500B1C3FB /* Images.xcassets in Resources */,
			);
			runOnlyForDeploymentPostprocessing = 0;
		};
		16522D7A1AB03AE500B1C3FB /* Resources */ = {
			isa = PBXResourcesBuildPhase;
			buildActionMask = 2147483647;
			files = (
				16522D851AB03AE500B1C3FB /* Interface.storyboard in Resources */,
				16522D871AB03AE500B1C3FB /* Images.xcassets in Resources */,
			);
			runOnlyForDeploymentPostprocessing = 0;
		};
		168BC6A817EC2DF000BC4584 /* Resources */ = {
			isa = PBXResourcesBuildPhase;
			buildActionMask = 2147483647;
			files = (
				1671A1231AC74BC30047440A /* SetupAssistant.xib in Resources */,
				164840BF1ACFEA45009E6383 /* AboutWindow.xib in Resources */,
				16B94072182D136700F32061 /* dsa_pub.pem in Resources */,
				160FB1421AE3F7C700EB5C8E /* PreferencesWindow.xib in Resources */,
				164840C31ACFEFA9009E6383 /* MenuWindow.xib in Resources */,
				168BC6C917EC2DF000BC4584 /* Images.xcassets in Resources */,
				16519EB41ACF0E91002171D0 /* Trailer.icns in Resources */,
				168BC6C417EC2DF000BC4584 /* MainMenu.xib in Resources */,
			);
			runOnlyForDeploymentPostprocessing = 0;
		};
/* End PBXResourcesBuildPhase section */

/* Begin PBXSourcesBuildPhase section */
		161852771AB2CB9000526D81 /* Sources */ = {
			isa = PBXSourcesBuildPhase;
			buildActionMask = 2147483647;
			files = (
				161852911AB2CE3200526D81 /* Settings.swift in Sources */,
				161852951AB2CE3200526D81 /* PRComment.swift in Sources */,
				1633C1951ABCEC4A0086C692 /* Issue.swift in Sources */,
				16A69EDD1AC83020008231F9 /* ListableItem.swift in Sources */,
				161852981AB2CE3200526D81 /* PullRequest.swift in Sources */,
				161852961AB2CE3200526D81 /* PRLabel.swift in Sources */,
				1618529A1AB2D36D00526D81 /* Trailer.xcdatamodeld in Sources */,
				161852821AB2CB9000526D81 /* TodayViewController.swift in Sources */,
				161852931AB2CE3200526D81 /* ApiServer.swift in Sources */,
				161852991AB2CE3200526D81 /* Repo.swift in Sources */,
				161852941AB2CE3200526D81 /* DataItem.swift in Sources */,
				161852971AB2CE3200526D81 /* PRStatus.swift in Sources */,
				161852921AB2CE3200526D81 /* DataManager.swift in Sources */,
				161B851F1AB8E12C00AD4C5D /* Team.swift in Sources */,
				1664CBCC1B7796840006BDE7 /* Enums.swift in Sources */,
				1618528E1AB2CE3200526D81 /* Globals.swift in Sources */,
			);
			runOnlyForDeploymentPostprocessing = 0;
		};
		1628A6AD18789E73005EDA69 /* Sources */ = {
			isa = PBXSourcesBuildPhase;
			buildActionMask = 2147483647;
			files = (
				16B3B31C1A34E8E2000BE6CC /* PRComment.swift in Sources */,
				16C9A27C1A44EBCF00EE54EC /* DetailViewController.swift in Sources */,
				1606F1BB1A4703E60088368E /* iOS_AppDelegate.swift in Sources */,
				16B3B3201A34E8E2000BE6CC /* PRStatus.swift in Sources */,
				16A69EDB1AC83020008231F9 /* ListableItem.swift in Sources */,
				164785AB1A2CE7BD00297764 /* Globals.swift in Sources */,
				16C9A2761A44D12600EE54EC /* AboutTrailerViewController.swift in Sources */,
				16CBE1C61A2DFBA500485053 /* Settings.swift in Sources */,
				161B851D1AB8E12C00AD4C5D /* Team.swift in Sources */,
				16EE6AD01A9A711C000A8483 /* CountLabel.swift in Sources */,
				16B3B3181A34E8E2000BE6CC /* ApiServer.swift in Sources */,
				16259BCE1A449400009C5745 /* OpenInSafariActivity.swift in Sources */,
				16C9A27A1A44DD0200EE54EC /* CommentBlacklistViewController.swift in Sources */,
				165C49101BA63B45006BBCF5 /* AdvancedSettingsCell.swift in Sources */,
				164840FC1AD196D6009E6383 /* SettingsManager.swift in Sources */,
				1633C1931ABCEC4A0086C692 /* Issue.swift in Sources */,
				16F413701BA5850A006B0195 /* RepoCell.swift in Sources */,
				1606F1BD1A471CDC0088368E /* RespositoriesViewController.swift in Sources */,
				166A84C41A45CEE000A3B292 /* PickerViewController.swift in Sources */,
				166A84C21A45A37700A3B292 /* AdvancedSettingsViewController.swift in Sources */,
				16CBE1C21A2DBB2700485053 /* DataManager.swift in Sources */,
				164841021AD19933009E6383 /* NotificationManager.swift in Sources */,
				16B3B3221A34E8E2000BE6CC /* PullRequest.swift in Sources */,
				1664CBCB1B7796840006BDE7 /* Enums.swift in Sources */,
				16B3B3241A34E8E2000BE6CC /* Repo.swift in Sources */,
				16C90F021B13BC180095E8D5 /* RepoSettingsViewController.swift in Sources */,
				16B3B31E1A34E8E2000BE6CC /* PRLabel.swift in Sources */,
				16EE871B1A446BFE00A1D16F /* EmptyView.swift in Sources */,
				1615045E1A464656001CF50C /* PRCell.swift in Sources */,
				16B3B3581A34E9F7000BE6CC /* Reachability.m in Sources */,
				164840C51AD04C3C009E6383 /* QuickStartViewController.swift in Sources */,
				16B3B35B1A34EAEE000BE6CC /* main.swift in Sources */,
				166A84BE1A457CA700A3B292 /* ServersViewController.swift in Sources */,
				161504601A4651CB001CF50C /* MasterViewController.swift in Sources */,
				164840FE1AD19837009E6383 /* PopupManager.swift in Sources */,
				16B3B31A1A34E8E2000BE6CC /* DataItem.swift in Sources */,
				166A84C01A4582C100A3B292 /* ServerDetailViewController.swift in Sources */,
				164841001AD198A6009E6383 /* WatchManager.swift in Sources */,
				162A29DA1A4085FD008F41A9 /* API.swift in Sources */,
				160823F51A44997F006F91AD /* UINavigationControllerExtensions.swift in Sources */,
				16B3B3501A34E990000BE6CC /* Trailer.xcdatamodeld in Sources */,
			);
			runOnlyForDeploymentPostprocessing = 0;
		};
		16522D6C1AB03AE500B1C3FB /* Sources */ = {
			isa = PBXSourcesBuildPhase;
			buildActionMask = 2147483647;
			files = (
				16E93D141AB4680F00CA967E /* PRDetailController.swift in Sources */,
				16EA4A351AC0CAA3001AC9D0 /* TitleRow.swift in Sources */,
				16143E831AB44E9F00BAC070 /* SectionRow.swift in Sources */,
				16E93D171AB46CE600CA967E /* LabelRow.swift in Sources */,
				16143E7B1AB435EC00BAC070 /* SectionController.swift in Sources */,
				16EDAB1C1AB4CB6F009B38DD /* StatusRow.swift in Sources */,
				162530511B7AAE49000E3F3B /* ExtensionDelegate.swift in Sources */,
				16522D771AB03AE500B1C3FB /* GlanceController.swift in Sources */,
				1664CBCD1B7796840006BDE7 /* Enums.swift in Sources */,
				16EDAB1A1AB4C2D4009B38DD /* CommentRow.swift in Sources */,
				16E93D121AB467DA00CA967E /* PRListController.swift in Sources */,
				16E93D191AB46CEE00CA967E /* PRRow.swift in Sources */,
				16B6B7C11BA3B94C006A509F /* ComplicationDataSource.swift in Sources */,
				16813CBF1BA16D660020F8EB /* CommonController.swift in Sources */,
			);
			runOnlyForDeploymentPostprocessing = 0;
		};
		168BC6A617EC2DF000BC4584 /* Sources */ = {
			isa = PBXSourcesBuildPhase;
			buildActionMask = 2147483647;
			files = (
				1633C1A21ABD84370086C692 /* PullRequestCell.swift in Sources */,
				16B3B31F1A34E8E2000BE6CC /* PRStatus.swift in Sources */,
				16A0B03C1A49AEC200B3452D /* StartupLaunch.swift in Sources */,
				16B3B3571A34E9F7000BE6CC /* Reachability.m in Sources */,
				16A505E41A39B2DD005DD3B7 /* PullRequestDelegate.swift in Sources */,
				164840C11ACFEA5A009E6383 /* AboutWindow.swift in Sources */,
				16B3B3211A34E8E2000BE6CC /* PullRequest.swift in Sources */,
				162002D61A2A49A300FF95F3 /* ViewAllowsVibrancy.swift in Sources */,
				162002DF1A2A5C9200FF95F3 /* LinkField.swift in Sources */,
				1671A11F1AC73CCB0047440A /* SetupAssistant.swift in Sources */,
				160FB1401AE3F78E00EB5C8E /* PreferencesWindow.swift in Sources */,
				1633C19D1ABD84180086C692 /* IssueCell.swift in Sources */,
				16A0B0371A48AC7900B3452D /* OSX_AppDelegate.swift in Sources */,
				161B851C1AB8E12C00AD4C5D /* Team.swift in Sources */,
				16B3B31D1A34E8E2000BE6CC /* PRLabel.swift in Sources */,
				16B3B3231A34E8E2000BE6CC /* Repo.swift in Sources */,
				16CBE1CA1A2E13A400485053 /* StatusItemView.swift in Sources */,
				16B3B35A1A34EAEE000BE6CC /* main.swift in Sources */,
				1633C1901ABCEAA00086C692 /* IssuesDelegate.swift in Sources */,
				169FB2361A3DBD7D00E00771 /* SectionHeader.swift in Sources */,
				162002DD1A2A58B900FF95F3 /* CenterTextField.swift in Sources */,
				162002E71A2A75BD00FF95F3 /* AvatarView.swift in Sources */,
				1664CBCA1B7796840006BDE7 /* Enums.swift in Sources */,
				162002DB1A2A545C00FF95F3 /* CenterTextFieldCell.swift in Sources */,
				16B74E481A3B4AC800410EF6 /* PrTable.swift in Sources */,
				16B3B3191A34E8E2000BE6CC /* DataItem.swift in Sources */,
				16CBE1C11A2DBB2700485053 /* DataManager.swift in Sources */,
				162002D01A2A3E2100FF95F3 /* Application.swift in Sources */,
				16B3B3171A34E8E2000BE6CC /* ApiServer.swift in Sources */,
				161C959E1A3A36020019A577 /* MenuWindow.swift in Sources */,
				16A69EDA1AC83020008231F9 /* ListableItem.swift in Sources */,
				16CBE1C51A2DFBA500485053 /* Settings.swift in Sources */,
				16DC40FC1A3F591200BB361A /* TrailerCell.swift in Sources */,
				168FD00E1A2A7AD1005929CB /* MessageView.swift in Sources */,
				164785AA1A2CE7BD00297764 /* Globals.swift in Sources */,
				16B3B31B1A34E8E2000BE6CC /* PRComment.swift in Sources */,
				160D312C1A9619CE006B74BC /* FilledView.swift in Sources */,
				162A29D91A4085FD008F41A9 /* API.swift in Sources */,
				16B3B34F1A34E990000BE6CC /* Trailer.xcdatamodeld in Sources */,
				1633C1921ABCEC4A0086C692 /* Issue.swift in Sources */,
			);
			runOnlyForDeploymentPostprocessing = 0;
		};
/* End PBXSourcesBuildPhase section */

/* Begin PBXTargetDependency section */
		16CE47841B7755E00086F4DC /* PBXTargetDependency */ = {
			isa = PBXTargetDependency;
			target = 16522D6F1AB03AE500B1C3FB /* PocketTrailer WatchKit Extension */;
			targetProxy = 16CE47831B7755E00086F4DC /* PBXContainerItemProxy */;
		};
		16D780451B77E00500A4D0BE /* PBXTargetDependency */ = {
			isa = PBXTargetDependency;
			target = 1618527A1AB2CB9000526D81 /* PocketTrailer Today Extension */;
			targetProxy = 16D780441B77E00500A4D0BE /* PBXContainerItemProxy */;
		};
		16D780471B77E00D00A4D0BE /* PBXTargetDependency */ = {
			isa = PBXTargetDependency;
			target = 16522D7B1AB03AE500B1C3FB /* PocketTrailer WatchKit App */;
			targetProxy = 16D780461B77E00D00A4D0BE /* PBXContainerItemProxy */;
		};
/* End PBXTargetDependency section */

/* Begin PBXVariantGroup section */
		1628A6C918789E73005EDA69 /* Main.storyboard */ = {
			isa = PBXVariantGroup;
			children = (
				1628A6CA18789E73005EDA69 /* Base */,
			);
			name = Main.storyboard;
			sourceTree = "<group>";
		};
		16522D831AB03AE500B1C3FB /* Interface.storyboard */ = {
			isa = PBXVariantGroup;
			children = (
				16522D841AB03AE500B1C3FB /* Base */,
			);
			name = Interface.storyboard;
			sourceTree = "<group>";
		};
		168BC6C217EC2DF000BC4584 /* MainMenu.xib */ = {
			isa = PBXVariantGroup;
			children = (
				168BC6C317EC2DF000BC4584 /* Base */,
			);
			name = MainMenu.xib;
			sourceTree = "<group>";
		};
/* End PBXVariantGroup section */

/* Begin XCBuildConfiguration section */
		161852891AB2CB9000526D81 /* Debug */ = {
			isa = XCBuildConfiguration;
			buildSettings = {
				ALWAYS_SEARCH_USER_PATHS = NO;
				CLANG_WARN_UNREACHABLE_CODE = YES;
				CODE_SIGN_ENTITLEMENTS = "PocketTrailer Today Extension/PocketTrailer Today Extension.entitlements";
				CODE_SIGN_IDENTITY = "iPhone Developer: PAVLOS TSOHANTARIS (L384ZL7X6G)";
				ENABLE_STRICT_OBJC_MSGSEND = YES;
				GCC_DYNAMIC_NO_PIC = NO;
				GCC_PREPROCESSOR_DEFINITIONS = (
					"DEBUG=1",
					"$(inherited)",
					"DATA_READONLY=1",
				);
				GCC_SYMBOLS_PRIVATE_EXTERN = NO;
				GCC_WARN_UNINITIALIZED_AUTOS = YES_AGGRESSIVE;
				INFOPLIST_FILE = "PocketTrailer Today Extension/Info.plist";
				LD_RUNPATH_SEARCH_PATHS = "$(inherited) @executable_path/Frameworks @executable_path/../../Frameworks";
				MTL_ENABLE_DEBUG_INFO = YES;
				PRODUCT_BUNDLE_IDENTIFIER = "com.housetrip.mobile.trailer.ios.PocketTrailer.$(PRODUCT_NAME:rfc1034identifier)";
				PRODUCT_NAME = "$(TARGET_NAME)";
				SDKROOT = iphoneos;
				SKIP_INSTALL = YES;
				SWIFT_OBJC_BRIDGING_HEADER = "PocketTrailer/PocketTrailer-Bridging-Header.h";
			};
			name = Debug;
		};
		1618528A1AB2CB9000526D81 /* Release */ = {
			isa = XCBuildConfiguration;
			buildSettings = {
				ALWAYS_SEARCH_USER_PATHS = NO;
				CLANG_WARN_UNREACHABLE_CODE = YES;
				CODE_SIGN_ENTITLEMENTS = "PocketTrailer Today Extension/PocketTrailer Today Extension.entitlements";
				CODE_SIGN_IDENTITY = "iPhone Developer: PAVLOS TSOHANTARIS (L384ZL7X6G)";
				ENABLE_STRICT_OBJC_MSGSEND = YES;
				GCC_WARN_UNINITIALIZED_AUTOS = YES_AGGRESSIVE;
				INFOPLIST_FILE = "PocketTrailer Today Extension/Info.plist";
				LD_RUNPATH_SEARCH_PATHS = "$(inherited) @executable_path/Frameworks @executable_path/../../Frameworks";
				MTL_ENABLE_DEBUG_INFO = NO;
				PRODUCT_BUNDLE_IDENTIFIER = "com.housetrip.mobile.trailer.ios.PocketTrailer.$(PRODUCT_NAME:rfc1034identifier)";
				PRODUCT_NAME = "$(TARGET_NAME)";
				SDKROOT = iphoneos;
				SKIP_INSTALL = YES;
				SWIFT_OBJC_BRIDGING_HEADER = "PocketTrailer/PocketTrailer-Bridging-Header.h";
				VALIDATE_PRODUCT = YES;
			};
			name = Release;
		};
		1628A6EA18789E74005EDA69 /* Debug */ = {
			isa = XCBuildConfiguration;
			buildSettings = {
				ASSETCATALOG_COMPILER_APPICON_NAME = AppIcon;
				CODE_SIGN_ENTITLEMENTS = PocketTrailer/PocketTrailer.entitlements;
				CODE_SIGN_IDENTITY = "iPhone Developer: PAVLOS TSOHANTARIS (L384ZL7X6G)";
				INFOPLIST_FILE = PocketTrailer/Info.plist;
				PRODUCT_BUNDLE_IDENTIFIER = "com.housetrip.mobile.trailer.ios.${PRODUCT_NAME:rfc1034identifier}";
				PRODUCT_NAME = "$(TARGET_NAME)";
				SDKROOT = iphoneos;
				SWIFT_OBJC_BRIDGING_HEADER = "PocketTrailer/PocketTrailer-Bridging-Header.h";
				TARGETED_DEVICE_FAMILY = "1,2";
				WRAPPER_EXTENSION = app;
			};
			name = Debug;
		};
		1628A6EB18789E74005EDA69 /* Release */ = {
			isa = XCBuildConfiguration;
			buildSettings = {
				ASSETCATALOG_COMPILER_APPICON_NAME = AppIcon;
				CODE_SIGN_ENTITLEMENTS = PocketTrailer/PocketTrailer.entitlements;
				CODE_SIGN_IDENTITY = "iPhone Developer: PAVLOS TSOHANTARIS (L384ZL7X6G)";
				INFOPLIST_FILE = PocketTrailer/Info.plist;
				PRODUCT_BUNDLE_IDENTIFIER = "com.housetrip.mobile.trailer.ios.${PRODUCT_NAME:rfc1034identifier}";
				PRODUCT_NAME = "$(TARGET_NAME)";
				SDKROOT = iphoneos;
				SWIFT_OBJC_BRIDGING_HEADER = "PocketTrailer/PocketTrailer-Bridging-Header.h";
				TARGETED_DEVICE_FAMILY = "1,2";
				VALIDATE_PRODUCT = YES;
				WRAPPER_EXTENSION = app;
			};
			name = Release;
		};
		16522D8B1AB03AE500B1C3FB /* Debug */ = {
			isa = XCBuildConfiguration;
			buildSettings = {
				ALWAYS_SEARCH_USER_PATHS = NO;
				CLANG_WARN_UNREACHABLE_CODE = YES;
				CODE_SIGN_IDENTITY = "iPhone Developer";
				"CODE_SIGN_IDENTITY[sdk=watchos*]" = "iPhone Developer";
				ENABLE_STRICT_OBJC_MSGSEND = YES;
				GCC_DYNAMIC_NO_PIC = NO;
				GCC_SYMBOLS_PRIVATE_EXTERN = NO;
				GCC_WARN_UNINITIALIZED_AUTOS = YES_AGGRESSIVE;
				INFOPLIST_FILE = "PocketTrailer WatchKit Extension/Info.plist";
				IPHONEOS_DEPLOYMENT_TARGET = 8.2;
				LD_RUNPATH_SEARCH_PATHS = "$(inherited) @executable_path/Frameworks @executable_path/../../Frameworks";
				MTL_ENABLE_DEBUG_INFO = YES;
				PRODUCT_BUNDLE_IDENTIFIER = com.housetrip.mobile.trailer.ios.PocketTrailer.watchkitapp.watchkitextension;
				PRODUCT_NAME = "${TARGET_NAME}";
				PROVISIONING_PROFILE = "";
				SDKROOT = watchos;
				SKIP_INSTALL = YES;
				SWIFT_OBJC_BRIDGING_HEADER = "PocketTrailer/PocketTrailer-Bridging-Header.h";
				TARGETED_DEVICE_FAMILY = 4;
				WATCHOS_DEPLOYMENT_TARGET = 2.0;
			};
			name = Debug;
		};
		16522D8C1AB03AE500B1C3FB /* Release */ = {
			isa = XCBuildConfiguration;
			buildSettings = {
				ALWAYS_SEARCH_USER_PATHS = NO;
				CLANG_WARN_UNREACHABLE_CODE = YES;
				CODE_SIGN_IDENTITY = "iPhone Developer";
				"CODE_SIGN_IDENTITY[sdk=watchos*]" = "iPhone Developer";
				ENABLE_STRICT_OBJC_MSGSEND = YES;
				GCC_WARN_UNINITIALIZED_AUTOS = YES_AGGRESSIVE;
				INFOPLIST_FILE = "PocketTrailer WatchKit Extension/Info.plist";
				IPHONEOS_DEPLOYMENT_TARGET = 8.2;
				LD_RUNPATH_SEARCH_PATHS = "$(inherited) @executable_path/Frameworks @executable_path/../../Frameworks";
				MTL_ENABLE_DEBUG_INFO = NO;
				PRODUCT_BUNDLE_IDENTIFIER = com.housetrip.mobile.trailer.ios.PocketTrailer.watchkitapp.watchkitextension;
				PRODUCT_NAME = "${TARGET_NAME}";
				PROVISIONING_PROFILE = "";
				SDKROOT = watchos;
				SKIP_INSTALL = YES;
				SWIFT_OBJC_BRIDGING_HEADER = "PocketTrailer/PocketTrailer-Bridging-Header.h";
				TARGETED_DEVICE_FAMILY = 4;
				VALIDATE_PRODUCT = YES;
				WATCHOS_DEPLOYMENT_TARGET = 2.0;
			};
			name = Release;
		};
		16522D8D1AB03AE500B1C3FB /* Debug */ = {
			isa = XCBuildConfiguration;
			buildSettings = {
				ALWAYS_SEARCH_USER_PATHS = NO;
				ASSETCATALOG_COMPILER_APPICON_NAME = AppIcon;
				CLANG_WARN_UNREACHABLE_CODE = YES;
				CODE_SIGN_IDENTITY = "iPhone Developer: PAVLOS TSOHANTARIS (L384ZL7X6G)";
				EMBEDDED_CONTENT_CONTAINS_SWIFT = YES;
				ENABLE_STRICT_OBJC_MSGSEND = YES;
				GCC_DYNAMIC_NO_PIC = NO;
				GCC_SYMBOLS_PRIVATE_EXTERN = NO;
				GCC_WARN_UNINITIALIZED_AUTOS = YES_AGGRESSIVE;
				IBSC_MODULE = PocketTrailer_WatchKit_Extension;
				INFOPLIST_FILE = "PocketTrailer WatchKit App/Info.plist";
				MTL_ENABLE_DEBUG_INFO = YES;
				PRODUCT_BUNDLE_IDENTIFIER = com.housetrip.mobile.trailer.ios.PocketTrailer.watchkitapp;
				PRODUCT_NAME = "$(TARGET_NAME)";
				SDKROOT = watchos;
				SKIP_INSTALL = YES;
				TARGETED_DEVICE_FAMILY = 4;
				WATCHOS_DEPLOYMENT_TARGET = 2.0;
			};
			name = Debug;
		};
		16522D8E1AB03AE500B1C3FB /* Release */ = {
			isa = XCBuildConfiguration;
			buildSettings = {
				ALWAYS_SEARCH_USER_PATHS = NO;
				ASSETCATALOG_COMPILER_APPICON_NAME = AppIcon;
				CLANG_WARN_UNREACHABLE_CODE = YES;
				CODE_SIGN_IDENTITY = "iPhone Developer: PAVLOS TSOHANTARIS (L384ZL7X6G)";
				EMBEDDED_CONTENT_CONTAINS_SWIFT = YES;
				ENABLE_STRICT_OBJC_MSGSEND = YES;
				GCC_WARN_UNINITIALIZED_AUTOS = YES_AGGRESSIVE;
				IBSC_MODULE = PocketTrailer_WatchKit_Extension;
				INFOPLIST_FILE = "PocketTrailer WatchKit App/Info.plist";
				MTL_ENABLE_DEBUG_INFO = NO;
				PRODUCT_BUNDLE_IDENTIFIER = com.housetrip.mobile.trailer.ios.PocketTrailer.watchkitapp;
				PRODUCT_NAME = "$(TARGET_NAME)";
				SDKROOT = watchos;
				SKIP_INSTALL = YES;
				TARGETED_DEVICE_FAMILY = 4;
				VALIDATE_PRODUCT = YES;
				WATCHOS_DEPLOYMENT_TARGET = 2.0;
			};
			name = Release;
		};
		168BC6DC17EC2DF000BC4584 /* Debug */ = {
			isa = XCBuildConfiguration;
			buildSettings = {
				CLANG_ENABLE_MODULES = YES;
				CLANG_ENABLE_OBJC_ARC = YES;
				CLANG_WARN_BOOL_CONVERSION = YES;
				CLANG_WARN_CONSTANT_CONVERSION = YES;
				CLANG_WARN_DIRECT_OBJC_ISA_USAGE = YES_ERROR;
				CLANG_WARN_EMPTY_BODY = YES;
				CLANG_WARN_ENUM_CONVERSION = YES;
				CLANG_WARN_INT_CONVERSION = YES;
				CLANG_WARN_OBJC_ROOT_CLASS = YES_ERROR;
				CLANG_WARN__DUPLICATE_METHOD_MATCH = YES;
				COPY_PHASE_STRIP = NO;
				ENABLE_TESTABILITY = YES;
				GCC_OPTIMIZATION_LEVEL = 0;
				GCC_PREPROCESSOR_DEFINITIONS = (
					"DEBUG=1",
					"$(inherited)",
				);
				GCC_WARN_64_TO_32_BIT_CONVERSION = YES;
				GCC_WARN_ABOUT_RETURN_TYPE = YES_ERROR;
				GCC_WARN_UNDECLARED_SELECTOR = YES;
				GCC_WARN_UNINITIALIZED_AUTOS = YES;
				GCC_WARN_UNUSED_FUNCTION = YES;
				GCC_WARN_UNUSED_VARIABLE = YES;
				IPHONEOS_DEPLOYMENT_TARGET = 9.0;
				LD_RUNPATH_SEARCH_PATHS = "$(inherited) @executable_path/Frameworks @executable_path/../Frameworks";
				MACOSX_DEPLOYMENT_TARGET = 10.9;
				ONLY_ACTIVE_ARCH = YES;
				OTHER_SWIFT_FLAGS = "-D DEBUG";
				PRODUCT_MODULE_NAME = Trailer;
				STRIP_INSTALLED_PRODUCT = NO;
				SWIFT_OPTIMIZATION_LEVEL = "-Onone";
			};
			name = Debug;
		};
		168BC6DD17EC2DF000BC4584 /* Release */ = {
			isa = XCBuildConfiguration;
			buildSettings = {
				CLANG_ENABLE_MODULES = YES;
				CLANG_ENABLE_OBJC_ARC = YES;
				CLANG_WARN_BOOL_CONVERSION = YES;
				CLANG_WARN_CONSTANT_CONVERSION = YES;
				CLANG_WARN_DIRECT_OBJC_ISA_USAGE = YES_ERROR;
				CLANG_WARN_EMPTY_BODY = YES;
				CLANG_WARN_ENUM_CONVERSION = YES;
				CLANG_WARN_INT_CONVERSION = YES;
				CLANG_WARN_OBJC_ROOT_CLASS = YES_ERROR;
				CLANG_WARN__DUPLICATE_METHOD_MATCH = YES;
				COPY_PHASE_STRIP = NO;
				DEAD_CODE_STRIPPING = YES;
				DEBUG_INFORMATION_FORMAT = "dwarf-with-dsym";
				DEPLOYMENT_POSTPROCESSING = YES;
				ENABLE_NS_ASSERTIONS = NO;
				GCC_OPTIMIZATION_LEVEL = fast;
				GCC_WARN_64_TO_32_BIT_CONVERSION = YES;
				GCC_WARN_ABOUT_RETURN_TYPE = YES_ERROR;
				GCC_WARN_UNDECLARED_SELECTOR = YES;
				GCC_WARN_UNINITIALIZED_AUTOS = YES;
				GCC_WARN_UNUSED_FUNCTION = YES;
				GCC_WARN_UNUSED_VARIABLE = YES;
				IPHONEOS_DEPLOYMENT_TARGET = 9.0;
				LD_RUNPATH_SEARCH_PATHS = "$(inherited) @executable_path/Frameworks @executable_path/../Frameworks";
				LLVM_LTO = YES;
				MACOSX_DEPLOYMENT_TARGET = 10.9;
				PRODUCT_MODULE_NAME = Trailer;
				SEPARATE_STRIP = YES;
				SWIFT_OPTIMIZATION_LEVEL = "-Owholemodule";
			};
			name = Release;
		};
		168BC6DF17EC2DF000BC4584 /* Debug */ = {
			isa = XCBuildConfiguration;
			buildSettings = {
				ASSETCATALOG_COMPILER_APPICON_NAME = AppIcon;
				CODE_SIGN_ENTITLEMENTS = Trailer/Trailer.entitlements;
				CODE_SIGN_IDENTITY = "Mac Developer: PAVLOS TSOHANTARIS (L384ZL7X6G)";
				COMBINE_HIDPI_IMAGES = YES;
				FRAMEWORK_SEARCH_PATHS = (
					"$(inherited)",
					"$(PROJECT_DIR)/Trailer",
				);
				INFOPLIST_FILE = Trailer/Info.plist;
				PRODUCT_BUNDLE_IDENTIFIER = "com.housetrip.${PRODUCT_NAME:rfc1034identifier}";
				PRODUCT_NAME = "$(TARGET_NAME)";
				SDKROOT = macosx;
				SWIFT_OBJC_BRIDGING_HEADER = "Trailer/Trailer-Bridging-Header.h";
				WRAPPER_EXTENSION = app;
			};
			name = Debug;
		};
		168BC6E017EC2DF000BC4584 /* Release */ = {
			isa = XCBuildConfiguration;
			buildSettings = {
				ASSETCATALOG_COMPILER_APPICON_NAME = AppIcon;
				CODE_SIGN_ENTITLEMENTS = Trailer/Trailer.entitlements;
				CODE_SIGN_IDENTITY = "Mac Developer: PAVLOS TSOHANTARIS (L384ZL7X6G)";
				COMBINE_HIDPI_IMAGES = YES;
				FRAMEWORK_SEARCH_PATHS = (
					"$(inherited)",
					"$(PROJECT_DIR)/Trailer",
				);
				INFOPLIST_FILE = Trailer/Info.plist;
				PRODUCT_BUNDLE_IDENTIFIER = "com.housetrip.${PRODUCT_NAME:rfc1034identifier}";
				PRODUCT_NAME = "$(TARGET_NAME)";
				SDKROOT = macosx;
				SWIFT_OBJC_BRIDGING_HEADER = "Trailer/Trailer-Bridging-Header.h";
				WRAPPER_EXTENSION = app;
			};
			name = Release;
		};
/* End XCBuildConfiguration section */

/* Begin XCConfigurationList section */
		161852881AB2CB9000526D81 /* Build configuration list for PBXNativeTarget "PocketTrailer Today Extension" */ = {
			isa = XCConfigurationList;
			buildConfigurations = (
				161852891AB2CB9000526D81 /* Debug */,
				1618528A1AB2CB9000526D81 /* Release */,
			);
			defaultConfigurationIsVisible = 0;
			defaultConfigurationName = Release;
		};
		1628A6EE18789E74005EDA69 /* Build configuration list for PBXNativeTarget "PocketTrailer" */ = {
			isa = XCConfigurationList;
			buildConfigurations = (
				1628A6EA18789E74005EDA69 /* Debug */,
				1628A6EB18789E74005EDA69 /* Release */,
			);
			defaultConfigurationIsVisible = 0;
			defaultConfigurationName = Release;
		};
		16522D8F1AB03AE500B1C3FB /* Build configuration list for PBXNativeTarget "PocketTrailer WatchKit App" */ = {
			isa = XCConfigurationList;
			buildConfigurations = (
				16522D8D1AB03AE500B1C3FB /* Debug */,
				16522D8E1AB03AE500B1C3FB /* Release */,
			);
			defaultConfigurationIsVisible = 0;
			defaultConfigurationName = Release;
		};
		16522D901AB03AE500B1C3FB /* Build configuration list for PBXNativeTarget "PocketTrailer WatchKit Extension" */ = {
			isa = XCConfigurationList;
			buildConfigurations = (
				16522D8B1AB03AE500B1C3FB /* Debug */,
				16522D8C1AB03AE500B1C3FB /* Release */,
			);
			defaultConfigurationIsVisible = 0;
			defaultConfigurationName = Release;
		};
		168BC6A517EC2DF000BC4584 /* Build configuration list for PBXProject "Trailer" */ = {
			isa = XCConfigurationList;
			buildConfigurations = (
				168BC6DC17EC2DF000BC4584 /* Debug */,
				168BC6DD17EC2DF000BC4584 /* Release */,
			);
			defaultConfigurationIsVisible = 0;
			defaultConfigurationName = Release;
		};
		168BC6DE17EC2DF000BC4584 /* Build configuration list for PBXNativeTarget "Trailer" */ = {
			isa = XCConfigurationList;
			buildConfigurations = (
				168BC6DF17EC2DF000BC4584 /* Debug */,
				168BC6E017EC2DF000BC4584 /* Release */,
			);
			defaultConfigurationIsVisible = 0;
			defaultConfigurationName = Release;
		};
/* End XCConfigurationList section */

/* Begin XCVersionGroup section */
		16B3B33B1A34E990000BE6CC /* Trailer.xcdatamodeld */ = {
			isa = XCVersionGroup;
			children = (
				164997471B127ED500D135A2 /* Trailer 21.xcdatamodel */,
				163D1F7F1AAFA54800E080D7 /* Trailer 20.xcdatamodel */,
				16B3B33C1A34E990000BE6CC /* Trailer 10.xcdatamodel */,
				16B3B33D1A34E990000BE6CC /* Trailer 11.xcdatamodel */,
				16B3B33E1A34E990000BE6CC /* Trailer 12.xcdatamodel */,
				16B3B33F1A34E990000BE6CC /* Trailer 13.xcdatamodel */,
				16B3B3401A34E990000BE6CC /* Trailer 14.xcdatamodel */,
				16B3B3411A34E990000BE6CC /* Trailer 15.xcdatamodel */,
				16B3B3421A34E990000BE6CC /* Trailer 16.xcdatamodel */,
				16B3B3431A34E990000BE6CC /* Trailer 17.xcdatamodel */,
				16B3B3441A34E990000BE6CC /* Trailer 18.xcdatamodel */,
				16B3B3451A34E990000BE6CC /* Trailer 19.xcdatamodel */,
				16B3B3461A34E990000BE6CC /* Trailer 2.xcdatamodel */,
				16B3B3471A34E990000BE6CC /* Trailer 3.xcdatamodel */,
				16B3B3481A34E990000BE6CC /* Trailer 4.xcdatamodel */,
				16B3B3491A34E990000BE6CC /* Trailer 5.xcdatamodel */,
				16B3B34A1A34E990000BE6CC /* Trailer 6.xcdatamodel */,
				16B3B34B1A34E990000BE6CC /* Trailer 7.xcdatamodel */,
				16B3B34C1A34E990000BE6CC /* Trailer 8.xcdatamodel */,
				16B3B34D1A34E990000BE6CC /* Trailer 9.xcdatamodel */,
				16B3B34E1A34E990000BE6CC /* Trailer.xcdatamodel */,
			);
			currentVersion = 164997471B127ED500D135A2 /* Trailer 21.xcdatamodel */;
			name = Trailer.xcdatamodeld;
			path = ../Shared/Trailer.xcdatamodeld;
			sourceTree = "<group>";
			versionGroupType = wrapper.xcdatamodel;
		};
/* End XCVersionGroup section */
	};
	rootObject = 168BC6A217EC2DF000BC4584 /* Project object */;
}
