// !$*UTF8*$!
{
	archiveVersion = 1;
	classes = {
	};
	objectVersion = 46;
	objects = {

/* Begin PBXBuildFile section */
		1604D4CF189541D70064A385 /* EmptyView.m in Sources */ = {isa = PBXBuildFile; fileRef = 1604D4CE189541D70064A385 /* EmptyView.m */; };
		16075A9717EC7492000D86FD /* API.m in Sources */ = {isa = PBXBuildFile; fileRef = 16075A9617EC7492000D86FD /* API.m */; };
		160C5AD318682CD800142482 /* CommentCounts.m in Sources */ = {isa = PBXBuildFile; fileRef = 160C5AD218682CD800142482 /* CommentCounts.m */; };
		16154E2F19C43E8E00E49139 /* Launch.storyboard in Resources */ = {isa = PBXBuildFile; fileRef = 16154E2E19C43E8E00E49139 /* Launch.storyboard */; };
		1617BEEA183F538100E89BB2 /* Reachability.m in Sources */ = {isa = PBXBuildFile; fileRef = 1617BEE9183F538100E89BB2 /* Reachability.m */; };
		1617BEED183F543600E89BB2 /* SystemConfiguration.framework in Frameworks */ = {isa = PBXBuildFile; fileRef = 1617BEEC183F543600E89BB2 /* SystemConfiguration.framework */; };
		161BED25185B5368005C00F7 /* StatusItemView.m in Sources */ = {isa = PBXBuildFile; fileRef = 161BED24185B5368005C00F7 /* StatusItemView.m */; };
		162002D01A2A3E2100FF95F3 /* Application.swift in Sources */ = {isa = PBXBuildFile; fileRef = 162002CF1A2A3E2100FF95F3 /* Application.swift */; };
		162002D61A2A49A300FF95F3 /* ViewAllowsVibrancy.swift in Sources */ = {isa = PBXBuildFile; fileRef = 162002D51A2A49A300FF95F3 /* ViewAllowsVibrancy.swift */; };
		162002DB1A2A545C00FF95F3 /* CenterTextFieldCell.swift in Sources */ = {isa = PBXBuildFile; fileRef = 162002DA1A2A545C00FF95F3 /* CenterTextFieldCell.swift */; };
		162002DD1A2A58B900FF95F3 /* CenterTextField.swift in Sources */ = {isa = PBXBuildFile; fileRef = 162002DC1A2A58B900FF95F3 /* CenterTextField.swift */; };
		162002DF1A2A5C9200FF95F3 /* LinkField.swift in Sources */ = {isa = PBXBuildFile; fileRef = 162002DE1A2A5C9200FF95F3 /* LinkField.swift */; };
		162002E71A2A75BD00FF95F3 /* AvatarView.swift in Sources */ = {isa = PBXBuildFile; fileRef = 162002E61A2A75BD00FF95F3 /* AvatarView.swift */; };
		1628A6B318789E73005EDA69 /* Foundation.framework in Frameworks */ = {isa = PBXBuildFile; fileRef = 1628A6B218789E73005EDA69 /* Foundation.framework */; };
		1628A6B518789E73005EDA69 /* CoreGraphics.framework in Frameworks */ = {isa = PBXBuildFile; fileRef = 1628A6B418789E73005EDA69 /* CoreGraphics.framework */; };
		1628A6BF18789E73005EDA69 /* InfoPlist.strings in Resources */ = {isa = PBXBuildFile; fileRef = 1628A6BD18789E73005EDA69 /* InfoPlist.strings */; };
		1628A6C118789E73005EDA69 /* main.m in Sources */ = {isa = PBXBuildFile; fileRef = 1628A6C018789E73005EDA69 /* main.m */; };
		1628A6C518789E73005EDA69 /* iOS_AppDelegate.m in Sources */ = {isa = PBXBuildFile; fileRef = 1628A6C418789E73005EDA69 /* iOS_AppDelegate.m */; };
		1628A6CB18789E73005EDA69 /* Main.storyboard in Resources */ = {isa = PBXBuildFile; fileRef = 1628A6C918789E73005EDA69 /* Main.storyboard */; };
		1628A6D118789E73005EDA69 /* MasterViewController.m in Sources */ = {isa = PBXBuildFile; fileRef = 1628A6D018789E73005EDA69 /* MasterViewController.m */; };
		1628A6D418789E73005EDA69 /* DetailViewController.m in Sources */ = {isa = PBXBuildFile; fileRef = 1628A6D318789E73005EDA69 /* DetailViewController.m */; };
		1628A6D618789E73005EDA69 /* Images.xcassets in Resources */ = {isa = PBXBuildFile; fileRef = 1628A6D518789E73005EDA69 /* Images.xcassets */; };
		1628A6FC1878B64E005EDA69 /* RespositoriesViewController.m in Sources */ = {isa = PBXBuildFile; fileRef = 1628A6FB1878B64E005EDA69 /* RespositoriesViewController.m */; };
		1628A7001878B810005EDA69 /* API.m in Sources */ = {isa = PBXBuildFile; fileRef = 16075A9617EC7492000D86FD /* API.m */; };
		1628A7071878BC23005EDA69 /* Trailer.xcdatamodeld in Sources */ = {isa = PBXBuildFile; fileRef = 168BC6C517EC2DF000BC4584 /* Trailer.xcdatamodeld */; };
		1628A7081878BC32005EDA69 /* Reachability.m in Sources */ = {isa = PBXBuildFile; fileRef = 1617BEE9183F538100E89BB2 /* Reachability.m */; };
		1640470A1882ED0000A4AC9C /* AboutTrailerViewController.m in Sources */ = {isa = PBXBuildFile; fileRef = 164047091882ED0000A4AC9C /* AboutTrailerViewController.m */; };
		164785AA1A2CE7BD00297764 /* Globals.swift in Sources */ = {isa = PBXBuildFile; fileRef = 164785A91A2CE7BD00297764 /* Globals.swift */; };
		164785AB1A2CE7BD00297764 /* Globals.swift in Sources */ = {isa = PBXBuildFile; fileRef = 164785A91A2CE7BD00297764 /* Globals.swift */; };
		164785AE1A2CE7CD00297764 /* NSDictionaryExtensions.swift in Sources */ = {isa = PBXBuildFile; fileRef = 164785AC1A2CE7CD00297764 /* NSDictionaryExtensions.swift */; };
		164785AF1A2CE7CD00297764 /* NSDictionaryExtensions.swift in Sources */ = {isa = PBXBuildFile; fileRef = 164785AC1A2CE7CD00297764 /* NSDictionaryExtensions.swift */; };
		164785B01A2CE7CD00297764 /* NSStringExtensions.swift in Sources */ = {isa = PBXBuildFile; fileRef = 164785AD1A2CE7CD00297764 /* NSStringExtensions.swift */; };
		164785B11A2CE7CD00297764 /* NSStringExtensions.swift in Sources */ = {isa = PBXBuildFile; fileRef = 164785AD1A2CE7CD00297764 /* NSStringExtensions.swift */; };
		164785B51A2CE82D00297764 /* Sparkle.framework in Frameworks */ = {isa = PBXBuildFile; fileRef = 164785B41A2CE82D00297764 /* Sparkle.framework */; };
		164CCC3B1A2CEA19007E4C01 /* Sparkle.framework in CopyFiles */ = {isa = PBXBuildFile; fileRef = 164785B41A2CE82D00297764 /* Sparkle.framework */; settings = {ATTRIBUTES = (CodeSignOnCopy, RemoveHeadersOnCopy, ); }; };
		16583E481851F082003A7A55 /* SectionHeader.m in Sources */ = {isa = PBXBuildFile; fileRef = 16583E471851F082003A7A55 /* SectionHeader.m */; };
		1665B6661882F24400972111 /* UINavigationController+DismissKeyboard.m in Sources */ = {isa = PBXBuildFile; fileRef = 1665B6651882F24400972111 /* UINavigationController+DismissKeyboard.m */; };
		1665B66D1882F29E00972111 /* Settings.m in Sources */ = {isa = PBXBuildFile; fileRef = 1665B66C1882F29E00972111 /* Settings.m */; };
		1665B66E1882F29E00972111 /* Settings.m in Sources */ = {isa = PBXBuildFile; fileRef = 1665B66C1882F29E00972111 /* Settings.m */; };
		1665B6751882F42500972111 /* CoreData.framework in Frameworks */ = {isa = PBXBuildFile; fileRef = 168BC6B117EC2DF000BC4584 /* CoreData.framework */; };
		1665B6761882F43800972111 /* Foundation.framework in Frameworks */ = {isa = PBXBuildFile; fileRef = 1628A6B218789E73005EDA69 /* Foundation.framework */; };
		166A19AA19B99C4C004D9057 /* OpenInSafariActivity.m in Sources */ = {isa = PBXBuildFile; fileRef = 166A19A819B99C48004D9057 /* OpenInSafariActivity.m */; };
		168A5C77185BBA2F00CB6B02 /* MenuWindow.m in Sources */ = {isa = PBXBuildFile; fileRef = 168A5C76185BBA2F00CB6B02 /* MenuWindow.m */; };
		168BC6AE17EC2DF000BC4584 /* Cocoa.framework in Frameworks */ = {isa = PBXBuildFile; fileRef = 168BC6AD17EC2DF000BC4584 /* Cocoa.framework */; };
		168BC6B817EC2DF000BC4584 /* InfoPlist.strings in Resources */ = {isa = PBXBuildFile; fileRef = 168BC6B617EC2DF000BC4584 /* InfoPlist.strings */; };
		168BC6BA17EC2DF000BC4584 /* main.m in Sources */ = {isa = PBXBuildFile; fileRef = 168BC6B917EC2DF000BC4584 /* main.m */; };
		168BC6C117EC2DF000BC4584 /* OSX_AppDelegate.m in Sources */ = {isa = PBXBuildFile; fileRef = 168BC6C017EC2DF000BC4584 /* OSX_AppDelegate.m */; };
		168BC6C417EC2DF000BC4584 /* MainMenu.xib in Resources */ = {isa = PBXBuildFile; fileRef = 168BC6C217EC2DF000BC4584 /* MainMenu.xib */; };
		168BC6C717EC2DF000BC4584 /* Trailer.xcdatamodeld in Sources */ = {isa = PBXBuildFile; fileRef = 168BC6C517EC2DF000BC4584 /* Trailer.xcdatamodeld */; };
		168BC6C917EC2DF000BC4584 /* Images.xcassets in Resources */ = {isa = PBXBuildFile; fileRef = 168BC6C817EC2DF000BC4584 /* Images.xcassets */; };
		168C6ECE18B2104100E41D85 /* LICENSE in Resources */ = {isa = PBXBuildFile; fileRef = 168C6ECC18B2104100E41D85 /* LICENSE */; };
		168C6ECF18B2104100E41D85 /* README.md in Resources */ = {isa = PBXBuildFile; fileRef = 168C6ECD18B2104100E41D85 /* README.md */; };
		168FD00E1A2A7AD1005929CB /* MessageView.swift in Sources */ = {isa = PBXBuildFile; fileRef = 168FD00D1A2A7AD1005929CB /* MessageView.swift */; };
		168FD0121A2A8C28005929CB /* PopTimer.swift in Sources */ = {isa = PBXBuildFile; fileRef = 16A794F31A252BFA00A76553 /* PopTimer.swift */; };
		16928CA91A2A8E060030AE23 /* PRComment.swift in Sources */ = {isa = PBXBuildFile; fileRef = 16928CA81A2A8E060030AE23 /* PRComment.swift */; };
		16928CAA1A2A8E060030AE23 /* PRComment.swift in Sources */ = {isa = PBXBuildFile; fileRef = 16928CA81A2A8E060030AE23 /* PRComment.swift */; };
		16928CAC1A2B2DED0030AE23 /* DataItem.swift in Sources */ = {isa = PBXBuildFile; fileRef = 16928CAB1A2B2DED0030AE23 /* DataItem.swift */; };
		16928CAD1A2B2DED0030AE23 /* DataItem.swift in Sources */ = {isa = PBXBuildFile; fileRef = 16928CAB1A2B2DED0030AE23 /* DataItem.swift */; };
		16928CAF1A2B3AED0030AE23 /* PullRequest.swift in Sources */ = {isa = PBXBuildFile; fileRef = 16928CAE1A2B3AED0030AE23 /* PullRequest.swift */; };
		16928CB01A2B3AED0030AE23 /* PullRequest.swift in Sources */ = {isa = PBXBuildFile; fileRef = 16928CAE1A2B3AED0030AE23 /* PullRequest.swift */; };
		16928CB21A2B3AED0030AE23 /* PRLabel.swift in Sources */ = {isa = PBXBuildFile; fileRef = 16928CB11A2B3AED0030AE23 /* PRLabel.swift */; };
		16928CB31A2B3AED0030AE23 /* PRLabel.swift in Sources */ = {isa = PBXBuildFile; fileRef = 16928CB11A2B3AED0030AE23 /* PRLabel.swift */; };
		16928CB51A2B3AED0030AE23 /* PRStatus.swift in Sources */ = {isa = PBXBuildFile; fileRef = 16928CB41A2B3AED0030AE23 /* PRStatus.swift */; };
		16928CB61A2B3AED0030AE23 /* PRStatus.swift in Sources */ = {isa = PBXBuildFile; fileRef = 16928CB41A2B3AED0030AE23 /* PRStatus.swift */; };
		16928CB81A2B3AED0030AE23 /* Repo.swift in Sources */ = {isa = PBXBuildFile; fileRef = 16928CB71A2B3AED0030AE23 /* Repo.swift */; };
		16928CB91A2B3AED0030AE23 /* Repo.swift in Sources */ = {isa = PBXBuildFile; fileRef = 16928CB71A2B3AED0030AE23 /* Repo.swift */; };
		16928CBB1A2B3AED0030AE23 /* ApiServer.swift in Sources */ = {isa = PBXBuildFile; fileRef = 16928CBA1A2B3AED0030AE23 /* ApiServer.swift */; };
		16928CBC1A2B3AED0030AE23 /* ApiServer.swift in Sources */ = {isa = PBXBuildFile; fileRef = 16928CBA1A2B3AED0030AE23 /* ApiServer.swift */; };
		1694372619FD3F4D005079F6 /* ServersViewController.m in Sources */ = {isa = PBXBuildFile; fileRef = 1694372519FD3F4D005079F6 /* ServersViewController.m */; };
		1694372919FD4056005079F6 /* ServerDetailViewController.m in Sources */ = {isa = PBXBuildFile; fileRef = 1694372819FD4056005079F6 /* ServerDetailViewController.m */; };
		169CEB9C1879D5BB0083A068 /* AdvancedSettingsViewController.m in Sources */ = {isa = PBXBuildFile; fileRef = 169CEB9B1879D5BB0083A068 /* AdvancedSettingsViewController.m */; };
		16A794F41A252BFA00A76553 /* PopTimer.swift in Sources */ = {isa = PBXBuildFile; fileRef = 16A794F31A252BFA00A76553 /* PopTimer.swift */; };
		16B94072182D136700F32061 /* dsa_pub.pem in Resources */ = {isa = PBXBuildFile; fileRef = 16B94070182D136700F32061 /* dsa_pub.pem */; };
		16C54F941881639B00849B76 /* GithubViewController.m in Sources */ = {isa = PBXBuildFile; fileRef = 16C54F931881639B00849B76 /* GithubViewController.m */; };
		16CBE1C11A2DBB2700485053 /* DataManager.swift in Sources */ = {isa = PBXBuildFile; fileRef = 16CBE1C01A2DBB2700485053 /* DataManager.swift */; };
		16CBE1C21A2DBB2700485053 /* DataManager.swift in Sources */ = {isa = PBXBuildFile; fileRef = 16CBE1C01A2DBB2700485053 /* DataManager.swift */; };
		16EE562019B78DBA0031DF6D /* CommentBlacklistViewController.m in Sources */ = {isa = PBXBuildFile; fileRef = 16EE561F19B78DBA0031DF6D /* CommentBlacklistViewController.m */; };
		16FA683B1823CF4600401E9B /* PRItemView.m in Sources */ = {isa = PBXBuildFile; fileRef = 16FA683A1823CF4600401E9B /* PRItemView.m */; };
		16FD14D71881CBC400FDC960 /* PickerViewController.m in Sources */ = {isa = PBXBuildFile; fileRef = 16FD14D61881CBC400FDC960 /* PickerViewController.m */; };
		16FDD6DD18804470008D2223 /* PRCell.m in Sources */ = {isa = PBXBuildFile; fileRef = 16FDD6DC18804470008D2223 /* PRCell.m */; };
/* End PBXBuildFile section */

/* Begin PBXCopyFilesBuildPhase section */
		16B9406A182D076E00F32061 /* CopyFiles */ = {
			isa = PBXCopyFilesBuildPhase;
			buildActionMask = 2147483647;
			dstPath = "";
			dstSubfolderSpec = 10;
			files = (
				164CCC3B1A2CEA19007E4C01 /* Sparkle.framework in CopyFiles */,
			);
			runOnlyForDeploymentPostprocessing = 0;
		};
/* End PBXCopyFilesBuildPhase section */

/* Begin PBXFileReference section */
		1604D4CD189541D70064A385 /* EmptyView.h */ = {isa = PBXFileReference; fileEncoding = 4; lastKnownFileType = sourcecode.c.h; path = EmptyView.h; sourceTree = "<group>"; };
		1604D4CE189541D70064A385 /* EmptyView.m */ = {isa = PBXFileReference; fileEncoding = 4; lastKnownFileType = sourcecode.c.objc; path = EmptyView.m; sourceTree = "<group>"; };
		16075A9517EC7492000D86FD /* API.h */ = {isa = PBXFileReference; fileEncoding = 4; lastKnownFileType = sourcecode.c.h; name = API.h; path = Trailer/API.h; sourceTree = "<group>"; };
		16075A9617EC7492000D86FD /* API.m */ = {isa = PBXFileReference; fileEncoding = 4; lastKnownFileType = sourcecode.c.objc; lineEnding = 0; name = API.m; path = Trailer/API.m; sourceTree = "<group>"; xcLanguageSpecificationIdentifier = xcode.lang.objc; };
		16096DC518927C4C0016357A /* Trailer 6.xcdatamodel */ = {isa = PBXFileReference; lastKnownFileType = wrapper.xcdatamodel; path = "Trailer 6.xcdatamodel"; sourceTree = "<group>"; };
		160C5AD118682CD800142482 /* CommentCounts.h */ = {isa = PBXFileReference; fileEncoding = 4; lastKnownFileType = sourcecode.c.h; path = CommentCounts.h; sourceTree = "<group>"; };
		160C5AD218682CD800142482 /* CommentCounts.m */ = {isa = PBXFileReference; fileEncoding = 4; lastKnownFileType = sourcecode.c.objc; path = CommentCounts.m; sourceTree = "<group>"; };
		160E60321A0A28DF00742BA9 /* Trailer 18.xcdatamodel */ = {isa = PBXFileReference; lastKnownFileType = wrapper.xcdatamodel; path = "Trailer 18.xcdatamodel"; sourceTree = "<group>"; };
		16154E2E19C43E8E00E49139 /* Launch.storyboard */ = {isa = PBXFileReference; fileEncoding = 4; lastKnownFileType = file.storyboard; path = Launch.storyboard; sourceTree = "<group>"; };
		1617BEE8183F538100E89BB2 /* Reachability.h */ = {isa = PBXFileReference; fileEncoding = 4; lastKnownFileType = sourcecode.c.h; name = Reachability.h; path = Trailer/Reachability.h; sourceTree = "<group>"; };
		1617BEE9183F538100E89BB2 /* Reachability.m */ = {isa = PBXFileReference; fileEncoding = 4; lastKnownFileType = sourcecode.c.objc; name = Reachability.m; path = Trailer/Reachability.m; sourceTree = "<group>"; };
		1617BEEC183F543600E89BB2 /* SystemConfiguration.framework */ = {isa = PBXFileReference; lastKnownFileType = wrapper.framework; name = SystemConfiguration.framework; path = System/Library/Frameworks/SystemConfiguration.framework; sourceTree = SDKROOT; };
		1617BEEE183F9C4F00E89BB2 /* Trailer 2.xcdatamodel */ = {isa = PBXFileReference; lastKnownFileType = wrapper.xcdatamodel; path = "Trailer 2.xcdatamodel"; sourceTree = "<group>"; };
		161BED23185B5368005C00F7 /* StatusItemView.h */ = {isa = PBXFileReference; fileEncoding = 4; lastKnownFileType = sourcecode.c.h; path = StatusItemView.h; sourceTree = "<group>"; };
		161BED24185B5368005C00F7 /* StatusItemView.m */ = {isa = PBXFileReference; fileEncoding = 4; lastKnownFileType = sourcecode.c.objc; path = StatusItemView.m; sourceTree = "<group>"; };
		162002CF1A2A3E2100FF95F3 /* Application.swift */ = {isa = PBXFileReference; fileEncoding = 4; lastKnownFileType = sourcecode.swift; path = Application.swift; sourceTree = "<group>"; };
		162002D21A2A40B800FF95F3 /* OSX_Globals.h */ = {isa = PBXFileReference; lastKnownFileType = sourcecode.c.h; path = OSX_Globals.h; sourceTree = "<group>"; };
		162002D51A2A49A300FF95F3 /* ViewAllowsVibrancy.swift */ = {isa = PBXFileReference; fileEncoding = 4; lastKnownFileType = sourcecode.swift; path = ViewAllowsVibrancy.swift; sourceTree = "<group>"; };
		162002D91A2A4D9E00FF95F3 /* iOS_Globals.h */ = {isa = PBXFileReference; lastKnownFileType = sourcecode.c.h; path = iOS_Globals.h; sourceTree = "<group>"; };
		162002DA1A2A545C00FF95F3 /* CenterTextFieldCell.swift */ = {isa = PBXFileReference; fileEncoding = 4; lastKnownFileType = sourcecode.swift; path = CenterTextFieldCell.swift; sourceTree = "<group>"; };
		162002DC1A2A58B900FF95F3 /* CenterTextField.swift */ = {isa = PBXFileReference; fileEncoding = 4; lastKnownFileType = sourcecode.swift; path = CenterTextField.swift; sourceTree = "<group>"; };
		162002DE1A2A5C9200FF95F3 /* LinkField.swift */ = {isa = PBXFileReference; fileEncoding = 4; lastKnownFileType = sourcecode.swift; path = LinkField.swift; sourceTree = "<group>"; };
		162002E61A2A75BD00FF95F3 /* AvatarView.swift */ = {isa = PBXFileReference; fileEncoding = 4; lastKnownFileType = sourcecode.swift; path = AvatarView.swift; sourceTree = "<group>"; };
		1628A6B118789E73005EDA69 /* PocketTrailer.app */ = {isa = PBXFileReference; explicitFileType = wrapper.application; includeInIndex = 0; path = PocketTrailer.app; sourceTree = BUILT_PRODUCTS_DIR; };
		1628A6B218789E73005EDA69 /* Foundation.framework */ = {isa = PBXFileReference; lastKnownFileType = wrapper.framework; name = Foundation.framework; path = System/Library/Frameworks/Foundation.framework; sourceTree = SDKROOT; };
		1628A6B418789E73005EDA69 /* CoreGraphics.framework */ = {isa = PBXFileReference; lastKnownFileType = wrapper.framework; name = CoreGraphics.framework; path = System/Library/Frameworks/CoreGraphics.framework; sourceTree = SDKROOT; };
		1628A6BC18789E73005EDA69 /* PocketTrailer-Info.plist */ = {isa = PBXFileReference; lastKnownFileType = text.plist.xml; path = "PocketTrailer-Info.plist"; sourceTree = "<group>"; };
		1628A6BE18789E73005EDA69 /* en */ = {isa = PBXFileReference; lastKnownFileType = text.plist.strings; name = en; path = en.lproj/InfoPlist.strings; sourceTree = "<group>"; };
		1628A6C018789E73005EDA69 /* main.m */ = {isa = PBXFileReference; lastKnownFileType = sourcecode.c.objc; path = main.m; sourceTree = "<group>"; };
		1628A6C218789E73005EDA69 /* PocketTrailer-Prefix.pch */ = {isa = PBXFileReference; lastKnownFileType = sourcecode.c.h; path = "PocketTrailer-Prefix.pch"; sourceTree = "<group>"; };
		1628A6C318789E73005EDA69 /* iOS_AppDelegate.h */ = {isa = PBXFileReference; lastKnownFileType = sourcecode.c.h; path = iOS_AppDelegate.h; sourceTree = "<group>"; };
		1628A6C418789E73005EDA69 /* iOS_AppDelegate.m */ = {isa = PBXFileReference; lastKnownFileType = sourcecode.c.objc; path = iOS_AppDelegate.m; sourceTree = "<group>"; };
		1628A6CA18789E73005EDA69 /* Base */ = {isa = PBXFileReference; lastKnownFileType = file.storyboard; name = Base; path = Base.lproj/Main.storyboard; sourceTree = "<group>"; };
		1628A6CF18789E73005EDA69 /* MasterViewController.h */ = {isa = PBXFileReference; lastKnownFileType = sourcecode.c.h; path = MasterViewController.h; sourceTree = "<group>"; };
		1628A6D018789E73005EDA69 /* MasterViewController.m */ = {isa = PBXFileReference; lastKnownFileType = sourcecode.c.objc; path = MasterViewController.m; sourceTree = "<group>"; };
		1628A6D218789E73005EDA69 /* DetailViewController.h */ = {isa = PBXFileReference; lastKnownFileType = sourcecode.c.h; path = DetailViewController.h; sourceTree = "<group>"; };
		1628A6D318789E73005EDA69 /* DetailViewController.m */ = {isa = PBXFileReference; lastKnownFileType = sourcecode.c.objc; path = DetailViewController.m; sourceTree = "<group>"; };
		1628A6D518789E73005EDA69 /* Images.xcassets */ = {isa = PBXFileReference; lastKnownFileType = folder.assetcatalog; path = Images.xcassets; sourceTree = "<group>"; };
		1628A6FA1878B64E005EDA69 /* RespositoriesViewController.h */ = {isa = PBXFileReference; fileEncoding = 4; lastKnownFileType = sourcecode.c.h; path = RespositoriesViewController.h; sourceTree = "<group>"; };
		1628A6FB1878B64E005EDA69 /* RespositoriesViewController.m */ = {isa = PBXFileReference; fileEncoding = 4; lastKnownFileType = sourcecode.c.objc; path = RespositoriesViewController.m; sourceTree = "<group>"; };
		162D96F91913F0E7000A54EA /* Trailer 11.xcdatamodel */ = {isa = PBXFileReference; lastKnownFileType = wrapper.xcdatamodel; path = "Trailer 11.xcdatamodel"; sourceTree = "<group>"; };
		164047081882ED0000A4AC9C /* AboutTrailerViewController.h */ = {isa = PBXFileReference; fileEncoding = 4; lastKnownFileType = sourcecode.c.h; path = AboutTrailerViewController.h; sourceTree = "<group>"; };
		164047091882ED0000A4AC9C /* AboutTrailerViewController.m */ = {isa = PBXFileReference; fileEncoding = 4; lastKnownFileType = sourcecode.c.objc; path = AboutTrailerViewController.m; sourceTree = "<group>"; };
		16458E37191AC2D200FB13EC /* Trailer 12.xcdatamodel */ = {isa = PBXFileReference; lastKnownFileType = wrapper.xcdatamodel; path = "Trailer 12.xcdatamodel"; sourceTree = "<group>"; };
		164785A91A2CE7BD00297764 /* Globals.swift */ = {isa = PBXFileReference; fileEncoding = 4; lastKnownFileType = sourcecode.swift; name = Globals.swift; path = Shared/Globals.swift; sourceTree = "<group>"; };
		164785AC1A2CE7CD00297764 /* NSDictionaryExtensions.swift */ = {isa = PBXFileReference; fileEncoding = 4; lastKnownFileType = sourcecode.swift; name = NSDictionaryExtensions.swift; path = Shared/NSDictionaryExtensions.swift; sourceTree = "<group>"; };
		164785AD1A2CE7CD00297764 /* NSStringExtensions.swift */ = {isa = PBXFileReference; fileEncoding = 4; lastKnownFileType = sourcecode.swift; name = NSStringExtensions.swift; path = Shared/NSStringExtensions.swift; sourceTree = "<group>"; };
		164785B21A2CE7FB00297764 /* PocketTrailer-Bridging-Header.h */ = {isa = PBXFileReference; lastKnownFileType = sourcecode.c.h; path = "PocketTrailer-Bridging-Header.h"; sourceTree = "<group>"; };
		164785B31A2CE80800297764 /* Trailer-Bridging-Header.h */ = {isa = PBXFileReference; lastKnownFileType = sourcecode.c.h; path = "Trailer-Bridging-Header.h"; sourceTree = "<group>"; };
		164785B41A2CE82D00297764 /* Sparkle.framework */ = {isa = PBXFileReference; lastKnownFileType = wrapper.framework; name = Sparkle.framework; path = Trailer/Sparkle.framework; sourceTree = "<group>"; };
		164976221864935200C13A6B /* Trailer 3.xcdatamodel */ = {isa = PBXFileReference; lastKnownFileType = wrapper.xcdatamodel; path = "Trailer 3.xcdatamodel"; sourceTree = "<group>"; };
		16508CD819E1B53E0029ADFE /* Trailer 16.xcdatamodel */ = {isa = PBXFileReference; lastKnownFileType = wrapper.xcdatamodel; path = "Trailer 16.xcdatamodel"; sourceTree = "<group>"; };
		1653FD6F1966B2900080D972 /* Trailer 13.xcdatamodel */ = {isa = PBXFileReference; lastKnownFileType = wrapper.xcdatamodel; path = "Trailer 13.xcdatamodel"; sourceTree = "<group>"; };
		16583E461851F082003A7A55 /* SectionHeader.h */ = {isa = PBXFileReference; fileEncoding = 4; lastKnownFileType = sourcecode.c.h; path = SectionHeader.h; sourceTree = "<group>"; };
		16583E471851F082003A7A55 /* SectionHeader.m */ = {isa = PBXFileReference; fileEncoding = 4; lastKnownFileType = sourcecode.c.objc; path = SectionHeader.m; sourceTree = "<group>"; };
		165B5D2318A62FBE0085FCB3 /* Trailer 8.xcdatamodel */ = {isa = PBXFileReference; lastKnownFileType = wrapper.xcdatamodel; path = "Trailer 8.xcdatamodel"; sourceTree = "<group>"; };
		1661667C189BBDAB00FBF4E0 /* Trailer 7.xcdatamodel */ = {isa = PBXFileReference; lastKnownFileType = wrapper.xcdatamodel; path = "Trailer 7.xcdatamodel"; sourceTree = "<group>"; };
		1665B6641882F24400972111 /* UINavigationController+DismissKeyboard.h */ = {isa = PBXFileReference; fileEncoding = 4; lastKnownFileType = sourcecode.c.h; path = "UINavigationController+DismissKeyboard.h"; sourceTree = "<group>"; };
		1665B6651882F24400972111 /* UINavigationController+DismissKeyboard.m */ = {isa = PBXFileReference; fileEncoding = 4; lastKnownFileType = sourcecode.c.objc; path = "UINavigationController+DismissKeyboard.m"; sourceTree = "<group>"; };
		1665B66B1882F29E00972111 /* Settings.h */ = {isa = PBXFileReference; fileEncoding = 4; lastKnownFileType = sourcecode.c.h; name = Settings.h; path = Trailer/Settings.h; sourceTree = "<group>"; };
		1665B66C1882F29E00972111 /* Settings.m */ = {isa = PBXFileReference; fileEncoding = 4; lastKnownFileType = sourcecode.c.objc; name = Settings.m; path = Trailer/Settings.m; sourceTree = "<group>"; };
		166A19A719B99C48004D9057 /* OpenInSafariActivity.h */ = {isa = PBXFileReference; fileEncoding = 4; lastKnownFileType = sourcecode.c.h; path = OpenInSafariActivity.h; sourceTree = "<group>"; };
		166A19A819B99C48004D9057 /* OpenInSafariActivity.m */ = {isa = PBXFileReference; fileEncoding = 4; lastKnownFileType = sourcecode.c.objc; path = OpenInSafariActivity.m; sourceTree = "<group>"; };
		168A5C75185BBA2F00CB6B02 /* MenuWindow.h */ = {isa = PBXFileReference; fileEncoding = 4; lastKnownFileType = sourcecode.c.h; path = MenuWindow.h; sourceTree = "<group>"; };
		168A5C76185BBA2F00CB6B02 /* MenuWindow.m */ = {isa = PBXFileReference; fileEncoding = 4; lastKnownFileType = sourcecode.c.objc; path = MenuWindow.m; sourceTree = "<group>"; };
		168BC6AA17EC2DF000BC4584 /* Trailer.app */ = {isa = PBXFileReference; explicitFileType = wrapper.application; includeInIndex = 0; path = Trailer.app; sourceTree = BUILT_PRODUCTS_DIR; };
		168BC6AD17EC2DF000BC4584 /* Cocoa.framework */ = {isa = PBXFileReference; lastKnownFileType = wrapper.framework; name = Cocoa.framework; path = System/Library/Frameworks/Cocoa.framework; sourceTree = SDKROOT; };
		168BC6B017EC2DF000BC4584 /* AppKit.framework */ = {isa = PBXFileReference; lastKnownFileType = wrapper.framework; name = AppKit.framework; path = System/Library/Frameworks/AppKit.framework; sourceTree = SDKROOT; };
		168BC6B117EC2DF000BC4584 /* CoreData.framework */ = {isa = PBXFileReference; lastKnownFileType = wrapper.framework; name = CoreData.framework; path = System/Library/Frameworks/CoreData.framework; sourceTree = SDKROOT; };
		168BC6B217EC2DF000BC4584 /* Foundation.framework */ = {isa = PBXFileReference; lastKnownFileType = wrapper.framework; name = Foundation.framework; path = System/Library/Frameworks/Foundation.framework; sourceTree = SDKROOT; };
		168BC6B517EC2DF000BC4584 /* Trailer-Info.plist */ = {isa = PBXFileReference; lastKnownFileType = text.plist.xml; path = "Trailer-Info.plist"; sourceTree = "<group>"; };
		168BC6B717EC2DF000BC4584 /* en */ = {isa = PBXFileReference; lastKnownFileType = text.plist.strings; name = en; path = en.lproj/InfoPlist.strings; sourceTree = "<group>"; };
		168BC6B917EC2DF000BC4584 /* main.m */ = {isa = PBXFileReference; lastKnownFileType = sourcecode.c.objc; path = main.m; sourceTree = "<group>"; };
		168BC6BB17EC2DF000BC4584 /* Trailer-Prefix.pch */ = {isa = PBXFileReference; lastKnownFileType = sourcecode.c.h; path = "Trailer-Prefix.pch"; sourceTree = "<group>"; };
		168BC6BF17EC2DF000BC4584 /* OSX_AppDelegate.h */ = {isa = PBXFileReference; lastKnownFileType = sourcecode.c.h; path = OSX_AppDelegate.h; sourceTree = "<group>"; };
		168BC6C017EC2DF000BC4584 /* OSX_AppDelegate.m */ = {isa = PBXFileReference; lastKnownFileType = sourcecode.c.objc; lineEnding = 0; path = OSX_AppDelegate.m; sourceTree = "<group>"; xcLanguageSpecificationIdentifier = xcode.lang.objc; };
		168BC6C317EC2DF000BC4584 /* Base */ = {isa = PBXFileReference; lastKnownFileType = file.xib; name = Base; path = Base.lproj/MainMenu.xib; sourceTree = "<group>"; };
		168BC6C617EC2DF000BC4584 /* Trailer.xcdatamodel */ = {isa = PBXFileReference; lastKnownFileType = wrapper.xcdatamodel; path = Trailer.xcdatamodel; sourceTree = "<group>"; };
		168BC6C817EC2DF000BC4584 /* Images.xcassets */ = {isa = PBXFileReference; lastKnownFileType = folder.assetcatalog; path = Images.xcassets; sourceTree = "<group>"; };
		168C6ECC18B2104100E41D85 /* LICENSE */ = {isa = PBXFileReference; fileEncoding = 4; lastKnownFileType = text; path = LICENSE; sourceTree = "<group>"; };
		168C6ECD18B2104100E41D85 /* README.md */ = {isa = PBXFileReference; fileEncoding = 4; lastKnownFileType = text; path = README.md; sourceTree = "<group>"; };
		168DC6311A2CDB6C007D418F /* Trailer 19.xcdatamodel */ = {isa = PBXFileReference; lastKnownFileType = wrapper.xcdatamodel; path = "Trailer 19.xcdatamodel"; sourceTree = "<group>"; };
		168FD00D1A2A7AD1005929CB /* MessageView.swift */ = {isa = PBXFileReference; fileEncoding = 4; lastKnownFileType = sourcecode.swift; path = MessageView.swift; sourceTree = "<group>"; };
		16928CA81A2A8E060030AE23 /* PRComment.swift */ = {isa = PBXFileReference; fileEncoding = 4; lastKnownFileType = sourcecode.swift; path = PRComment.swift; sourceTree = "<group>"; };
		16928CAB1A2B2DED0030AE23 /* DataItem.swift */ = {isa = PBXFileReference; fileEncoding = 4; lastKnownFileType = sourcecode.swift; path = DataItem.swift; sourceTree = "<group>"; };
		16928CAE1A2B3AED0030AE23 /* PullRequest.swift */ = {isa = PBXFileReference; fileEncoding = 4; lastKnownFileType = sourcecode.swift; path = PullRequest.swift; sourceTree = "<group>"; };
		16928CB11A2B3AED0030AE23 /* PRLabel.swift */ = {isa = PBXFileReference; fileEncoding = 4; lastKnownFileType = sourcecode.swift; path = PRLabel.swift; sourceTree = "<group>"; };
		16928CB41A2B3AED0030AE23 /* PRStatus.swift */ = {isa = PBXFileReference; fileEncoding = 4; lastKnownFileType = sourcecode.swift; path = PRStatus.swift; sourceTree = "<group>"; };
		16928CB71A2B3AED0030AE23 /* Repo.swift */ = {isa = PBXFileReference; fileEncoding = 4; lastKnownFileType = sourcecode.swift; path = Repo.swift; sourceTree = "<group>"; };
		16928CBA1A2B3AED0030AE23 /* ApiServer.swift */ = {isa = PBXFileReference; fileEncoding = 4; lastKnownFileType = sourcecode.swift; path = ApiServer.swift; sourceTree = "<group>"; };
		1694372419FD3F4D005079F6 /* ServersViewController.h */ = {isa = PBXFileReference; fileEncoding = 4; lastKnownFileType = sourcecode.c.h; path = ServersViewController.h; sourceTree = "<group>"; };
		1694372519FD3F4D005079F6 /* ServersViewController.m */ = {isa = PBXFileReference; fileEncoding = 4; lastKnownFileType = sourcecode.c.objc; path = ServersViewController.m; sourceTree = "<group>"; };
		1694372719FD4056005079F6 /* ServerDetailViewController.h */ = {isa = PBXFileReference; fileEncoding = 4; lastKnownFileType = sourcecode.c.h; path = ServerDetailViewController.h; sourceTree = "<group>"; };
		1694372819FD4056005079F6 /* ServerDetailViewController.m */ = {isa = PBXFileReference; fileEncoding = 4; lastKnownFileType = sourcecode.c.objc; path = ServerDetailViewController.m; sourceTree = "<group>"; };
		169CEB99187988D00083A068 /* Trailer 4.xcdatamodel */ = {isa = PBXFileReference; lastKnownFileType = wrapper.xcdatamodel; path = "Trailer 4.xcdatamodel"; sourceTree = "<group>"; };
		169CEB9A1879D5BB0083A068 /* AdvancedSettingsViewController.h */ = {isa = PBXFileReference; fileEncoding = 4; lastKnownFileType = sourcecode.c.h; path = AdvancedSettingsViewController.h; sourceTree = "<group>"; };
		169CEB9B1879D5BB0083A068 /* AdvancedSettingsViewController.m */ = {isa = PBXFileReference; fileEncoding = 4; lastKnownFileType = sourcecode.c.objc; path = AdvancedSettingsViewController.m; sourceTree = "<group>"; };
		16A794F31A252BFA00A76553 /* PopTimer.swift */ = {isa = PBXFileReference; fileEncoding = 4; lastKnownFileType = sourcecode.swift; name = PopTimer.swift; path = Shared/PopTimer.swift; sourceTree = "<group>"; };
		16AD4E6D18896770001C17B7 /* Trailer 5.xcdatamodel */ = {isa = PBXFileReference; lastKnownFileType = wrapper.xcdatamodel; path = "Trailer 5.xcdatamodel"; sourceTree = "<group>"; };
		16B8A10218AE5E5300C6ECB4 /* Trailer 9.xcdatamodel */ = {isa = PBXFileReference; lastKnownFileType = wrapper.xcdatamodel; path = "Trailer 9.xcdatamodel"; sourceTree = "<group>"; };
		16B94070182D136700F32061 /* dsa_pub.pem */ = {isa = PBXFileReference; fileEncoding = 4; lastKnownFileType = text; path = dsa_pub.pem; sourceTree = "<group>"; };
		16C54F921881639B00849B76 /* GithubViewController.h */ = {isa = PBXFileReference; fileEncoding = 4; lastKnownFileType = sourcecode.c.h; path = GithubViewController.h; sourceTree = "<group>"; };
		16C54F931881639B00849B76 /* GithubViewController.m */ = {isa = PBXFileReference; fileEncoding = 4; lastKnownFileType = sourcecode.c.objc; path = GithubViewController.m; sourceTree = "<group>"; };
		16CBE1C01A2DBB2700485053 /* DataManager.swift */ = {isa = PBXFileReference; fileEncoding = 4; lastKnownFileType = sourcecode.swift; name = DataManager.swift; path = Shared/DataManager.swift; sourceTree = SOURCE_ROOT; };
		16CBE1C31A2DF61C00485053 /* GlobalsObjC.h */ = {isa = PBXFileReference; lastKnownFileType = sourcecode.c.h; name = GlobalsObjC.h; path = Shared/GlobalsObjC.h; sourceTree = "<group>"; };
		16D223EA19F2811F00B48E88 /* Trailer 17.xcdatamodel */ = {isa = PBXFileReference; lastKnownFileType = wrapper.xcdatamodel; path = "Trailer 17.xcdatamodel"; sourceTree = "<group>"; };
		16ECCFAF18B7AC5E000B012F /* Trailer 10.xcdatamodel */ = {isa = PBXFileReference; lastKnownFileType = wrapper.xcdatamodel; path = "Trailer 10.xcdatamodel"; sourceTree = "<group>"; };
		16EE561E19B78DBA0031DF6D /* CommentBlacklistViewController.h */ = {isa = PBXFileReference; fileEncoding = 4; lastKnownFileType = sourcecode.c.h; path = CommentBlacklistViewController.h; sourceTree = "<group>"; };
		16EE561F19B78DBA0031DF6D /* CommentBlacklistViewController.m */ = {isa = PBXFileReference; fileEncoding = 4; lastKnownFileType = sourcecode.c.objc; path = CommentBlacklistViewController.m; sourceTree = "<group>"; };
		16EE562119B857930031DF6D /* Trailer 14.xcdatamodel */ = {isa = PBXFileReference; lastKnownFileType = wrapper.xcdatamodel; path = "Trailer 14.xcdatamodel"; sourceTree = "<group>"; };
		16F2B33E19C070F2005CB433 /* Trailer 15.xcdatamodel */ = {isa = PBXFileReference; lastKnownFileType = wrapper.xcdatamodel; path = "Trailer 15.xcdatamodel"; sourceTree = "<group>"; };
		16F51FA019DE8C78007B0BB1 /* PRIVACY */ = {isa = PBXFileReference; lastKnownFileType = text; path = PRIVACY; sourceTree = "<group>"; };
		16FA68391823CF4600401E9B /* PRItemView.h */ = {isa = PBXFileReference; fileEncoding = 4; lastKnownFileType = sourcecode.c.h; path = PRItemView.h; sourceTree = "<group>"; };
		16FA683A1823CF4600401E9B /* PRItemView.m */ = {isa = PBXFileReference; fileEncoding = 4; lastKnownFileType = sourcecode.c.objc; lineEnding = 0; path = PRItemView.m; sourceTree = "<group>"; xcLanguageSpecificationIdentifier = xcode.lang.objc; };
		16FD14D51881CBC400FDC960 /* PickerViewController.h */ = {isa = PBXFileReference; fileEncoding = 4; lastKnownFileType = sourcecode.c.h; path = PickerViewController.h; sourceTree = "<group>"; };
		16FD14D61881CBC400FDC960 /* PickerViewController.m */ = {isa = PBXFileReference; fileEncoding = 4; lastKnownFileType = sourcecode.c.objc; path = PickerViewController.m; sourceTree = "<group>"; };
		16FDD6DB18804470008D2223 /* PRCell.h */ = {isa = PBXFileReference; fileEncoding = 4; lastKnownFileType = sourcecode.c.h; path = PRCell.h; sourceTree = "<group>"; };
		16FDD6DC18804470008D2223 /* PRCell.m */ = {isa = PBXFileReference; fileEncoding = 4; lastKnownFileType = sourcecode.c.objc; path = PRCell.m; sourceTree = "<group>"; };
/* End PBXFileReference section */

/* Begin PBXFrameworksBuildPhase section */
		1628A6AE18789E73005EDA69 /* Frameworks */ = {
			isa = PBXFrameworksBuildPhase;
			buildActionMask = 2147483647;
			files = (
				1628A6B318789E73005EDA69 /* Foundation.framework in Frameworks */,
				1628A6B518789E73005EDA69 /* CoreGraphics.framework in Frameworks */,
			);
			runOnlyForDeploymentPostprocessing = 0;
		};
		168BC6A717EC2DF000BC4584 /* Frameworks */ = {
			isa = PBXFrameworksBuildPhase;
			buildActionMask = 2147483647;
			files = (
				1665B6761882F43800972111 /* Foundation.framework in Frameworks */,
				164785B51A2CE82D00297764 /* Sparkle.framework in Frameworks */,
				1665B6751882F42500972111 /* CoreData.framework in Frameworks */,
				1617BEED183F543600E89BB2 /* SystemConfiguration.framework in Frameworks */,
				168BC6AE17EC2DF000BC4584 /* Cocoa.framework in Frameworks */,
			);
			runOnlyForDeploymentPostprocessing = 0;
		};
/* End PBXFrameworksBuildPhase section */

/* Begin PBXGroup section */
		162002CE1A2A3E0100FF95F3 /* Core */ = {
			isa = PBXGroup;
			children = (
				162002D21A2A40B800FF95F3 /* OSX_Globals.h */,
				168BC6BB17EC2DF000BC4584 /* Trailer-Prefix.pch */,
				164785B31A2CE80800297764 /* Trailer-Bridging-Header.h */,
				168BC6BF17EC2DF000BC4584 /* OSX_AppDelegate.h */,
				168BC6C017EC2DF000BC4584 /* OSX_AppDelegate.m */,
				162002CF1A2A3E2100FF95F3 /* Application.swift */,
			);
			name = Core;
			sourceTree = "<group>";
		};
		162002D11A2A409900FF95F3 /* Core */ = {
			isa = PBXGroup;
			children = (
				162002D91A2A4D9E00FF95F3 /* iOS_Globals.h */,
				1628A6C218789E73005EDA69 /* PocketTrailer-Prefix.pch */,
				164785B21A2CE7FB00297764 /* PocketTrailer-Bridging-Header.h */,
				1628A6C318789E73005EDA69 /* iOS_AppDelegate.h */,
				1628A6C418789E73005EDA69 /* iOS_AppDelegate.m */,
			);
			name = Core;
			sourceTree = "<group>";
		};
		1628A6BA18789E73005EDA69 /* iOS - PocketTrailer */ = {
			isa = PBXGroup;
			children = (
				162002D11A2A409900FF95F3 /* Core */,
				16B069721882EA530053620E /* Extensions */,
				16B069711882EA1D0053620E /* UI */,
				16FD14D11881C82400FDC960 /* Settings */,
				1628A6C918789E73005EDA69 /* Main.storyboard */,
				16154E2E19C43E8E00E49139 /* Launch.storyboard */,
				1628A6D518789E73005EDA69 /* Images.xcassets */,
				1628A6BB18789E73005EDA69 /* Supporting Files */,
			);
			name = "iOS - PocketTrailer";
			path = MobileTrailer;
			sourceTree = "<group>";
		};
		1628A6BB18789E73005EDA69 /* Supporting Files */ = {
			isa = PBXGroup;
			children = (
				1628A6BC18789E73005EDA69 /* PocketTrailer-Info.plist */,
				1628A6BD18789E73005EDA69 /* InfoPlist.strings */,
				1628A6C018789E73005EDA69 /* main.m */,
			);
			name = "Supporting Files";
			sourceTree = "<group>";
		};
		1628A6F218789EA3005EDA69 /* Shared */ = {
			isa = PBXGroup;
			children = (
				168C6ECC18B2104100E41D85 /* LICENSE */,
				16F51FA019DE8C78007B0BB1 /* PRIVACY */,
				168C6ECD18B2104100E41D85 /* README.md */,
				1628A6F518789F85005EDA69 /* Logic */,
				16B9552E17EC86D10005118F /* Data */,
			);
			name = Shared;
			sourceTree = "<group>";
		};
		1628A6F518789F85005EDA69 /* Logic */ = {
			isa = PBXGroup;
			children = (
				16CBE1C31A2DF61C00485053 /* GlobalsObjC.h */,
				164785A91A2CE7BD00297764 /* Globals.swift */,
				16A794F31A252BFA00A76553 /* PopTimer.swift */,
				164785AC1A2CE7CD00297764 /* NSDictionaryExtensions.swift */,
				164785AD1A2CE7CD00297764 /* NSStringExtensions.swift */,
				16075A9517EC7492000D86FD /* API.h */,
				16075A9617EC7492000D86FD /* API.m */,
				1617BEE8183F538100E89BB2 /* Reachability.h */,
				1617BEE9183F538100E89BB2 /* Reachability.m */,
				1665B66B1882F29E00972111 /* Settings.h */,
				1665B66C1882F29E00972111 /* Settings.m */,
			);
			name = Logic;
			sourceTree = "<group>";
		};
		16583E411851E5C6003A7A55 /* MenuItems */ = {
			isa = PBXGroup;
			children = (
				160C5AD118682CD800142482 /* CommentCounts.h */,
				160C5AD218682CD800142482 /* CommentCounts.m */,
				16FA68391823CF4600401E9B /* PRItemView.h */,
				16FA683A1823CF4600401E9B /* PRItemView.m */,
				16583E461851F082003A7A55 /* SectionHeader.h */,
				16583E471851F082003A7A55 /* SectionHeader.m */,
				168FD00D1A2A7AD1005929CB /* MessageView.swift */,
			);
			name = MenuItems;
			sourceTree = "<group>";
		};
		168A5C74185BB9D900CB6B02 /* Display */ = {
			isa = PBXGroup;
			children = (
				168A5C75185BBA2F00CB6B02 /* MenuWindow.h */,
				168A5C76185BBA2F00CB6B02 /* MenuWindow.m */,
				161BED23185B5368005C00F7 /* StatusItemView.h */,
				161BED24185B5368005C00F7 /* StatusItemView.m */,
				162002D51A2A49A300FF95F3 /* ViewAllowsVibrancy.swift */,
				162002DA1A2A545C00FF95F3 /* CenterTextFieldCell.swift */,
				162002DC1A2A58B900FF95F3 /* CenterTextField.swift */,
				162002DE1A2A5C9200FF95F3 /* LinkField.swift */,
				162002E61A2A75BD00FF95F3 /* AvatarView.swift */,
			);
			name = Display;
			sourceTree = "<group>";
		};
		168BC6A117EC2DF000BC4584 = {
			isa = PBXGroup;
			children = (
				1628A6F218789EA3005EDA69 /* Shared */,
				1628A6BA18789E73005EDA69 /* iOS - PocketTrailer */,
				168BC6B317EC2DF000BC4584 /* OSX - Trailer */,
				168BC6AC17EC2DF000BC4584 /* Frameworks */,
				168BC6AB17EC2DF000BC4584 /* Products */,
			);
			sourceTree = "<group>";
		};
		168BC6AB17EC2DF000BC4584 /* Products */ = {
			isa = PBXGroup;
			children = (
				168BC6AA17EC2DF000BC4584 /* Trailer.app */,
				1628A6B118789E73005EDA69 /* PocketTrailer.app */,
			);
			name = Products;
			sourceTree = "<group>";
		};
		168BC6AC17EC2DF000BC4584 /* Frameworks */ = {
			isa = PBXGroup;
			children = (
				164785B41A2CE82D00297764 /* Sparkle.framework */,
				1628A6B218789E73005EDA69 /* Foundation.framework */,
				1617BEEC183F543600E89BB2 /* SystemConfiguration.framework */,
				168BC6B017EC2DF000BC4584 /* AppKit.framework */,
				168BC6B117EC2DF000BC4584 /* CoreData.framework */,
				168BC6B217EC2DF000BC4584 /* Foundation.framework */,
				168BC6AD17EC2DF000BC4584 /* Cocoa.framework */,
				1628A6B418789E73005EDA69 /* CoreGraphics.framework */,
			);
			name = Frameworks;
			sourceTree = "<group>";
		};
		168BC6B317EC2DF000BC4584 /* OSX - Trailer */ = {
			isa = PBXGroup;
			children = (
				162002CE1A2A3E0100FF95F3 /* Core */,
				168A5C74185BB9D900CB6B02 /* Display */,
				16583E411851E5C6003A7A55 /* MenuItems */,
				168BC6C217EC2DF000BC4584 /* MainMenu.xib */,
				168BC6C817EC2DF000BC4584 /* Images.xcassets */,
				168BC6B417EC2DF000BC4584 /* Supporting Files */,
			);
			name = "OSX - Trailer";
			path = Trailer;
			sourceTree = "<group>";
		};
		168BC6B417EC2DF000BC4584 /* Supporting Files */ = {
			isa = PBXGroup;
			children = (
				16B94070182D136700F32061 /* dsa_pub.pem */,
				168BC6B517EC2DF000BC4584 /* Trailer-Info.plist */,
				168BC6B617EC2DF000BC4584 /* InfoPlist.strings */,
				168BC6B917EC2DF000BC4584 /* main.m */,
			);
			name = "Supporting Files";
			sourceTree = "<group>";
		};
		16B069711882EA1D0053620E /* UI */ = {
			isa = PBXGroup;
			children = (
				1628A6D218789E73005EDA69 /* DetailViewController.h */,
				1628A6D318789E73005EDA69 /* DetailViewController.m */,
				1628A6CF18789E73005EDA69 /* MasterViewController.h */,
				1628A6D018789E73005EDA69 /* MasterViewController.m */,
				16FDD6DB18804470008D2223 /* PRCell.h */,
				16FDD6DC18804470008D2223 /* PRCell.m */,
				1604D4CD189541D70064A385 /* EmptyView.h */,
				1604D4CE189541D70064A385 /* EmptyView.m */,
			);
			name = UI;
			sourceTree = "<group>";
		};
		16B069721882EA530053620E /* Extensions */ = {
			isa = PBXGroup;
			children = (
				1665B6641882F24400972111 /* UINavigationController+DismissKeyboard.h */,
				1665B6651882F24400972111 /* UINavigationController+DismissKeyboard.m */,
				166A19A719B99C48004D9057 /* OpenInSafariActivity.h */,
				166A19A819B99C48004D9057 /* OpenInSafariActivity.m */,
			);
			name = Extensions;
			sourceTree = "<group>";
		};
		16B9552E17EC86D10005118F /* Data */ = {
			isa = PBXGroup;
			children = (
				168BC6C517EC2DF000BC4584 /* Trailer.xcdatamodeld */,
				16CBE1C01A2DBB2700485053 /* DataManager.swift */,
				16EE562219B857C90031DF6D /* Models */,
			);
			name = Data;
			path = Trailer;
			sourceTree = "<group>";
		};
		16EE562219B857C90031DF6D /* Models */ = {
			isa = PBXGroup;
			children = (
				16928CAB1A2B2DED0030AE23 /* DataItem.swift */,
				16928CA81A2A8E060030AE23 /* PRComment.swift */,
				16928CBA1A2B3AED0030AE23 /* ApiServer.swift */,
				16928CB71A2B3AED0030AE23 /* Repo.swift */,
				16928CB41A2B3AED0030AE23 /* PRStatus.swift */,
				16928CB11A2B3AED0030AE23 /* PRLabel.swift */,
				16928CAE1A2B3AED0030AE23 /* PullRequest.swift */,
			);
			name = Models;
			sourceTree = "<group>";
		};
		16FD14D11881C82400FDC960 /* Settings */ = {
			isa = PBXGroup;
			children = (
				169CEB9A1879D5BB0083A068 /* AdvancedSettingsViewController.h */,
				169CEB9B1879D5BB0083A068 /* AdvancedSettingsViewController.m */,
				1628A6FA1878B64E005EDA69 /* RespositoriesViewController.h */,
				1628A6FB1878B64E005EDA69 /* RespositoriesViewController.m */,
				16C54F921881639B00849B76 /* GithubViewController.h */,
				16C54F931881639B00849B76 /* GithubViewController.m */,
				16FD14D51881CBC400FDC960 /* PickerViewController.h */,
				16FD14D61881CBC400FDC960 /* PickerViewController.m */,
				164047081882ED0000A4AC9C /* AboutTrailerViewController.h */,
				164047091882ED0000A4AC9C /* AboutTrailerViewController.m */,
				16EE561E19B78DBA0031DF6D /* CommentBlacklistViewController.h */,
				16EE561F19B78DBA0031DF6D /* CommentBlacklistViewController.m */,
				1694372419FD3F4D005079F6 /* ServersViewController.h */,
				1694372519FD3F4D005079F6 /* ServersViewController.m */,
				1694372719FD4056005079F6 /* ServerDetailViewController.h */,
				1694372819FD4056005079F6 /* ServerDetailViewController.m */,
			);
			name = Settings;
			sourceTree = "<group>";
		};
/* End PBXGroup section */

/* Begin PBXNativeTarget section */
		1628A6B018789E73005EDA69 /* PocketTrailer */ = {
			isa = PBXNativeTarget;
			buildConfigurationList = 1628A6EE18789E74005EDA69 /* Build configuration list for PBXNativeTarget "PocketTrailer" */;
			buildPhases = (
				1628A6AD18789E73005EDA69 /* Sources */,
				1628A6AE18789E73005EDA69 /* Frameworks */,
				1628A6AF18789E73005EDA69 /* Resources */,
			);
			buildRules = (
			);
			dependencies = (
			);
			name = PocketTrailer;
			productName = MobileTrailer;
			productReference = 1628A6B118789E73005EDA69 /* PocketTrailer.app */;
			productType = "com.apple.product-type.application";
		};
		168BC6A917EC2DF000BC4584 /* Trailer */ = {
			isa = PBXNativeTarget;
			buildConfigurationList = 168BC6DE17EC2DF000BC4584 /* Build configuration list for PBXNativeTarget "Trailer" */;
			buildPhases = (
				168BC6A617EC2DF000BC4584 /* Sources */,
				168BC6A717EC2DF000BC4584 /* Frameworks */,
				168BC6A817EC2DF000BC4584 /* Resources */,
				16B9406A182D076E00F32061 /* CopyFiles */,
			);
			buildRules = (
			);
			dependencies = (
			);
			name = Trailer;
			productName = Trailer;
			productReference = 168BC6AA17EC2DF000BC4584 /* Trailer.app */;
			productType = "com.apple.product-type.application";
		};
/* End PBXNativeTarget section */

/* Begin PBXProject section */
		168BC6A217EC2DF000BC4584 /* Project object */ = {
			isa = PBXProject;
			attributes = {
				LastUpgradeCheck = 0600;
				ORGANIZATIONNAME = HouseTrip;
				TargetAttributes = {
					1628A6B018789E73005EDA69 = {
						DevelopmentTeam = X727JSJUGJ;
						SystemCapabilities = {
							com.apple.BackgroundModes = {
								enabled = 1;
							};
						};
					};
					168BC6A917EC2DF000BC4584 = {
						DevelopmentTeam = 47UMK8NJEK;
					};
				};
			};
			buildConfigurationList = 168BC6A517EC2DF000BC4584 /* Build configuration list for PBXProject "Trailer" */;
			compatibilityVersion = "Xcode 3.2";
			developmentRegion = English;
			hasScannedForEncodings = 0;
			knownRegions = (
				en,
				Base,
			);
			mainGroup = 168BC6A117EC2DF000BC4584;
			productRefGroup = 168BC6AB17EC2DF000BC4584 /* Products */;
			projectDirPath = "";
			projectRoot = "";
			targets = (
				168BC6A917EC2DF000BC4584 /* Trailer */,
				1628A6B018789E73005EDA69 /* PocketTrailer */,
			);
		};
/* End PBXProject section */

/* Begin PBXResourcesBuildPhase section */
		1628A6AF18789E73005EDA69 /* Resources */ = {
			isa = PBXResourcesBuildPhase;
			buildActionMask = 2147483647;
			files = (
				1628A6CB18789E73005EDA69 /* Main.storyboard in Resources */,
				1628A6D618789E73005EDA69 /* Images.xcassets in Resources */,
				1628A6BF18789E73005EDA69 /* InfoPlist.strings in Resources */,
				16154E2F19C43E8E00E49139 /* Launch.storyboard in Resources */,
			);
			runOnlyForDeploymentPostprocessing = 0;
		};
		168BC6A817EC2DF000BC4584 /* Resources */ = {
			isa = PBXResourcesBuildPhase;
			buildActionMask = 2147483647;
			files = (
				168C6ECF18B2104100E41D85 /* README.md in Resources */,
				168BC6B817EC2DF000BC4584 /* InfoPlist.strings in Resources */,
				16B94072182D136700F32061 /* dsa_pub.pem in Resources */,
				168BC6C917EC2DF000BC4584 /* Images.xcassets in Resources */,
				168BC6C417EC2DF000BC4584 /* MainMenu.xib in Resources */,
				168C6ECE18B2104100E41D85 /* LICENSE in Resources */,
			);
			runOnlyForDeploymentPostprocessing = 0;
		};
/* End PBXResourcesBuildPhase section */

/* Begin PBXSourcesBuildPhase section */
		1628A6AD18789E73005EDA69 /* Sources */ = {
			isa = PBXSourcesBuildPhase;
			buildActionMask = 2147483647;
			files = (
				1665B6661882F24400972111 /* UINavigationController+DismissKeyboard.m in Sources */,
				1665B66E1882F29E00972111 /* Settings.m in Sources */,
				169CEB9C1879D5BB0083A068 /* AdvancedSettingsViewController.m in Sources */,
				1628A6D418789E73005EDA69 /* DetailViewController.m in Sources */,
				164785AB1A2CE7BD00297764 /* Globals.swift in Sources */,
				164785B11A2CE7CD00297764 /* NSStringExtensions.swift in Sources */,
				16928CB91A2B3AED0030AE23 /* Repo.swift in Sources */,
				1628A6D118789E73005EDA69 /* MasterViewController.m in Sources */,
				1694372619FD3F4D005079F6 /* ServersViewController.m in Sources */,
				164785AF1A2CE7CD00297764 /* NSDictionaryExtensions.swift in Sources */,
				1628A7081878BC32005EDA69 /* Reachability.m in Sources */,
				1628A7001878B810005EDA69 /* API.m in Sources */,
				1628A6C518789E73005EDA69 /* iOS_AppDelegate.m in Sources */,
				16928CB61A2B3AED0030AE23 /* PRStatus.swift in Sources */,
				16928CB31A2B3AED0030AE23 /* PRLabel.swift in Sources */,
				16EE562019B78DBA0031DF6D /* CommentBlacklistViewController.m in Sources */,
				1640470A1882ED0000A4AC9C /* AboutTrailerViewController.m in Sources */,
				1628A6FC1878B64E005EDA69 /* RespositoriesViewController.m in Sources */,
				16928CAD1A2B2DED0030AE23 /* DataItem.swift in Sources */,
				16CBE1C21A2DBB2700485053 /* DataManager.swift in Sources */,
				16928CB01A2B3AED0030AE23 /* PullRequest.swift in Sources */,
				1694372919FD4056005079F6 /* ServerDetailViewController.m in Sources */,
				16C54F941881639B00849B76 /* GithubViewController.m in Sources */,
				1628A7071878BC23005EDA69 /* Trailer.xcdatamodeld in Sources */,
				1604D4CF189541D70064A385 /* EmptyView.m in Sources */,
				166A19AA19B99C4C004D9057 /* OpenInSafariActivity.m in Sources */,
				16FDD6DD18804470008D2223 /* PRCell.m in Sources */,
				168FD0121A2A8C28005929CB /* PopTimer.swift in Sources */,
				1628A6C118789E73005EDA69 /* main.m in Sources */,
				16FD14D71881CBC400FDC960 /* PickerViewController.m in Sources */,
				16928CAA1A2A8E060030AE23 /* PRComment.swift in Sources */,
				16928CBC1A2B3AED0030AE23 /* ApiServer.swift in Sources */,
			);
			runOnlyForDeploymentPostprocessing = 0;
		};
		168BC6A617EC2DF000BC4584 /* Sources */ = {
			isa = PBXSourcesBuildPhase;
			buildActionMask = 2147483647;
			files = (
				16928CB81A2B3AED0030AE23 /* Repo.swift in Sources */,
				1617BEEA183F538100E89BB2 /* Reachability.m in Sources */,
				1665B66D1882F29E00972111 /* Settings.m in Sources */,
				160C5AD318682CD800142482 /* CommentCounts.m in Sources */,
				16FA683B1823CF4600401E9B /* PRItemView.m in Sources */,
				168A5C77185BBA2F00CB6B02 /* MenuWindow.m in Sources */,
				162002D61A2A49A300FF95F3 /* ViewAllowsVibrancy.swift in Sources */,
				162002DF1A2A5C9200FF95F3 /* LinkField.swift in Sources */,
				16928CAC1A2B2DED0030AE23 /* DataItem.swift in Sources */,
				16928CA91A2A8E060030AE23 /* PRComment.swift in Sources */,
				168BC6C117EC2DF000BC4584 /* OSX_AppDelegate.m in Sources */,
				162002DD1A2A58B900FF95F3 /* CenterTextField.swift in Sources */,
				164785B01A2CE7CD00297764 /* NSStringExtensions.swift in Sources */,
				162002E71A2A75BD00FF95F3 /* AvatarView.swift in Sources */,
				16928CB51A2B3AED0030AE23 /* PRStatus.swift in Sources */,
				162002DB1A2A545C00FF95F3 /* CenterTextFieldCell.swift in Sources */,
				16583E481851F082003A7A55 /* SectionHeader.m in Sources */,
				16CBE1C11A2DBB2700485053 /* DataManager.swift in Sources */,
				162002D01A2A3E2100FF95F3 /* Application.swift in Sources */,
				16928CAF1A2B3AED0030AE23 /* PullRequest.swift in Sources */,
				168BC6BA17EC2DF000BC4584 /* main.m in Sources */,
				16075A9717EC7492000D86FD /* API.m in Sources */,
				16928CBB1A2B3AED0030AE23 /* ApiServer.swift in Sources */,
				161BED25185B5368005C00F7 /* StatusItemView.m in Sources */,
				168FD00E1A2A7AD1005929CB /* MessageView.swift in Sources */,
				164785AA1A2CE7BD00297764 /* Globals.swift in Sources */,
				16A794F41A252BFA00A76553 /* PopTimer.swift in Sources */,
				168BC6C717EC2DF000BC4584 /* Trailer.xcdatamodeld in Sources */,
				16928CB21A2B3AED0030AE23 /* PRLabel.swift in Sources */,
				164785AE1A2CE7CD00297764 /* NSDictionaryExtensions.swift in Sources */,
			);
			runOnlyForDeploymentPostprocessing = 0;
		};
/* End PBXSourcesBuildPhase section */

/* Begin PBXVariantGroup section */
		1628A6BD18789E73005EDA69 /* InfoPlist.strings */ = {
			isa = PBXVariantGroup;
			children = (
				1628A6BE18789E73005EDA69 /* en */,
			);
			name = InfoPlist.strings;
			sourceTree = "<group>";
		};
		1628A6C918789E73005EDA69 /* Main.storyboard */ = {
			isa = PBXVariantGroup;
			children = (
				1628A6CA18789E73005EDA69 /* Base */,
			);
			name = Main.storyboard;
			sourceTree = "<group>";
		};
		168BC6B617EC2DF000BC4584 /* InfoPlist.strings */ = {
			isa = PBXVariantGroup;
			children = (
				168BC6B717EC2DF000BC4584 /* en */,
			);
			name = InfoPlist.strings;
			sourceTree = "<group>";
		};
		168BC6C217EC2DF000BC4584 /* MainMenu.xib */ = {
			isa = PBXVariantGroup;
			children = (
				168BC6C317EC2DF000BC4584 /* Base */,
			);
			name = MainMenu.xib;
			sourceTree = "<group>";
		};
/* End PBXVariantGroup section */

/* Begin XCBuildConfiguration section */
		1628A6EA18789E74005EDA69 /* Debug */ = {
			isa = XCBuildConfiguration;
			buildSettings = {
				ASSETCATALOG_COMPILER_APPICON_NAME = AppIcon;
				CLANG_ENABLE_MODULES = YES;
				CODE_SIGN_IDENTITY = "iPhone Developer";
				COMPRESS_PNG_FILES = NO;
				FRAMEWORK_SEARCH_PATHS = (
					"$(inherited)",
					"$(DEVELOPER_FRAMEWORKS_DIR)",
				);
				GCC_PRECOMPILE_PREFIX_HEADER = YES;
				GCC_PREFIX_HEADER = "MobileTrailer/PocketTrailer-Prefix.pch";
				INFOPLIST_FILE = "MobileTrailer/PocketTrailer-Info.plist";
				IPHONEOS_DEPLOYMENT_TARGET = 8.0;
				LD_RUNPATH_SEARCH_PATHS = "$(inherited) @executable_path/Frameworks";
				PRODUCT_NAME = "$(TARGET_NAME)";
				PROVISIONING_PROFILE = "";
				SDKROOT = iphoneos;
				SWIFT_OBJC_BRIDGING_HEADER = "MobileTrailer/PocketTrailer-Bridging-Header.h";
				SWIFT_OPTIMIZATION_LEVEL = "-Onone";
				TARGETED_DEVICE_FAMILY = "1,2";
				WRAPPER_EXTENSION = app;
			};
			name = Debug;
		};
		1628A6EB18789E74005EDA69 /* Release */ = {
			isa = XCBuildConfiguration;
			buildSettings = {
				ASSETCATALOG_COMPILER_APPICON_NAME = AppIcon;
				CLANG_ENABLE_MODULES = YES;
				CODE_SIGN_IDENTITY = "iPhone Distribution: PAVLOS TSOHANTARIS (X727JSJUGJ)";
				COMPRESS_PNG_FILES = NO;
				FRAMEWORK_SEARCH_PATHS = (
					"$(inherited)",
					"$(DEVELOPER_FRAMEWORKS_DIR)",
				);
				GCC_PRECOMPILE_PREFIX_HEADER = YES;
				GCC_PREFIX_HEADER = "MobileTrailer/PocketTrailer-Prefix.pch";
				INFOPLIST_FILE = "MobileTrailer/PocketTrailer-Info.plist";
				IPHONEOS_DEPLOYMENT_TARGET = 8.0;
				LD_RUNPATH_SEARCH_PATHS = "$(inherited) @executable_path/Frameworks";
				PRODUCT_NAME = "$(TARGET_NAME)";
				PROVISIONING_PROFILE = "8f4c3fa9-1a0d-4555-8a8a-c027cec25618";
				SDKROOT = iphoneos;
				SWIFT_OBJC_BRIDGING_HEADER = "MobileTrailer/PocketTrailer-Bridging-Header.h";
				TARGETED_DEVICE_FAMILY = "1,2";
				VALIDATE_PRODUCT = YES;
				WRAPPER_EXTENSION = app;
			};
			name = Release;
		};
		168BC6DC17EC2DF000BC4584 /* Debug */ = {
			isa = XCBuildConfiguration;
			buildSettings = {
				ALWAYS_SEARCH_USER_PATHS = NO;
				CLANG_ENABLE_MODULES = YES;
				CLANG_ENABLE_OBJC_ARC = YES;
				CLANG_WARN_BOOL_CONVERSION = YES;
				CLANG_WARN_CONSTANT_CONVERSION = YES;
				CLANG_WARN_DIRECT_OBJC_ISA_USAGE = YES_ERROR;
				CLANG_WARN_EMPTY_BODY = YES;
				CLANG_WARN_ENUM_CONVERSION = YES;
				CLANG_WARN_INT_CONVERSION = YES;
				CLANG_WARN_OBJC_ROOT_CLASS = YES_ERROR;
				CLANG_WARN__DUPLICATE_METHOD_MATCH = YES;
				COPY_PHASE_STRIP = NO;
				GCC_DYNAMIC_NO_PIC = NO;
				GCC_OPTIMIZATION_LEVEL = 0;
				GCC_PREPROCESSOR_DEFINITIONS = (
					"DEBUG=1",
					"$(inherited)",
				);
				GCC_SYMBOLS_PRIVATE_EXTERN = NO;
				GCC_WARN_64_TO_32_BIT_CONVERSION = YES;
				GCC_WARN_ABOUT_RETURN_TYPE = YES_ERROR;
				GCC_WARN_UNDECLARED_SELECTOR = YES;
				GCC_WARN_UNINITIALIZED_AUTOS = YES;
				GCC_WARN_UNUSED_FUNCTION = YES;
				GCC_WARN_UNUSED_VARIABLE = YES;
				IPHONEOS_DEPLOYMENT_TARGET = 8.0;
				MACOSX_DEPLOYMENT_TARGET = 10.8;
				ONLY_ACTIVE_ARCH = YES;
				OTHER_SWIFT_FLAGS = "-D DEBUG";
				SDKROOT = macosx;
			};
			name = Debug;
		};
		168BC6DD17EC2DF000BC4584 /* Release */ = {
			isa = XCBuildConfiguration;
			buildSettings = {
				ALWAYS_SEARCH_USER_PATHS = NO;
				CLANG_ENABLE_MODULES = YES;
				CLANG_ENABLE_OBJC_ARC = YES;
				CLANG_WARN_BOOL_CONVERSION = YES;
				CLANG_WARN_CONSTANT_CONVERSION = YES;
				CLANG_WARN_DIRECT_OBJC_ISA_USAGE = YES_ERROR;
				CLANG_WARN_EMPTY_BODY = YES;
				CLANG_WARN_ENUM_CONVERSION = YES;
				CLANG_WARN_INT_CONVERSION = YES;
				CLANG_WARN_OBJC_ROOT_CLASS = YES_ERROR;
				CLANG_WARN__DUPLICATE_METHOD_MATCH = YES;
				COPY_PHASE_STRIP = YES;
				DEBUG_INFORMATION_FORMAT = "dwarf-with-dsym";
				ENABLE_NS_ASSERTIONS = NO;
				GCC_OPTIMIZATION_LEVEL = fast;
				GCC_WARN_64_TO_32_BIT_CONVERSION = YES;
				GCC_WARN_ABOUT_RETURN_TYPE = YES_ERROR;
				GCC_WARN_UNDECLARED_SELECTOR = YES;
				GCC_WARN_UNINITIALIZED_AUTOS = YES;
				GCC_WARN_UNUSED_FUNCTION = YES;
				GCC_WARN_UNUSED_VARIABLE = YES;
				IPHONEOS_DEPLOYMENT_TARGET = 8.0;
				LLVM_LTO = YES;
				MACOSX_DEPLOYMENT_TARGET = 10.8;
				SDKROOT = macosx;
			};
			name = Release;
		};
		168BC6DF17EC2DF000BC4584 /* Debug */ = {
			isa = XCBuildConfiguration;
			buildSettings = {
				ASSETCATALOG_COMPILER_APPICON_NAME = AppIcon;
				CLANG_ENABLE_MODULES = YES;
				COMBINE_HIDPI_IMAGES = YES;
				FRAMEWORK_SEARCH_PATHS = (
					"$(inherited)",
					"$(PROJECT_DIR)",
					"$(PROJECT_DIR)/Trailer",
				);
				GCC_PRECOMPILE_PREFIX_HEADER = YES;
				GCC_PREFIX_HEADER = "Trailer/Trailer-Prefix.pch";
				INFOPLIST_FILE = "Trailer/Trailer-Info.plist";
				LD_RUNPATH_SEARCH_PATHS = "$(inherited) @executable_path/../Frameworks";
				MACOSX_DEPLOYMENT_TARGET = 10.9;
				PRODUCT_NAME = "$(TARGET_NAME)";
				SWIFT_OBJC_BRIDGING_HEADER = "Trailer/Trailer-Bridging-Header.h";
				SWIFT_OPTIMIZATION_LEVEL = "-Onone";
				WRAPPER_EXTENSION = app;
			};
			name = Debug;
		};
		168BC6E017EC2DF000BC4584 /* Release */ = {
			isa = XCBuildConfiguration;
			buildSettings = {
				ASSETCATALOG_COMPILER_APPICON_NAME = AppIcon;
				CLANG_ENABLE_MODULES = YES;
				COMBINE_HIDPI_IMAGES = YES;
				FRAMEWORK_SEARCH_PATHS = (
					"$(inherited)",
					"$(PROJECT_DIR)",
					"$(PROJECT_DIR)/Trailer",
				);
				GCC_PRECOMPILE_PREFIX_HEADER = YES;
				GCC_PREFIX_HEADER = "Trailer/Trailer-Prefix.pch";
				INFOPLIST_FILE = "Trailer/Trailer-Info.plist";
				LD_RUNPATH_SEARCH_PATHS = "$(inherited) @executable_path/../Frameworks";
				MACOSX_DEPLOYMENT_TARGET = 10.9;
				PRODUCT_NAME = "$(TARGET_NAME)";
				SWIFT_OBJC_BRIDGING_HEADER = "Trailer/Trailer-Bridging-Header.h";
				WRAPPER_EXTENSION = app;
			};
			name = Release;
		};
/* End XCBuildConfiguration section */

/* Begin XCConfigurationList section */
		1628A6EE18789E74005EDA69 /* Build configuration list for PBXNativeTarget "PocketTrailer" */ = {
			isa = XCConfigurationList;
			buildConfigurations = (
				1628A6EA18789E74005EDA69 /* Debug */,
				1628A6EB18789E74005EDA69 /* Release */,
			);
			defaultConfigurationIsVisible = 0;
			defaultConfigurationName = Release;
		};
		168BC6A517EC2DF000BC4584 /* Build configuration list for PBXProject "Trailer" */ = {
			isa = XCConfigurationList;
			buildConfigurations = (
				168BC6DC17EC2DF000BC4584 /* Debug */,
				168BC6DD17EC2DF000BC4584 /* Release */,
			);
			defaultConfigurationIsVisible = 0;
			defaultConfigurationName = Release;
		};
		168BC6DE17EC2DF000BC4584 /* Build configuration list for PBXNativeTarget "Trailer" */ = {
			isa = XCConfigurationList;
			buildConfigurations = (
				168BC6DF17EC2DF000BC4584 /* Debug */,
				168BC6E017EC2DF000BC4584 /* Release */,
			);
			defaultConfigurationIsVisible = 0;
			defaultConfigurationName = Release;
		};
/* End XCConfigurationList section */

/* Begin XCVersionGroup section */
		168BC6C517EC2DF000BC4584 /* Trailer.xcdatamodeld */ = {
			isa = XCVersionGroup;
			children = (
				16508CD819E1B53E0029ADFE /* Trailer 16.xcdatamodel */,
				16D223EA19F2811F00B48E88 /* Trailer 17.xcdatamodel */,
				160E60321A0A28DF00742BA9 /* Trailer 18.xcdatamodel */,
				168DC6311A2CDB6C007D418F /* Trailer 19.xcdatamodel */,
				16F2B33E19C070F2005CB433 /* Trailer 15.xcdatamodel */,
				16EE562119B857930031DF6D /* Trailer 14.xcdatamodel */,
				1653FD6F1966B2900080D972 /* Trailer 13.xcdatamodel */,
				16458E37191AC2D200FB13EC /* Trailer 12.xcdatamodel */,
				162D96F91913F0E7000A54EA /* Trailer 11.xcdatamodel */,
				16ECCFAF18B7AC5E000B012F /* Trailer 10.xcdatamodel */,
				16B8A10218AE5E5300C6ECB4 /* Trailer 9.xcdatamodel */,
				1661667C189BBDAB00FBF4E0 /* Trailer 7.xcdatamodel */,
				165B5D2318A62FBE0085FCB3 /* Trailer 8.xcdatamodel */,
				16096DC518927C4C0016357A /* Trailer 6.xcdatamodel */,
				164976221864935200C13A6B /* Trailer 3.xcdatamodel */,
				169CEB99187988D00083A068 /* Trailer 4.xcdatamodel */,
				16AD4E6D18896770001C17B7 /* Trailer 5.xcdatamodel */,
				1617BEEE183F9C4F00E89BB2 /* Trailer 2.xcdatamodel */,
				168BC6C617EC2DF000BC4584 /* Trailer.xcdatamodel */,
			);
			currentVersion = 168DC6311A2CDB6C007D418F /* Trailer 19.xcdatamodel */;
			path = Trailer.xcdatamodeld;
			sourceTree = "<group>";
			versionGroupType = wrapper.xcdatamodel;
		};
/* End XCVersionGroup section */
	};
	rootObject = 168BC6A217EC2DF000BC4584 /* Project object */;
}
